
Microsoft Visual Studio Solution File, Format Version 12.00
# Visual Studio 15
VisualStudioVersion = 15.0.26124.0
MinimumVisualStudioVersion = 15.0.26124.0
Project("{2150E333-8FDC-42A3-9474-1A3956D46DE8}") = "RawRabbit", "RawRabbit", "{9DF184FD-F817-444C-9642-C95223594F14}"
EndProject
Project("{2150E333-8FDC-42A3-9474-1A3956D46DE8}") = "Command", "Command", "{A25C5320-9220-49D6-BED6-8EF598215E90}"
EndProject
Project("{FAE04EC0-301F-11D3-BF4B-00C04F79EFBC}") = "Messages", "RawRabbit\Command\RPC\Messages\Messages.csproj", "{A1E8B811-7D5A-43D5-ADFE-ECFF8761322F}"
EndProject
Project("{FAE04EC0-301F-11D3-BF4B-00C04F79EFBC}") = "Sender", "RawRabbit\Command\RPC\Sender\Sender.csproj", "{3EB9607E-2AC3-41B0-97E2-17BC190D8CA0}"
EndProject
Project("{FAE04EC0-301F-11D3-BF4B-00C04F79EFBC}") = "Receiver", "RawRabbit\Command\RPC\Receiver\Receiver.csproj", "{1A0C033F-FB7B-47F2-AFDD-63429B52D2FC}"
EndProject
Project("{2150E333-8FDC-42A3-9474-1A3956D46DE8}") = "Event", "Event", "{B4C36468-9EFE-4193-BB40-D3FC19104222}"
EndProject
Project("{FAE04EC0-301F-11D3-BF4B-00C04F79EFBC}") = "Messages", "RawRabbit\Event\Messages\Messages.csproj", "{6CF17EB2-21BD-4B9D-B21F-B0369A6F6702}"
EndProject
Project("{FAE04EC0-301F-11D3-BF4B-00C04F79EFBC}") = "Sender", "RawRabbit\Event\Sender\Sender.csproj", "{B15B8FFE-5388-4731-9126-44BA4E0C5B9E}"
EndProject
Project("{FAE04EC0-301F-11D3-BF4B-00C04F79EFBC}") = "Receiver-1", "RawRabbit\Event\Receiver-1\Receiver-1.csproj", "{ED31BB93-748C-4268-8EC6-7496B3D1C3D5}"
EndProject
Project("{FAE04EC0-301F-11D3-BF4B-00C04F79EFBC}") = "Receiver-2", "RawRabbit\Event\Receiver-2\Receiver-2.csproj", "{6A580778-1581-48D8-B043-930119EDB03B}"
EndProject
Project("{2150E333-8FDC-42A3-9474-1A3956D46DE8}") = "RPC", "RPC", "{393D50AE-C703-44B0-8298-486E353B746F}"
EndProject
Project("{2150E333-8FDC-42A3-9474-1A3956D46DE8}") = "PublishSubscribe", "PublishSubscribe", "{E3C624EA-F454-4732-86D3-29C02E484F89}"
EndProject
Project("{FAE04EC0-301F-11D3-BF4B-00C04F79EFBC}") = "Messages", "RawRabbit\Command\PublishSubscribe\Messages\Messages.csproj", "{7D96B909-B99A-4097-8919-B6887C0AAE5D}"
EndProject
Project("{FAE04EC0-301F-11D3-BF4B-00C04F79EFBC}") = "Sender", "RawRabbit\Command\PublishSubscribe\Sender\Sender.csproj", "{AF61A0F6-AD7B-40A3-9A5C-7A8943F431D1}"
EndProject
Project("{FAE04EC0-301F-11D3-BF4B-00C04F79EFBC}") = "Receiver", "RawRabbit\Command\PublishSubscribe\Receiver\Receiver.csproj", "{231EDBE4-0B4C-478D-9107-A38A83D24C34}"
EndProject
Project("{2150E333-8FDC-42A3-9474-1A3956D46DE8}") = "ActorModel", "ActorModel", "{21787409-6E37-4562-9679-FE354938D1E4}"
EndProject
Project("{FAE04EC0-301F-11D3-BF4B-00C04F79EFBC}") = "ActorDialogue", "ActorModel\ActorDialogue\ActorDialogue.csproj", "{F8D8990E-E832-4A5E-9572-5BCF3F22DB05}"
EndProject
Project("{FAE04EC0-301F-11D3-BF4B-00C04F79EFBC}") = "ActorTypes", "ActorModel\ActorTypes\ActorTypes.csproj", "{21801BE1-B8E7-4F3C-A0AF-60D4D75D6DAA}"
EndProject
Project("{FAE04EC0-301F-11D3-BF4B-00C04F79EFBC}") = "ActorRouters", "ActorModel\routers\ActorRouters\ActorRouters.csproj", "{8AB8753C-885F-4DDC-BA2C-CAC1FF13C99D}"
EndProject
Project("{2150E333-8FDC-42A3-9474-1A3956D46DE8}") = "Router", "Router", "{2555B06A-8548-43BC-AE68-DE18A023D369}"
EndProject
Project("{FAE04EC0-301F-11D3-BF4B-00C04F79EFBC}") = "ActorRouters.HOCON", "ActorModel\routers\ActorRoutersHOCON\ActorRouters.HOCON.csproj", "{2F6A2584-B187-420C-B314-A6756E1EE4AC}"
EndProject
Project("{2150E333-8FDC-42A3-9474-1A3956D46DE8}") = "Remote", "Remote", "{24FA5375-6B56-4D85-A909-1AB20E6DB56F}"
EndProject
Project("{FAE04EC0-301F-11D3-BF4B-00C04F79EFBC}") = "RemoteActor.Common", "ActorModel\remote\RemoteActor.Common\RemoteActor.Common.csproj", "{2764A22B-04A7-41B8-AE51-DD6B3E179E77}"
EndProject
Project("{FAE04EC0-301F-11D3-BF4B-00C04F79EFBC}") = "RemoteActor.Local", "ActorModel\remote\RemoteActor.Local\RemoteActor.Local.csproj", "{430506AA-7427-4036-9CE6-A70FA6C1C094}"
EndProject
Project("{FAE04EC0-301F-11D3-BF4B-00C04F79EFBC}") = "RemoteActor.Remote", "ActorModel\remote\RemoteActor.Remote\RemoteActor.Remote.csproj", "{521BC838-E4D0-4081-AC51-77A284E72A4D}"
EndProject
Project("{2150E333-8FDC-42A3-9474-1A3956D46DE8}") = "PipeTo", "PipeTo", "{4D6DBA0B-1D8C-41DD-8857-6A038ED186FE}"
EndProject
Project("{FAE04EC0-301F-11D3-BF4B-00C04F79EFBC}") = "ActorPipeTo_1", "ActorModel\pipeto\ActorPipeTo_1\ActorPipeTo_1.csproj", "{25BAC296-A1F0-44D5-8CD6-5D63A5B2B5D8}"
EndProject
Project("{FAE04EC0-301F-11D3-BF4B-00C04F79EFBC}") = "ActorPipeTo_2", "ActorModel\pipeto\ActorPipeTo_2\ActorPipeTo_2.csproj", "{4749A045-4F61-4AFE-8052-8A9B35AE5707}"
EndProject
Project("{FAE04EC0-301F-11D3-BF4B-00C04F79EFBC}") = "ActorPipeTo_3", "ActorModel\pipeto\ActorPipeTo_3\ActorPipeTo_3.csproj", "{9408D03B-8962-460A-A3F0-EFFC8E980375}"
EndProject
Project("{FAE04EC0-301F-11D3-BF4B-00C04F79EFBC}") = "ActorScheduler", "ActorModel\ActorScheduler\ActorScheduler.csproj", "{C58F3C52-1D56-4575-9F12-D7167EBD14FD}"
EndProject
Project("{FAE04EC0-301F-11D3-BF4B-00C04F79EFBC}") = "ActorStashing", "ActorModel\ActorStashing\ActorStashing.csproj", "{72309CC2-1941-43BC-AF2D-99D4E3B73469}"
EndProject
Project("{FAE04EC0-301F-11D3-BF4B-00C04F79EFBC}") = "ActorStopping", "ActorModel\ActorStopping\ActorStopping.csproj", "{AAFE16E4-4FCE-4DB4-A63F-433287FD563A}"
EndProject
Project("{FAE04EC0-301F-11D3-BF4B-00C04F79EFBC}") = "ActorSupervisorStrategy", "ActorModel\SupervisorStrategy\ActorSupervisorStrategy.csproj", "{C86B81E7-D065-46C3-BCB7-13EC90E5E402}"
EndProject
Project("{2150E333-8FDC-42A3-9474-1A3956D46DE8}") = "SwitchableBehaviors", "SwitchableBehaviors", "{7018AF25-A269-4F14-8B57-8F2CC0064254}"
EndProject
Project("{FAE04EC0-301F-11D3-BF4B-00C04F79EFBC}") = "ActorBecome", "ActorModel\switchable-behaviors\ActorBecome\ActorBecome.csproj", "{69F63369-BCF1-481D-96A8-2A6CC4BFB275}"
EndProject
Project("{FAE04EC0-301F-11D3-BF4B-00C04F79EFBC}") = "ActorStacked", "ActorModel\switchable-behaviors\ActorStacked\ActorStacked.csproj", "{2159688F-7FC5-41A7-98E7-8FE83FDC1B7D}"
EndProject
Project("{2150E333-8FDC-42A3-9474-1A3956D46DE8}") = "Persistence", "Persistence", "{8A6CBA33-12E9-45EE-997D-F4338A0DFEC8}"
EndProject
Project("{FAE04EC0-301F-11D3-BF4B-00C04F79EFBC}") = "ActorPersistence", "ActorModel\persistence\ActorPersistence\ActorPersistence.csproj", "{D4232F45-0C01-40C6-BC09-67E2A34BF4FD}"
EndProject
Project("{FAE04EC0-301F-11D3-BF4B-00C04F79EFBC}") = "ActorPersistenceSnapshot", "ActorModel\persistence\ActorPersistenceSnapshot\ActorPersistenceSnapshot.csproj", "{A95E72D7-C17B-4800-88AF-FB7FB335310D}"
EndProject
Project("{FAE04EC0-301F-11D3-BF4B-00C04F79EFBC}") = "ActorPersistenceCommandEvent", "ActorModel\persistence\ActorPersistenceCommandEvent\ActorPersistenceCommandEvent.csproj", "{251A1F4E-81A9-49D0-BC46-E6CDB95C1890}"
EndProject
Project("{2150E333-8FDC-42A3-9474-1A3956D46DE8}") = "Cluster", "Cluster", "{A9023BA0-6B97-4A78-AB76-E3B4F83CFB3A}"
EndProject
Project("{FAE04EC0-301F-11D3-BF4B-00C04F79EFBC}") = "SeedNode", "ActorModel\cluster\SeedNode\SeedNode.csproj", "{BC78164D-07C4-4C29-ABAF-557E201F0587}"
EndProject
Project("{FAE04EC0-301F-11D3-BF4B-00C04F79EFBC}") = "NonSeedNode", "ActorModel\cluster\NonSeedNode\NonSeedNode.csproj", "{D8441CA1-E71F-4AAB-8F73-CF08BBF914B7}"
EndProject
Project("{FAE04EC0-301F-11D3-BF4B-00C04F79EFBC}") = "Lighthouse.NetCoreApp", "ActorModel\cluster\Lighthouse.NetCoreApp\Lighthouse.NetCoreApp.csproj", "{7BDB3E91-31C5-428D-A28C-0533FB086FD4}"
EndProject
Global
	GlobalSection(SolutionConfigurationPlatforms) = preSolution
		Debug|Any CPU = Debug|Any CPU
		Debug|x64 = Debug|x64
		Debug|x86 = Debug|x86
		Release|Any CPU = Release|Any CPU
		Release|x64 = Release|x64
		Release|x86 = Release|x86
	EndGlobalSection
	GlobalSection(SolutionProperties) = preSolution
		HideSolutionNode = FALSE
	EndGlobalSection
	GlobalSection(ProjectConfigurationPlatforms) = postSolution
		{A1E8B811-7D5A-43D5-ADFE-ECFF8761322F}.Debug|Any CPU.ActiveCfg = Debug|Any CPU
		{A1E8B811-7D5A-43D5-ADFE-ECFF8761322F}.Debug|Any CPU.Build.0 = Debug|Any CPU
		{A1E8B811-7D5A-43D5-ADFE-ECFF8761322F}.Debug|x64.ActiveCfg = Debug|x64
		{A1E8B811-7D5A-43D5-ADFE-ECFF8761322F}.Debug|x64.Build.0 = Debug|x64
		{A1E8B811-7D5A-43D5-ADFE-ECFF8761322F}.Debug|x86.ActiveCfg = Debug|x86
		{A1E8B811-7D5A-43D5-ADFE-ECFF8761322F}.Debug|x86.Build.0 = Debug|x86
		{A1E8B811-7D5A-43D5-ADFE-ECFF8761322F}.Release|Any CPU.ActiveCfg = Release|Any CPU
		{A1E8B811-7D5A-43D5-ADFE-ECFF8761322F}.Release|Any CPU.Build.0 = Release|Any CPU
		{A1E8B811-7D5A-43D5-ADFE-ECFF8761322F}.Release|x64.ActiveCfg = Release|x64
		{A1E8B811-7D5A-43D5-ADFE-ECFF8761322F}.Release|x64.Build.0 = Release|x64
		{A1E8B811-7D5A-43D5-ADFE-ECFF8761322F}.Release|x86.ActiveCfg = Release|x86
		{A1E8B811-7D5A-43D5-ADFE-ECFF8761322F}.Release|x86.Build.0 = Release|x86
		{3EB9607E-2AC3-41B0-97E2-17BC190D8CA0}.Debug|Any CPU.ActiveCfg = Debug|Any CPU
		{3EB9607E-2AC3-41B0-97E2-17BC190D8CA0}.Debug|Any CPU.Build.0 = Debug|Any CPU
		{3EB9607E-2AC3-41B0-97E2-17BC190D8CA0}.Debug|x64.ActiveCfg = Debug|x64
		{3EB9607E-2AC3-41B0-97E2-17BC190D8CA0}.Debug|x64.Build.0 = Debug|x64
		{3EB9607E-2AC3-41B0-97E2-17BC190D8CA0}.Debug|x86.ActiveCfg = Debug|x86
		{3EB9607E-2AC3-41B0-97E2-17BC190D8CA0}.Debug|x86.Build.0 = Debug|x86
		{3EB9607E-2AC3-41B0-97E2-17BC190D8CA0}.Release|Any CPU.ActiveCfg = Release|Any CPU
		{3EB9607E-2AC3-41B0-97E2-17BC190D8CA0}.Release|Any CPU.Build.0 = Release|Any CPU
		{3EB9607E-2AC3-41B0-97E2-17BC190D8CA0}.Release|x64.ActiveCfg = Release|x64
		{3EB9607E-2AC3-41B0-97E2-17BC190D8CA0}.Release|x64.Build.0 = Release|x64
		{3EB9607E-2AC3-41B0-97E2-17BC190D8CA0}.Release|x86.ActiveCfg = Release|x86
		{3EB9607E-2AC3-41B0-97E2-17BC190D8CA0}.Release|x86.Build.0 = Release|x86
		{1A0C033F-FB7B-47F2-AFDD-63429B52D2FC}.Debug|Any CPU.ActiveCfg = Debug|Any CPU
		{1A0C033F-FB7B-47F2-AFDD-63429B52D2FC}.Debug|Any CPU.Build.0 = Debug|Any CPU
		{1A0C033F-FB7B-47F2-AFDD-63429B52D2FC}.Debug|x64.ActiveCfg = Debug|x64
		{1A0C033F-FB7B-47F2-AFDD-63429B52D2FC}.Debug|x64.Build.0 = Debug|x64
		{1A0C033F-FB7B-47F2-AFDD-63429B52D2FC}.Debug|x86.ActiveCfg = Debug|x86
		{1A0C033F-FB7B-47F2-AFDD-63429B52D2FC}.Debug|x86.Build.0 = Debug|x86
		{1A0C033F-FB7B-47F2-AFDD-63429B52D2FC}.Release|Any CPU.ActiveCfg = Release|Any CPU
		{1A0C033F-FB7B-47F2-AFDD-63429B52D2FC}.Release|Any CPU.Build.0 = Release|Any CPU
		{1A0C033F-FB7B-47F2-AFDD-63429B52D2FC}.Release|x64.ActiveCfg = Release|x64
		{1A0C033F-FB7B-47F2-AFDD-63429B52D2FC}.Release|x64.Build.0 = Release|x64
		{1A0C033F-FB7B-47F2-AFDD-63429B52D2FC}.Release|x86.ActiveCfg = Release|x86
		{1A0C033F-FB7B-47F2-AFDD-63429B52D2FC}.Release|x86.Build.0 = Release|x86
		{6CF17EB2-21BD-4B9D-B21F-B0369A6F6702}.Debug|Any CPU.ActiveCfg = Debug|Any CPU
		{6CF17EB2-21BD-4B9D-B21F-B0369A6F6702}.Debug|Any CPU.Build.0 = Debug|Any CPU
		{6CF17EB2-21BD-4B9D-B21F-B0369A6F6702}.Debug|x64.ActiveCfg = Debug|x64
		{6CF17EB2-21BD-4B9D-B21F-B0369A6F6702}.Debug|x64.Build.0 = Debug|x64
		{6CF17EB2-21BD-4B9D-B21F-B0369A6F6702}.Debug|x86.ActiveCfg = Debug|x86
		{6CF17EB2-21BD-4B9D-B21F-B0369A6F6702}.Debug|x86.Build.0 = Debug|x86
		{6CF17EB2-21BD-4B9D-B21F-B0369A6F6702}.Release|Any CPU.ActiveCfg = Release|Any CPU
		{6CF17EB2-21BD-4B9D-B21F-B0369A6F6702}.Release|Any CPU.Build.0 = Release|Any CPU
		{6CF17EB2-21BD-4B9D-B21F-B0369A6F6702}.Release|x64.ActiveCfg = Release|x64
		{6CF17EB2-21BD-4B9D-B21F-B0369A6F6702}.Release|x64.Build.0 = Release|x64
		{6CF17EB2-21BD-4B9D-B21F-B0369A6F6702}.Release|x86.ActiveCfg = Release|x86
		{6CF17EB2-21BD-4B9D-B21F-B0369A6F6702}.Release|x86.Build.0 = Release|x86
		{B15B8FFE-5388-4731-9126-44BA4E0C5B9E}.Debug|Any CPU.ActiveCfg = Debug|Any CPU
		{B15B8FFE-5388-4731-9126-44BA4E0C5B9E}.Debug|Any CPU.Build.0 = Debug|Any CPU
		{B15B8FFE-5388-4731-9126-44BA4E0C5B9E}.Debug|x64.ActiveCfg = Debug|x64
		{B15B8FFE-5388-4731-9126-44BA4E0C5B9E}.Debug|x64.Build.0 = Debug|x64
		{B15B8FFE-5388-4731-9126-44BA4E0C5B9E}.Debug|x86.ActiveCfg = Debug|x86
		{B15B8FFE-5388-4731-9126-44BA4E0C5B9E}.Debug|x86.Build.0 = Debug|x86
		{B15B8FFE-5388-4731-9126-44BA4E0C5B9E}.Release|Any CPU.ActiveCfg = Release|Any CPU
		{B15B8FFE-5388-4731-9126-44BA4E0C5B9E}.Release|Any CPU.Build.0 = Release|Any CPU
		{B15B8FFE-5388-4731-9126-44BA4E0C5B9E}.Release|x64.ActiveCfg = Release|x64
		{B15B8FFE-5388-4731-9126-44BA4E0C5B9E}.Release|x64.Build.0 = Release|x64
		{B15B8FFE-5388-4731-9126-44BA4E0C5B9E}.Release|x86.ActiveCfg = Release|x86
		{B15B8FFE-5388-4731-9126-44BA4E0C5B9E}.Release|x86.Build.0 = Release|x86
		{ED31BB93-748C-4268-8EC6-7496B3D1C3D5}.Debug|Any CPU.ActiveCfg = Debug|Any CPU
		{ED31BB93-748C-4268-8EC6-7496B3D1C3D5}.Debug|Any CPU.Build.0 = Debug|Any CPU
		{ED31BB93-748C-4268-8EC6-7496B3D1C3D5}.Debug|x64.ActiveCfg = Debug|x64
		{ED31BB93-748C-4268-8EC6-7496B3D1C3D5}.Debug|x64.Build.0 = Debug|x64
		{ED31BB93-748C-4268-8EC6-7496B3D1C3D5}.Debug|x86.ActiveCfg = Debug|x86
		{ED31BB93-748C-4268-8EC6-7496B3D1C3D5}.Debug|x86.Build.0 = Debug|x86
		{ED31BB93-748C-4268-8EC6-7496B3D1C3D5}.Release|Any CPU.ActiveCfg = Release|Any CPU
		{ED31BB93-748C-4268-8EC6-7496B3D1C3D5}.Release|Any CPU.Build.0 = Release|Any CPU
		{ED31BB93-748C-4268-8EC6-7496B3D1C3D5}.Release|x64.ActiveCfg = Release|x64
		{ED31BB93-748C-4268-8EC6-7496B3D1C3D5}.Release|x64.Build.0 = Release|x64
		{ED31BB93-748C-4268-8EC6-7496B3D1C3D5}.Release|x86.ActiveCfg = Release|x86
		{ED31BB93-748C-4268-8EC6-7496B3D1C3D5}.Release|x86.Build.0 = Release|x86
		{6A580778-1581-48D8-B043-930119EDB03B}.Debug|Any CPU.ActiveCfg = Debug|Any CPU
		{6A580778-1581-48D8-B043-930119EDB03B}.Debug|Any CPU.Build.0 = Debug|Any CPU
		{6A580778-1581-48D8-B043-930119EDB03B}.Debug|x64.ActiveCfg = Debug|x64
		{6A580778-1581-48D8-B043-930119EDB03B}.Debug|x64.Build.0 = Debug|x64
		{6A580778-1581-48D8-B043-930119EDB03B}.Debug|x86.ActiveCfg = Debug|x86
		{6A580778-1581-48D8-B043-930119EDB03B}.Debug|x86.Build.0 = Debug|x86
		{6A580778-1581-48D8-B043-930119EDB03B}.Release|Any CPU.ActiveCfg = Release|Any CPU
		{6A580778-1581-48D8-B043-930119EDB03B}.Release|Any CPU.Build.0 = Release|Any CPU
		{6A580778-1581-48D8-B043-930119EDB03B}.Release|x64.ActiveCfg = Release|x64
		{6A580778-1581-48D8-B043-930119EDB03B}.Release|x64.Build.0 = Release|x64
		{6A580778-1581-48D8-B043-930119EDB03B}.Release|x86.ActiveCfg = Release|x86
		{6A580778-1581-48D8-B043-930119EDB03B}.Release|x86.Build.0 = Release|x86
		{7D96B909-B99A-4097-8919-B6887C0AAE5D}.Debug|Any CPU.ActiveCfg = Debug|Any CPU
		{7D96B909-B99A-4097-8919-B6887C0AAE5D}.Debug|Any CPU.Build.0 = Debug|Any CPU
		{7D96B909-B99A-4097-8919-B6887C0AAE5D}.Debug|x64.ActiveCfg = Debug|x64
		{7D96B909-B99A-4097-8919-B6887C0AAE5D}.Debug|x64.Build.0 = Debug|x64
		{7D96B909-B99A-4097-8919-B6887C0AAE5D}.Debug|x86.ActiveCfg = Debug|x86
		{7D96B909-B99A-4097-8919-B6887C0AAE5D}.Debug|x86.Build.0 = Debug|x86
		{7D96B909-B99A-4097-8919-B6887C0AAE5D}.Release|Any CPU.ActiveCfg = Release|Any CPU
		{7D96B909-B99A-4097-8919-B6887C0AAE5D}.Release|Any CPU.Build.0 = Release|Any CPU
		{7D96B909-B99A-4097-8919-B6887C0AAE5D}.Release|x64.ActiveCfg = Release|x64
		{7D96B909-B99A-4097-8919-B6887C0AAE5D}.Release|x64.Build.0 = Release|x64
		{7D96B909-B99A-4097-8919-B6887C0AAE5D}.Release|x86.ActiveCfg = Release|x86
		{7D96B909-B99A-4097-8919-B6887C0AAE5D}.Release|x86.Build.0 = Release|x86
		{AF61A0F6-AD7B-40A3-9A5C-7A8943F431D1}.Debug|Any CPU.ActiveCfg = Debug|Any CPU
		{AF61A0F6-AD7B-40A3-9A5C-7A8943F431D1}.Debug|Any CPU.Build.0 = Debug|Any CPU
		{AF61A0F6-AD7B-40A3-9A5C-7A8943F431D1}.Debug|x64.ActiveCfg = Debug|x64
		{AF61A0F6-AD7B-40A3-9A5C-7A8943F431D1}.Debug|x64.Build.0 = Debug|x64
		{AF61A0F6-AD7B-40A3-9A5C-7A8943F431D1}.Debug|x86.ActiveCfg = Debug|x86
		{AF61A0F6-AD7B-40A3-9A5C-7A8943F431D1}.Debug|x86.Build.0 = Debug|x86
		{AF61A0F6-AD7B-40A3-9A5C-7A8943F431D1}.Release|Any CPU.ActiveCfg = Release|Any CPU
		{AF61A0F6-AD7B-40A3-9A5C-7A8943F431D1}.Release|Any CPU.Build.0 = Release|Any CPU
		{AF61A0F6-AD7B-40A3-9A5C-7A8943F431D1}.Release|x64.ActiveCfg = Release|x64
		{AF61A0F6-AD7B-40A3-9A5C-7A8943F431D1}.Release|x64.Build.0 = Release|x64
		{AF61A0F6-AD7B-40A3-9A5C-7A8943F431D1}.Release|x86.ActiveCfg = Release|x86
		{AF61A0F6-AD7B-40A3-9A5C-7A8943F431D1}.Release|x86.Build.0 = Release|x86
		{231EDBE4-0B4C-478D-9107-A38A83D24C34}.Debug|Any CPU.ActiveCfg = Debug|Any CPU
		{231EDBE4-0B4C-478D-9107-A38A83D24C34}.Debug|Any CPU.Build.0 = Debug|Any CPU
		{231EDBE4-0B4C-478D-9107-A38A83D24C34}.Debug|x64.ActiveCfg = Debug|x64
		{231EDBE4-0B4C-478D-9107-A38A83D24C34}.Debug|x64.Build.0 = Debug|x64
		{231EDBE4-0B4C-478D-9107-A38A83D24C34}.Debug|x86.ActiveCfg = Debug|x86
		{231EDBE4-0B4C-478D-9107-A38A83D24C34}.Debug|x86.Build.0 = Debug|x86
		{231EDBE4-0B4C-478D-9107-A38A83D24C34}.Release|Any CPU.ActiveCfg = Release|Any CPU
		{231EDBE4-0B4C-478D-9107-A38A83D24C34}.Release|Any CPU.Build.0 = Release|Any CPU
		{231EDBE4-0B4C-478D-9107-A38A83D24C34}.Release|x64.ActiveCfg = Release|x64
		{231EDBE4-0B4C-478D-9107-A38A83D24C34}.Release|x64.Build.0 = Release|x64
		{231EDBE4-0B4C-478D-9107-A38A83D24C34}.Release|x86.ActiveCfg = Release|x86
		{231EDBE4-0B4C-478D-9107-A38A83D24C34}.Release|x86.Build.0 = Release|x86
		{F8D8990E-E832-4A5E-9572-5BCF3F22DB05}.Debug|Any CPU.ActiveCfg = Debug|Any CPU
		{F8D8990E-E832-4A5E-9572-5BCF3F22DB05}.Debug|Any CPU.Build.0 = Debug|Any CPU
		{F8D8990E-E832-4A5E-9572-5BCF3F22DB05}.Debug|x64.ActiveCfg = Debug|x64
		{F8D8990E-E832-4A5E-9572-5BCF3F22DB05}.Debug|x64.Build.0 = Debug|x64
		{F8D8990E-E832-4A5E-9572-5BCF3F22DB05}.Debug|x86.ActiveCfg = Debug|x86
		{F8D8990E-E832-4A5E-9572-5BCF3F22DB05}.Debug|x86.Build.0 = Debug|x86
		{F8D8990E-E832-4A5E-9572-5BCF3F22DB05}.Release|Any CPU.ActiveCfg = Release|Any CPU
		{F8D8990E-E832-4A5E-9572-5BCF3F22DB05}.Release|Any CPU.Build.0 = Release|Any CPU
		{F8D8990E-E832-4A5E-9572-5BCF3F22DB05}.Release|x64.ActiveCfg = Release|x64
		{F8D8990E-E832-4A5E-9572-5BCF3F22DB05}.Release|x64.Build.0 = Release|x64
		{F8D8990E-E832-4A5E-9572-5BCF3F22DB05}.Release|x86.ActiveCfg = Release|x86
		{F8D8990E-E832-4A5E-9572-5BCF3F22DB05}.Release|x86.Build.0 = Release|x86
		{21801BE1-B8E7-4F3C-A0AF-60D4D75D6DAA}.Debug|Any CPU.ActiveCfg = Debug|Any CPU
		{21801BE1-B8E7-4F3C-A0AF-60D4D75D6DAA}.Debug|Any CPU.Build.0 = Debug|Any CPU
		{21801BE1-B8E7-4F3C-A0AF-60D4D75D6DAA}.Debug|x64.ActiveCfg = Debug|x64
		{21801BE1-B8E7-4F3C-A0AF-60D4D75D6DAA}.Debug|x64.Build.0 = Debug|x64
		{21801BE1-B8E7-4F3C-A0AF-60D4D75D6DAA}.Debug|x86.ActiveCfg = Debug|x86
		{21801BE1-B8E7-4F3C-A0AF-60D4D75D6DAA}.Debug|x86.Build.0 = Debug|x86
		{21801BE1-B8E7-4F3C-A0AF-60D4D75D6DAA}.Release|Any CPU.ActiveCfg = Release|Any CPU
		{21801BE1-B8E7-4F3C-A0AF-60D4D75D6DAA}.Release|Any CPU.Build.0 = Release|Any CPU
		{21801BE1-B8E7-4F3C-A0AF-60D4D75D6DAA}.Release|x64.ActiveCfg = Release|x64
		{21801BE1-B8E7-4F3C-A0AF-60D4D75D6DAA}.Release|x64.Build.0 = Release|x64
		{21801BE1-B8E7-4F3C-A0AF-60D4D75D6DAA}.Release|x86.ActiveCfg = Release|x86
		{21801BE1-B8E7-4F3C-A0AF-60D4D75D6DAA}.Release|x86.Build.0 = Release|x86
		{8AB8753C-885F-4DDC-BA2C-CAC1FF13C99D}.Debug|Any CPU.ActiveCfg = Debug|Any CPU
		{8AB8753C-885F-4DDC-BA2C-CAC1FF13C99D}.Debug|Any CPU.Build.0 = Debug|Any CPU
		{8AB8753C-885F-4DDC-BA2C-CAC1FF13C99D}.Debug|x64.ActiveCfg = Debug|x64
		{8AB8753C-885F-4DDC-BA2C-CAC1FF13C99D}.Debug|x64.Build.0 = Debug|x64
		{8AB8753C-885F-4DDC-BA2C-CAC1FF13C99D}.Debug|x86.ActiveCfg = Debug|x86
		{8AB8753C-885F-4DDC-BA2C-CAC1FF13C99D}.Debug|x86.Build.0 = Debug|x86
		{8AB8753C-885F-4DDC-BA2C-CAC1FF13C99D}.Release|Any CPU.ActiveCfg = Release|Any CPU
		{8AB8753C-885F-4DDC-BA2C-CAC1FF13C99D}.Release|Any CPU.Build.0 = Release|Any CPU
		{8AB8753C-885F-4DDC-BA2C-CAC1FF13C99D}.Release|x64.ActiveCfg = Release|x64
		{8AB8753C-885F-4DDC-BA2C-CAC1FF13C99D}.Release|x64.Build.0 = Release|x64
		{8AB8753C-885F-4DDC-BA2C-CAC1FF13C99D}.Release|x86.ActiveCfg = Release|x86
		{8AB8753C-885F-4DDC-BA2C-CAC1FF13C99D}.Release|x86.Build.0 = Release|x86
		{2F6A2584-B187-420C-B314-A6756E1EE4AC}.Debug|Any CPU.ActiveCfg = Debug|Any CPU
		{2F6A2584-B187-420C-B314-A6756E1EE4AC}.Debug|Any CPU.Build.0 = Debug|Any CPU
		{2F6A2584-B187-420C-B314-A6756E1EE4AC}.Debug|x64.ActiveCfg = Debug|Any CPU
		{2F6A2584-B187-420C-B314-A6756E1EE4AC}.Debug|x64.Build.0 = Debug|Any CPU
		{2F6A2584-B187-420C-B314-A6756E1EE4AC}.Debug|x86.ActiveCfg = Debug|Any CPU
		{2F6A2584-B187-420C-B314-A6756E1EE4AC}.Debug|x86.Build.0 = Debug|Any CPU
		{2F6A2584-B187-420C-B314-A6756E1EE4AC}.Release|Any CPU.ActiveCfg = Release|Any CPU
		{2F6A2584-B187-420C-B314-A6756E1EE4AC}.Release|Any CPU.Build.0 = Release|Any CPU
		{2F6A2584-B187-420C-B314-A6756E1EE4AC}.Release|x64.ActiveCfg = Release|Any CPU
		{2F6A2584-B187-420C-B314-A6756E1EE4AC}.Release|x64.Build.0 = Release|Any CPU
		{2F6A2584-B187-420C-B314-A6756E1EE4AC}.Release|x86.ActiveCfg = Release|Any CPU
		{2F6A2584-B187-420C-B314-A6756E1EE4AC}.Release|x86.Build.0 = Release|Any CPU
		{2764A22B-04A7-41B8-AE51-DD6B3E179E77}.Debug|Any CPU.ActiveCfg = Debug|Any CPU
		{2764A22B-04A7-41B8-AE51-DD6B3E179E77}.Debug|Any CPU.Build.0 = Debug|Any CPU
		{2764A22B-04A7-41B8-AE51-DD6B3E179E77}.Debug|x64.ActiveCfg = Debug|x64
		{2764A22B-04A7-41B8-AE51-DD6B3E179E77}.Debug|x64.Build.0 = Debug|x64
		{2764A22B-04A7-41B8-AE51-DD6B3E179E77}.Debug|x86.ActiveCfg = Debug|x86
		{2764A22B-04A7-41B8-AE51-DD6B3E179E77}.Debug|x86.Build.0 = Debug|x86
		{2764A22B-04A7-41B8-AE51-DD6B3E179E77}.Release|Any CPU.ActiveCfg = Release|Any CPU
		{2764A22B-04A7-41B8-AE51-DD6B3E179E77}.Release|Any CPU.Build.0 = Release|Any CPU
		{2764A22B-04A7-41B8-AE51-DD6B3E179E77}.Release|x64.ActiveCfg = Release|x64
		{2764A22B-04A7-41B8-AE51-DD6B3E179E77}.Release|x64.Build.0 = Release|x64
		{2764A22B-04A7-41B8-AE51-DD6B3E179E77}.Release|x86.ActiveCfg = Release|x86
		{2764A22B-04A7-41B8-AE51-DD6B3E179E77}.Release|x86.Build.0 = Release|x86
		{430506AA-7427-4036-9CE6-A70FA6C1C094}.Debug|Any CPU.ActiveCfg = Debug|Any CPU
		{430506AA-7427-4036-9CE6-A70FA6C1C094}.Debug|Any CPU.Build.0 = Debug|Any CPU
		{430506AA-7427-4036-9CE6-A70FA6C1C094}.Debug|x64.ActiveCfg = Debug|x64
		{430506AA-7427-4036-9CE6-A70FA6C1C094}.Debug|x64.Build.0 = Debug|x64
		{430506AA-7427-4036-9CE6-A70FA6C1C094}.Debug|x86.ActiveCfg = Debug|x86
		{430506AA-7427-4036-9CE6-A70FA6C1C094}.Debug|x86.Build.0 = Debug|x86
		{430506AA-7427-4036-9CE6-A70FA6C1C094}.Release|Any CPU.ActiveCfg = Release|Any CPU
		{430506AA-7427-4036-9CE6-A70FA6C1C094}.Release|Any CPU.Build.0 = Release|Any CPU
		{430506AA-7427-4036-9CE6-A70FA6C1C094}.Release|x64.ActiveCfg = Release|x64
		{430506AA-7427-4036-9CE6-A70FA6C1C094}.Release|x64.Build.0 = Release|x64
		{430506AA-7427-4036-9CE6-A70FA6C1C094}.Release|x86.ActiveCfg = Release|x86
		{430506AA-7427-4036-9CE6-A70FA6C1C094}.Release|x86.Build.0 = Release|x86
		{521BC838-E4D0-4081-AC51-77A284E72A4D}.Debug|Any CPU.ActiveCfg = Debug|Any CPU
		{521BC838-E4D0-4081-AC51-77A284E72A4D}.Debug|Any CPU.Build.0 = Debug|Any CPU
		{521BC838-E4D0-4081-AC51-77A284E72A4D}.Debug|x64.ActiveCfg = Debug|x64
		{521BC838-E4D0-4081-AC51-77A284E72A4D}.Debug|x64.Build.0 = Debug|x64
		{521BC838-E4D0-4081-AC51-77A284E72A4D}.Debug|x86.ActiveCfg = Debug|x86
		{521BC838-E4D0-4081-AC51-77A284E72A4D}.Debug|x86.Build.0 = Debug|x86
		{521BC838-E4D0-4081-AC51-77A284E72A4D}.Release|Any CPU.ActiveCfg = Release|Any CPU
		{521BC838-E4D0-4081-AC51-77A284E72A4D}.Release|Any CPU.Build.0 = Release|Any CPU
		{521BC838-E4D0-4081-AC51-77A284E72A4D}.Release|x64.ActiveCfg = Release|x64
		{521BC838-E4D0-4081-AC51-77A284E72A4D}.Release|x64.Build.0 = Release|x64
		{521BC838-E4D0-4081-AC51-77A284E72A4D}.Release|x86.ActiveCfg = Release|x86
		{521BC838-E4D0-4081-AC51-77A284E72A4D}.Release|x86.Build.0 = Release|x86
		{25BAC296-A1F0-44D5-8CD6-5D63A5B2B5D8}.Debug|Any CPU.ActiveCfg = Debug|Any CPU
		{25BAC296-A1F0-44D5-8CD6-5D63A5B2B5D8}.Debug|Any CPU.Build.0 = Debug|Any CPU
		{25BAC296-A1F0-44D5-8CD6-5D63A5B2B5D8}.Debug|x64.ActiveCfg = Debug|x64
		{25BAC296-A1F0-44D5-8CD6-5D63A5B2B5D8}.Debug|x64.Build.0 = Debug|x64
		{25BAC296-A1F0-44D5-8CD6-5D63A5B2B5D8}.Debug|x86.ActiveCfg = Debug|x86
		{25BAC296-A1F0-44D5-8CD6-5D63A5B2B5D8}.Debug|x86.Build.0 = Debug|x86
		{25BAC296-A1F0-44D5-8CD6-5D63A5B2B5D8}.Release|Any CPU.ActiveCfg = Release|Any CPU
		{25BAC296-A1F0-44D5-8CD6-5D63A5B2B5D8}.Release|Any CPU.Build.0 = Release|Any CPU
		{25BAC296-A1F0-44D5-8CD6-5D63A5B2B5D8}.Release|x64.ActiveCfg = Release|x64
		{25BAC296-A1F0-44D5-8CD6-5D63A5B2B5D8}.Release|x64.Build.0 = Release|x64
		{25BAC296-A1F0-44D5-8CD6-5D63A5B2B5D8}.Release|x86.ActiveCfg = Release|x86
		{25BAC296-A1F0-44D5-8CD6-5D63A5B2B5D8}.Release|x86.Build.0 = Release|x86
		{4749A045-4F61-4AFE-8052-8A9B35AE5707}.Debug|Any CPU.ActiveCfg = Debug|Any CPU
		{4749A045-4F61-4AFE-8052-8A9B35AE5707}.Debug|Any CPU.Build.0 = Debug|Any CPU
		{4749A045-4F61-4AFE-8052-8A9B35AE5707}.Debug|x64.ActiveCfg = Debug|x64
		{4749A045-4F61-4AFE-8052-8A9B35AE5707}.Debug|x64.Build.0 = Debug|x64
		{4749A045-4F61-4AFE-8052-8A9B35AE5707}.Debug|x86.ActiveCfg = Debug|x86
		{4749A045-4F61-4AFE-8052-8A9B35AE5707}.Debug|x86.Build.0 = Debug|x86
		{4749A045-4F61-4AFE-8052-8A9B35AE5707}.Release|Any CPU.ActiveCfg = Release|Any CPU
		{4749A045-4F61-4AFE-8052-8A9B35AE5707}.Release|Any CPU.Build.0 = Release|Any CPU
		{4749A045-4F61-4AFE-8052-8A9B35AE5707}.Release|x64.ActiveCfg = Release|x64
		{4749A045-4F61-4AFE-8052-8A9B35AE5707}.Release|x64.Build.0 = Release|x64
		{4749A045-4F61-4AFE-8052-8A9B35AE5707}.Release|x86.ActiveCfg = Release|x86
		{4749A045-4F61-4AFE-8052-8A9B35AE5707}.Release|x86.Build.0 = Release|x86
		{9408D03B-8962-460A-A3F0-EFFC8E980375}.Debug|Any CPU.ActiveCfg = Debug|Any CPU
		{9408D03B-8962-460A-A3F0-EFFC8E980375}.Debug|Any CPU.Build.0 = Debug|Any CPU
		{9408D03B-8962-460A-A3F0-EFFC8E980375}.Debug|x64.ActiveCfg = Debug|x64
		{9408D03B-8962-460A-A3F0-EFFC8E980375}.Debug|x64.Build.0 = Debug|x64
		{9408D03B-8962-460A-A3F0-EFFC8E980375}.Debug|x86.ActiveCfg = Debug|x86
		{9408D03B-8962-460A-A3F0-EFFC8E980375}.Debug|x86.Build.0 = Debug|x86
		{9408D03B-8962-460A-A3F0-EFFC8E980375}.Release|Any CPU.ActiveCfg = Release|Any CPU
		{9408D03B-8962-460A-A3F0-EFFC8E980375}.Release|Any CPU.Build.0 = Release|Any CPU
		{9408D03B-8962-460A-A3F0-EFFC8E980375}.Release|x64.ActiveCfg = Release|x64
		{9408D03B-8962-460A-A3F0-EFFC8E980375}.Release|x64.Build.0 = Release|x64
		{9408D03B-8962-460A-A3F0-EFFC8E980375}.Release|x86.ActiveCfg = Release|x86
		{9408D03B-8962-460A-A3F0-EFFC8E980375}.Release|x86.Build.0 = Release|x86
		{C58F3C52-1D56-4575-9F12-D7167EBD14FD}.Debug|Any CPU.ActiveCfg = Debug|Any CPU
		{C58F3C52-1D56-4575-9F12-D7167EBD14FD}.Debug|Any CPU.Build.0 = Debug|Any CPU
		{C58F3C52-1D56-4575-9F12-D7167EBD14FD}.Debug|x64.ActiveCfg = Debug|x64
		{C58F3C52-1D56-4575-9F12-D7167EBD14FD}.Debug|x64.Build.0 = Debug|x64
		{C58F3C52-1D56-4575-9F12-D7167EBD14FD}.Debug|x86.ActiveCfg = Debug|x86
		{C58F3C52-1D56-4575-9F12-D7167EBD14FD}.Debug|x86.Build.0 = Debug|x86
		{C58F3C52-1D56-4575-9F12-D7167EBD14FD}.Release|Any CPU.ActiveCfg = Release|Any CPU
		{C58F3C52-1D56-4575-9F12-D7167EBD14FD}.Release|Any CPU.Build.0 = Release|Any CPU
		{C58F3C52-1D56-4575-9F12-D7167EBD14FD}.Release|x64.ActiveCfg = Release|x64
		{C58F3C52-1D56-4575-9F12-D7167EBD14FD}.Release|x64.Build.0 = Release|x64
		{C58F3C52-1D56-4575-9F12-D7167EBD14FD}.Release|x86.ActiveCfg = Release|x86
		{C58F3C52-1D56-4575-9F12-D7167EBD14FD}.Release|x86.Build.0 = Release|x86
		{72309CC2-1941-43BC-AF2D-99D4E3B73469}.Debug|Any CPU.ActiveCfg = Debug|Any CPU
		{72309CC2-1941-43BC-AF2D-99D4E3B73469}.Debug|Any CPU.Build.0 = Debug|Any CPU
		{72309CC2-1941-43BC-AF2D-99D4E3B73469}.Debug|x64.ActiveCfg = Debug|x64
		{72309CC2-1941-43BC-AF2D-99D4E3B73469}.Debug|x64.Build.0 = Debug|x64
		{72309CC2-1941-43BC-AF2D-99D4E3B73469}.Debug|x86.ActiveCfg = Debug|x86
		{72309CC2-1941-43BC-AF2D-99D4E3B73469}.Debug|x86.Build.0 = Debug|x86
		{72309CC2-1941-43BC-AF2D-99D4E3B73469}.Release|Any CPU.ActiveCfg = Release|Any CPU
		{72309CC2-1941-43BC-AF2D-99D4E3B73469}.Release|Any CPU.Build.0 = Release|Any CPU
		{72309CC2-1941-43BC-AF2D-99D4E3B73469}.Release|x64.ActiveCfg = Release|x64
		{72309CC2-1941-43BC-AF2D-99D4E3B73469}.Release|x64.Build.0 = Release|x64
		{72309CC2-1941-43BC-AF2D-99D4E3B73469}.Release|x86.ActiveCfg = Release|x86
		{72309CC2-1941-43BC-AF2D-99D4E3B73469}.Release|x86.Build.0 = Release|x86
		{AAFE16E4-4FCE-4DB4-A63F-433287FD563A}.Debug|Any CPU.ActiveCfg = Debug|Any CPU
		{AAFE16E4-4FCE-4DB4-A63F-433287FD563A}.Debug|Any CPU.Build.0 = Debug|Any CPU
		{AAFE16E4-4FCE-4DB4-A63F-433287FD563A}.Debug|x64.ActiveCfg = Debug|x64
		{AAFE16E4-4FCE-4DB4-A63F-433287FD563A}.Debug|x64.Build.0 = Debug|x64
		{AAFE16E4-4FCE-4DB4-A63F-433287FD563A}.Debug|x86.ActiveCfg = Debug|x86
		{AAFE16E4-4FCE-4DB4-A63F-433287FD563A}.Debug|x86.Build.0 = Debug|x86
		{AAFE16E4-4FCE-4DB4-A63F-433287FD563A}.Release|Any CPU.ActiveCfg = Release|Any CPU
		{AAFE16E4-4FCE-4DB4-A63F-433287FD563A}.Release|Any CPU.Build.0 = Release|Any CPU
		{AAFE16E4-4FCE-4DB4-A63F-433287FD563A}.Release|x64.ActiveCfg = Release|x64
		{AAFE16E4-4FCE-4DB4-A63F-433287FD563A}.Release|x64.Build.0 = Release|x64
		{AAFE16E4-4FCE-4DB4-A63F-433287FD563A}.Release|x86.ActiveCfg = Release|x86
		{AAFE16E4-4FCE-4DB4-A63F-433287FD563A}.Release|x86.Build.0 = Release|x86
		{C86B81E7-D065-46C3-BCB7-13EC90E5E402}.Debug|Any CPU.ActiveCfg = Debug|Any CPU
		{C86B81E7-D065-46C3-BCB7-13EC90E5E402}.Debug|Any CPU.Build.0 = Debug|Any CPU
		{C86B81E7-D065-46C3-BCB7-13EC90E5E402}.Debug|x64.ActiveCfg = Debug|x64
		{C86B81E7-D065-46C3-BCB7-13EC90E5E402}.Debug|x64.Build.0 = Debug|x64
		{C86B81E7-D065-46C3-BCB7-13EC90E5E402}.Debug|x86.ActiveCfg = Debug|x86
		{C86B81E7-D065-46C3-BCB7-13EC90E5E402}.Debug|x86.Build.0 = Debug|x86
		{C86B81E7-D065-46C3-BCB7-13EC90E5E402}.Release|Any CPU.ActiveCfg = Release|Any CPU
		{C86B81E7-D065-46C3-BCB7-13EC90E5E402}.Release|Any CPU.Build.0 = Release|Any CPU
		{C86B81E7-D065-46C3-BCB7-13EC90E5E402}.Release|x64.ActiveCfg = Release|x64
		{C86B81E7-D065-46C3-BCB7-13EC90E5E402}.Release|x64.Build.0 = Release|x64
		{C86B81E7-D065-46C3-BCB7-13EC90E5E402}.Release|x86.ActiveCfg = Release|x86
		{C86B81E7-D065-46C3-BCB7-13EC90E5E402}.Release|x86.Build.0 = Release|x86
		{69F63369-BCF1-481D-96A8-2A6CC4BFB275}.Debug|Any CPU.ActiveCfg = Debug|Any CPU
		{69F63369-BCF1-481D-96A8-2A6CC4BFB275}.Debug|Any CPU.Build.0 = Debug|Any CPU
		{69F63369-BCF1-481D-96A8-2A6CC4BFB275}.Debug|x64.ActiveCfg = Debug|x64
		{69F63369-BCF1-481D-96A8-2A6CC4BFB275}.Debug|x64.Build.0 = Debug|x64
		{69F63369-BCF1-481D-96A8-2A6CC4BFB275}.Debug|x86.ActiveCfg = Debug|x86
		{69F63369-BCF1-481D-96A8-2A6CC4BFB275}.Debug|x86.Build.0 = Debug|x86
		{69F63369-BCF1-481D-96A8-2A6CC4BFB275}.Release|Any CPU.ActiveCfg = Release|Any CPU
		{69F63369-BCF1-481D-96A8-2A6CC4BFB275}.Release|Any CPU.Build.0 = Release|Any CPU
		{69F63369-BCF1-481D-96A8-2A6CC4BFB275}.Release|x64.ActiveCfg = Release|x64
		{69F63369-BCF1-481D-96A8-2A6CC4BFB275}.Release|x64.Build.0 = Release|x64
		{69F63369-BCF1-481D-96A8-2A6CC4BFB275}.Release|x86.ActiveCfg = Release|x86
		{69F63369-BCF1-481D-96A8-2A6CC4BFB275}.Release|x86.Build.0 = Release|x86
		{2159688F-7FC5-41A7-98E7-8FE83FDC1B7D}.Debug|Any CPU.ActiveCfg = Debug|Any CPU
		{2159688F-7FC5-41A7-98E7-8FE83FDC1B7D}.Debug|Any CPU.Build.0 = Debug|Any CPU
		{2159688F-7FC5-41A7-98E7-8FE83FDC1B7D}.Debug|x64.ActiveCfg = Debug|x64
		{2159688F-7FC5-41A7-98E7-8FE83FDC1B7D}.Debug|x64.Build.0 = Debug|x64
		{2159688F-7FC5-41A7-98E7-8FE83FDC1B7D}.Debug|x86.ActiveCfg = Debug|x86
		{2159688F-7FC5-41A7-98E7-8FE83FDC1B7D}.Debug|x86.Build.0 = Debug|x86
		{2159688F-7FC5-41A7-98E7-8FE83FDC1B7D}.Release|Any CPU.ActiveCfg = Release|Any CPU
		{2159688F-7FC5-41A7-98E7-8FE83FDC1B7D}.Release|Any CPU.Build.0 = Release|Any CPU
		{2159688F-7FC5-41A7-98E7-8FE83FDC1B7D}.Release|x64.ActiveCfg = Release|x64
		{2159688F-7FC5-41A7-98E7-8FE83FDC1B7D}.Release|x64.Build.0 = Release|x64
		{2159688F-7FC5-41A7-98E7-8FE83FDC1B7D}.Release|x86.ActiveCfg = Release|x86
		{2159688F-7FC5-41A7-98E7-8FE83FDC1B7D}.Release|x86.Build.0 = Release|x86
		{D4232F45-0C01-40C6-BC09-67E2A34BF4FD}.Debug|Any CPU.ActiveCfg = Debug|Any CPU
		{D4232F45-0C01-40C6-BC09-67E2A34BF4FD}.Debug|Any CPU.Build.0 = Debug|Any CPU
		{D4232F45-0C01-40C6-BC09-67E2A34BF4FD}.Debug|x64.ActiveCfg = Debug|x64
		{D4232F45-0C01-40C6-BC09-67E2A34BF4FD}.Debug|x64.Build.0 = Debug|x64
		{D4232F45-0C01-40C6-BC09-67E2A34BF4FD}.Debug|x86.ActiveCfg = Debug|x86
		{D4232F45-0C01-40C6-BC09-67E2A34BF4FD}.Debug|x86.Build.0 = Debug|x86
		{D4232F45-0C01-40C6-BC09-67E2A34BF4FD}.Release|Any CPU.ActiveCfg = Release|Any CPU
		{D4232F45-0C01-40C6-BC09-67E2A34BF4FD}.Release|Any CPU.Build.0 = Release|Any CPU
		{D4232F45-0C01-40C6-BC09-67E2A34BF4FD}.Release|x64.ActiveCfg = Release|x64
		{D4232F45-0C01-40C6-BC09-67E2A34BF4FD}.Release|x64.Build.0 = Release|x64
		{D4232F45-0C01-40C6-BC09-67E2A34BF4FD}.Release|x86.ActiveCfg = Release|x86
		{D4232F45-0C01-40C6-BC09-67E2A34BF4FD}.Release|x86.Build.0 = Release|x86
		{A95E72D7-C17B-4800-88AF-FB7FB335310D}.Debug|Any CPU.ActiveCfg = Debug|Any CPU
		{A95E72D7-C17B-4800-88AF-FB7FB335310D}.Debug|Any CPU.Build.0 = Debug|Any CPU
		{A95E72D7-C17B-4800-88AF-FB7FB335310D}.Debug|x64.ActiveCfg = Debug|x64
		{A95E72D7-C17B-4800-88AF-FB7FB335310D}.Debug|x64.Build.0 = Debug|x64
		{A95E72D7-C17B-4800-88AF-FB7FB335310D}.Debug|x86.ActiveCfg = Debug|x86
		{A95E72D7-C17B-4800-88AF-FB7FB335310D}.Debug|x86.Build.0 = Debug|x86
		{A95E72D7-C17B-4800-88AF-FB7FB335310D}.Release|Any CPU.ActiveCfg = Release|Any CPU
		{A95E72D7-C17B-4800-88AF-FB7FB335310D}.Release|Any CPU.Build.0 = Release|Any CPU
		{A95E72D7-C17B-4800-88AF-FB7FB335310D}.Release|x64.ActiveCfg = Release|x64
		{A95E72D7-C17B-4800-88AF-FB7FB335310D}.Release|x64.Build.0 = Release|x64
		{A95E72D7-C17B-4800-88AF-FB7FB335310D}.Release|x86.ActiveCfg = Release|x86
		{A95E72D7-C17B-4800-88AF-FB7FB335310D}.Release|x86.Build.0 = Release|x86
		{251A1F4E-81A9-49D0-BC46-E6CDB95C1890}.Debug|Any CPU.ActiveCfg = Debug|Any CPU
		{251A1F4E-81A9-49D0-BC46-E6CDB95C1890}.Debug|Any CPU.Build.0 = Debug|Any CPU
		{251A1F4E-81A9-49D0-BC46-E6CDB95C1890}.Debug|x64.ActiveCfg = Debug|x64
		{251A1F4E-81A9-49D0-BC46-E6CDB95C1890}.Debug|x64.Build.0 = Debug|x64
		{251A1F4E-81A9-49D0-BC46-E6CDB95C1890}.Debug|x86.ActiveCfg = Debug|x86
		{251A1F4E-81A9-49D0-BC46-E6CDB95C1890}.Debug|x86.Build.0 = Debug|x86
		{251A1F4E-81A9-49D0-BC46-E6CDB95C1890}.Release|Any CPU.ActiveCfg = Release|Any CPU
		{251A1F4E-81A9-49D0-BC46-E6CDB95C1890}.Release|Any CPU.Build.0 = Release|Any CPU
		{251A1F4E-81A9-49D0-BC46-E6CDB95C1890}.Release|x64.ActiveCfg = Release|x64
		{251A1F4E-81A9-49D0-BC46-E6CDB95C1890}.Release|x64.Build.0 = Release|x64
		{251A1F4E-81A9-49D0-BC46-E6CDB95C1890}.Release|x86.ActiveCfg = Release|x86
		{251A1F4E-81A9-49D0-BC46-E6CDB95C1890}.Release|x86.Build.0 = Release|x86
		{BC78164D-07C4-4C29-ABAF-557E201F0587}.Debug|Any CPU.ActiveCfg = Debug|Any CPU
		{BC78164D-07C4-4C29-ABAF-557E201F0587}.Debug|Any CPU.Build.0 = Debug|Any CPU
		{BC78164D-07C4-4C29-ABAF-557E201F0587}.Debug|x64.ActiveCfg = Debug|Any CPU
		{BC78164D-07C4-4C29-ABAF-557E201F0587}.Debug|x64.Build.0 = Debug|Any CPU
		{BC78164D-07C4-4C29-ABAF-557E201F0587}.Debug|x86.ActiveCfg = Debug|Any CPU
		{BC78164D-07C4-4C29-ABAF-557E201F0587}.Debug|x86.Build.0 = Debug|Any CPU
		{BC78164D-07C4-4C29-ABAF-557E201F0587}.Release|Any CPU.ActiveCfg = Release|Any CPU
		{BC78164D-07C4-4C29-ABAF-557E201F0587}.Release|Any CPU.Build.0 = Release|Any CPU
		{BC78164D-07C4-4C29-ABAF-557E201F0587}.Release|x64.ActiveCfg = Release|Any CPU
		{BC78164D-07C4-4C29-ABAF-557E201F0587}.Release|x64.Build.0 = Release|Any CPU
		{BC78164D-07C4-4C29-ABAF-557E201F0587}.Release|x86.ActiveCfg = Release|Any CPU
		{BC78164D-07C4-4C29-ABAF-557E201F0587}.Release|x86.Build.0 = Release|Any CPU
		{D8441CA1-E71F-4AAB-8F73-CF08BBF914B7}.Debug|Any CPU.ActiveCfg = Debug|Any CPU
		{D8441CA1-E71F-4AAB-8F73-CF08BBF914B7}.Debug|Any CPU.Build.0 = Debug|Any CPU
		{D8441CA1-E71F-4AAB-8F73-CF08BBF914B7}.Debug|x64.ActiveCfg = Debug|Any CPU
		{D8441CA1-E71F-4AAB-8F73-CF08BBF914B7}.Debug|x64.Build.0 = Debug|Any CPU
		{D8441CA1-E71F-4AAB-8F73-CF08BBF914B7}.Debug|x86.ActiveCfg = Debug|Any CPU
		{D8441CA1-E71F-4AAB-8F73-CF08BBF914B7}.Debug|x86.Build.0 = Debug|Any CPU
		{D8441CA1-E71F-4AAB-8F73-CF08BBF914B7}.Release|Any CPU.ActiveCfg = Release|Any CPU
		{D8441CA1-E71F-4AAB-8F73-CF08BBF914B7}.Release|Any CPU.Build.0 = Release|Any CPU
		{D8441CA1-E71F-4AAB-8F73-CF08BBF914B7}.Release|x64.ActiveCfg = Release|Any CPU
		{D8441CA1-E71F-4AAB-8F73-CF08BBF914B7}.Release|x64.Build.0 = Release|Any CPU
		{D8441CA1-E71F-4AAB-8F73-CF08BBF914B7}.Release|x86.ActiveCfg = Release|Any CPU
		{D8441CA1-E71F-4AAB-8F73-CF08BBF914B7}.Release|x86.Build.0 = Release|Any CPU
		{7BDB3E91-31C5-428D-A28C-0533FB086FD4}.Debug|Any CPU.ActiveCfg = Debug|Any CPU
		{7BDB3E91-31C5-428D-A28C-0533FB086FD4}.Debug|Any CPU.Build.0 = Debug|Any CPU
		{7BDB3E91-31C5-428D-A28C-0533FB086FD4}.Debug|x64.ActiveCfg = Debug|Any CPU
		{7BDB3E91-31C5-428D-A28C-0533FB086FD4}.Debug|x64.Build.0 = Debug|Any CPU
		{7BDB3E91-31C5-428D-A28C-0533FB086FD4}.Debug|x86.ActiveCfg = Debug|Any CPU
		{7BDB3E91-31C5-428D-A28C-0533FB086FD4}.Debug|x86.Build.0 = Debug|Any CPU
		{7BDB3E91-31C5-428D-A28C-0533FB086FD4}.Release|Any CPU.ActiveCfg = Release|Any CPU
		{7BDB3E91-31C5-428D-A28C-0533FB086FD4}.Release|Any CPU.Build.0 = Release|Any CPU
		{7BDB3E91-31C5-428D-A28C-0533FB086FD4}.Release|x64.ActiveCfg = Release|Any CPU
		{7BDB3E91-31C5-428D-A28C-0533FB086FD4}.Release|x64.Build.0 = Release|Any CPU
		{7BDB3E91-31C5-428D-A28C-0533FB086FD4}.Release|x86.ActiveCfg = Release|Any CPU
		{7BDB3E91-31C5-428D-A28C-0533FB086FD4}.Release|x86.Build.0 = Release|Any CPU
	EndGlobalSection
	GlobalSection(NestedProjects) = preSolution
		{6CF17EB2-21BD-4B9D-B21F-B0369A6F6702} = {B4C36468-9EFE-4193-BB40-D3FC19104222}
		{B15B8FFE-5388-4731-9126-44BA4E0C5B9E} = {B4C36468-9EFE-4193-BB40-D3FC19104222}
		{ED31BB93-748C-4268-8EC6-7496B3D1C3D5} = {B4C36468-9EFE-4193-BB40-D3FC19104222}
		{6A580778-1581-48D8-B043-930119EDB03B} = {B4C36468-9EFE-4193-BB40-D3FC19104222}
		{393D50AE-C703-44B0-8298-486E353B746F} = {A25C5320-9220-49D6-BED6-8EF598215E90}
		{A1E8B811-7D5A-43D5-ADFE-ECFF8761322F} = {393D50AE-C703-44B0-8298-486E353B746F}
		{1A0C033F-FB7B-47F2-AFDD-63429B52D2FC} = {393D50AE-C703-44B0-8298-486E353B746F}
		{3EB9607E-2AC3-41B0-97E2-17BC190D8CA0} = {393D50AE-C703-44B0-8298-486E353B746F}
		{E3C624EA-F454-4732-86D3-29C02E484F89} = {A25C5320-9220-49D6-BED6-8EF598215E90}
		{7D96B909-B99A-4097-8919-B6887C0AAE5D} = {E3C624EA-F454-4732-86D3-29C02E484F89}
		{AF61A0F6-AD7B-40A3-9A5C-7A8943F431D1} = {E3C624EA-F454-4732-86D3-29C02E484F89}
		{231EDBE4-0B4C-478D-9107-A38A83D24C34} = {E3C624EA-F454-4732-86D3-29C02E484F89}
		{A25C5320-9220-49D6-BED6-8EF598215E90} = {9DF184FD-F817-444C-9642-C95223594F14}
		{B4C36468-9EFE-4193-BB40-D3FC19104222} = {9DF184FD-F817-444C-9642-C95223594F14}
		{F8D8990E-E832-4A5E-9572-5BCF3F22DB05} = {21787409-6E37-4562-9679-FE354938D1E4}
		{21801BE1-B8E7-4F3C-A0AF-60D4D75D6DAA} = {21787409-6E37-4562-9679-FE354938D1E4}
		{2555B06A-8548-43BC-AE68-DE18A023D369} = {21787409-6E37-4562-9679-FE354938D1E4}
		{8AB8753C-885F-4DDC-BA2C-CAC1FF13C99D} = {2555B06A-8548-43BC-AE68-DE18A023D369}
		{2F6A2584-B187-420C-B314-A6756E1EE4AC} = {2555B06A-8548-43BC-AE68-DE18A023D369}
		{24FA5375-6B56-4D85-A909-1AB20E6DB56F} = {21787409-6E37-4562-9679-FE354938D1E4}
		{2764A22B-04A7-41B8-AE51-DD6B3E179E77} = {24FA5375-6B56-4D85-A909-1AB20E6DB56F}
		{430506AA-7427-4036-9CE6-A70FA6C1C094} = {24FA5375-6B56-4D85-A909-1AB20E6DB56F}
		{521BC838-E4D0-4081-AC51-77A284E72A4D} = {24FA5375-6B56-4D85-A909-1AB20E6DB56F}
		{4D6DBA0B-1D8C-41DD-8857-6A038ED186FE} = {21787409-6E37-4562-9679-FE354938D1E4}
		{25BAC296-A1F0-44D5-8CD6-5D63A5B2B5D8} = {4D6DBA0B-1D8C-41DD-8857-6A038ED186FE}
		{4749A045-4F61-4AFE-8052-8A9B35AE5707} = {4D6DBA0B-1D8C-41DD-8857-6A038ED186FE}
		{9408D03B-8962-460A-A3F0-EFFC8E980375} = {4D6DBA0B-1D8C-41DD-8857-6A038ED186FE}
		{C58F3C52-1D56-4575-9F12-D7167EBD14FD} = {21787409-6E37-4562-9679-FE354938D1E4}
		{72309CC2-1941-43BC-AF2D-99D4E3B73469} = {21787409-6E37-4562-9679-FE354938D1E4}
		{AAFE16E4-4FCE-4DB4-A63F-433287FD563A} = {21787409-6E37-4562-9679-FE354938D1E4}
		{C86B81E7-D065-46C3-BCB7-13EC90E5E402} = {21787409-6E37-4562-9679-FE354938D1E4}
		{7018AF25-A269-4F14-8B57-8F2CC0064254} = {21787409-6E37-4562-9679-FE354938D1E4}
		{69F63369-BCF1-481D-96A8-2A6CC4BFB275} = {7018AF25-A269-4F14-8B57-8F2CC0064254}
		{2159688F-7FC5-41A7-98E7-8FE83FDC1B7D} = {7018AF25-A269-4F14-8B57-8F2CC0064254}
		{8A6CBA33-12E9-45EE-997D-F4338A0DFEC8} = {21787409-6E37-4562-9679-FE354938D1E4}
		{D4232F45-0C01-40C6-BC09-67E2A34BF4FD} = {8A6CBA33-12E9-45EE-997D-F4338A0DFEC8}
		{A95E72D7-C17B-4800-88AF-FB7FB335310D} = {8A6CBA33-12E9-45EE-997D-F4338A0DFEC8}
		{251A1F4E-81A9-49D0-BC46-E6CDB95C1890} = {8A6CBA33-12E9-45EE-997D-F4338A0DFEC8}
		{A9023BA0-6B97-4A78-AB76-E3B4F83CFB3A} = {21787409-6E37-4562-9679-FE354938D1E4}
		{BC78164D-07C4-4C29-ABAF-557E201F0587} = {A9023BA0-6B97-4A78-AB76-E3B4F83CFB3A}
		{D8441CA1-E71F-4AAB-8F73-CF08BBF914B7} = {A9023BA0-6B97-4A78-AB76-E3B4F83CFB3A}
		{7BDB3E91-31C5-428D-A28C-0533FB086FD4} = {A9023BA0-6B97-4A78-AB76-E3B4F83CFB3A}
	EndGlobalSection
EndGlobal
