
Microsoft Visual Studio Solution File, Format Version 12.00
# Visual Studio 15
VisualStudioVersion = 15.0.26124.0
MinimumVisualStudioVersion = 15.0.26124.0
Project("{2150E333-8FDC-42A3-9474-1A3956D46DE8}") = "RawRabbit", "RawRabbit", "{9DF184FD-F817-444C-9642-C95223594F14}"
EndProject
Project("{2150E333-8FDC-42A3-9474-1A3956D46DE8}") = "Command", "Command", "{A25C5320-9220-49D6-BED6-8EF598215E90}"
EndProject
Project("{FAE04EC0-301F-11D3-BF4B-00C04F79EFBC}") = "Messages", "RawRabbit\Command\RPC\Messages\Messages.csproj", "{A1E8B811-7D5A-43D5-ADFE-ECFF8761322F}"
EndProject
Project("{FAE04EC0-301F-11D3-BF4B-00C04F79EFBC}") = "Sender", "RawRabbit\Command\RPC\Sender\Sender.csproj", "{3EB9607E-2AC3-41B0-97E2-17BC190D8CA0}"
EndProject
Project("{FAE04EC0-301F-11D3-BF4B-00C04F79EFBC}") = "Receiver", "RawRabbit\Command\RPC\Receiver\Receiver.csproj", "{1A0C033F-FB7B-47F2-AFDD-63429B52D2FC}"
EndProject
Project("{2150E333-8FDC-42A3-9474-1A3956D46DE8}") = "Event", "Event", "{B4C36468-9EFE-4193-BB40-D3FC19104222}"
EndProject
Project("{FAE04EC0-301F-11D3-BF4B-00C04F79EFBC}") = "Messages", "RawRabbit\Event\Messages\Messages.csproj", "{6CF17EB2-21BD-4B9D-B21F-B0369A6F6702}"
EndProject
Project("{FAE04EC0-301F-11D3-BF4B-00C04F79EFBC}") = "Sender", "RawRabbit\Event\Sender\Sender.csproj", "{B15B8FFE-5388-4731-9126-44BA4E0C5B9E}"
EndProject
Project("{FAE04EC0-301F-11D3-BF4B-00C04F79EFBC}") = "Receiver-1", "RawRabbit\Event\Receiver-1\Receiver-1.csproj", "{ED31BB93-748C-4268-8EC6-7496B3D1C3D5}"
EndProject
Project("{FAE04EC0-301F-11D3-BF4B-00C04F79EFBC}") = "Receiver-2", "RawRabbit\Event\Receiver-2\Receiver-2.csproj", "{6A580778-1581-48D8-B043-930119EDB03B}"
EndProject
Project("{2150E333-8FDC-42A3-9474-1A3956D46DE8}") = "RPC", "RPC", "{393D50AE-C703-44B0-8298-486E353B746F}"
EndProject
Project("{2150E333-8FDC-42A3-9474-1A3956D46DE8}") = "PublishSubscribe", "PublishSubscribe", "{E3C624EA-F454-4732-86D3-29C02E484F89}"
EndProject
Project("{FAE04EC0-301F-11D3-BF4B-00C04F79EFBC}") = "Messages", "RawRabbit\Command\PublishSubscribe\Messages\Messages.csproj", "{7D96B909-B99A-4097-8919-B6887C0AAE5D}"
EndProject
Project("{FAE04EC0-301F-11D3-BF4B-00C04F79EFBC}") = "Sender", "RawRabbit\Command\PublishSubscribe\Sender\Sender.csproj", "{AF61A0F6-AD7B-40A3-9A5C-7A8943F431D1}"
EndProject
Project("{FAE04EC0-301F-11D3-BF4B-00C04F79EFBC}") = "Receiver", "RawRabbit\Command\PublishSubscribe\Receiver\Receiver.csproj", "{231EDBE4-0B4C-478D-9107-A38A83D24C34}"
EndProject
Project("{2150E333-8FDC-42A3-9474-1A3956D46DE8}") = "ActorModel", "ActorModel", "{21787409-6E37-4562-9679-FE354938D1E4}"
EndProject
Project("{FAE04EC0-301F-11D3-BF4B-00C04F79EFBC}") = "ActorDialogue", "ActorModel\ActorDialogue\ActorDialogue.csproj", "{F8D8990E-E832-4A5E-9572-5BCF3F22DB05}"
EndProject
Project("{FAE04EC0-301F-11D3-BF4B-00C04F79EFBC}") = "ActorTypes", "ActorModel\ActorTypes\ActorTypes.csproj", "{21801BE1-B8E7-4F3C-A0AF-60D4D75D6DAA}"
EndProject
Project("{FAE04EC0-301F-11D3-BF4B-00C04F79EFBC}") = "ActorRouters", "ActorModel\routers\ActorRouters\ActorRouters.csproj", "{8AB8753C-885F-4DDC-BA2C-CAC1FF13C99D}"
EndProject
Project("{2150E333-8FDC-42A3-9474-1A3956D46DE8}") = "Router", "Router", "{2555B06A-8548-43BC-AE68-DE18A023D369}"
EndProject
Project("{FAE04EC0-301F-11D3-BF4B-00C04F79EFBC}") = "ActorRouters.HOCON", "ActorModel\routers\ActorRoutersHOCON\ActorRouters.HOCON.csproj", "{2F6A2584-B187-420C-B314-A6756E1EE4AC}"
EndProject
Project("{2150E333-8FDC-42A3-9474-1A3956D46DE8}") = "Remote", "Remote", "{24FA5375-6B56-4D85-A909-1AB20E6DB56F}"
EndProject
Project("{FAE04EC0-301F-11D3-BF4B-00C04F79EFBC}") = "RemoteActor.Common", "ActorModel\remote\RemoteActor.Common\RemoteActor.Common.csproj", "{2764A22B-04A7-41B8-AE51-DD6B3E179E77}"
EndProject
Project("{FAE04EC0-301F-11D3-BF4B-00C04F79EFBC}") = "RemoteActor.Local", "ActorModel\remote\RemoteActor.Local\RemoteActor.Local.csproj", "{430506AA-7427-4036-9CE6-A70FA6C1C094}"
EndProject
Project("{FAE04EC0-301F-11D3-BF4B-00C04F79EFBC}") = "RemoteActor.Remote", "ActorModel\remote\RemoteActor.Remote\RemoteActor.Remote.csproj", "{521BC838-E4D0-4081-AC51-77A284E72A4D}"
EndProject
Project("{2150E333-8FDC-42A3-9474-1A3956D46DE8}") = "PipeTo", "PipeTo", "{4D6DBA0B-1D8C-41DD-8857-6A038ED186FE}"
EndProject
Project("{FAE04EC0-301F-11D3-BF4B-00C04F79EFBC}") = "ActorPipeTo_1", "ActorModel\pipeto\ActorPipeTo_1\ActorPipeTo_1.csproj", "{25BAC296-A1F0-44D5-8CD6-5D63A5B2B5D8}"
EndProject
Project("{FAE04EC0-301F-11D3-BF4B-00C04F79EFBC}") = "ActorPipeTo_2", "ActorModel\pipeto\ActorPipeTo_2\ActorPipeTo_2.csproj", "{4749A045-4F61-4AFE-8052-8A9B35AE5707}"
EndProject
Project("{FAE04EC0-301F-11D3-BF4B-00C04F79EFBC}") = "ActorPipeTo_3", "ActorModel\pipeto\ActorPipeTo_3\ActorPipeTo_3.csproj", "{9408D03B-8962-460A-A3F0-EFFC8E980375}"
EndProject
Project("{FAE04EC0-301F-11D3-BF4B-00C04F79EFBC}") = "ActorScheduler", "ActorModel\ActorScheduler\ActorScheduler.csproj", "{C58F3C52-1D56-4575-9F12-D7167EBD14FD}"
EndProject
Project("{FAE04EC0-301F-11D3-BF4B-00C04F79EFBC}") = "ActorStashing", "ActorModel\ActorStashing\ActorStashing.csproj", "{72309CC2-1941-43BC-AF2D-99D4E3B73469}"
EndProject
Project("{FAE04EC0-301F-11D3-BF4B-00C04F79EFBC}") = "ActorStopping", "ActorModel\ActorStopping\ActorStopping.csproj", "{AAFE16E4-4FCE-4DB4-A63F-433287FD563A}"
EndProject
Project("{FAE04EC0-301F-11D3-BF4B-00C04F79EFBC}") = "ActorSupervisorStrategy", "ActorModel\SupervisorStrategy\ActorSupervisorStrategy.csproj", "{C86B81E7-D065-46C3-BCB7-13EC90E5E402}"
EndProject
Project("{2150E333-8FDC-42A3-9474-1A3956D46DE8}") = "SwitchableBehaviors", "SwitchableBehaviors", "{7018AF25-A269-4F14-8B57-8F2CC0064254}"
EndProject
Project("{FAE04EC0-301F-11D3-BF4B-00C04F79EFBC}") = "ActorBecome", "ActorModel\switchable-behaviors\ActorBecome\ActorBecome.csproj", "{69F63369-BCF1-481D-96A8-2A6CC4BFB275}"
EndProject
Project("{FAE04EC0-301F-11D3-BF4B-00C04F79EFBC}") = "ActorStacked", "ActorModel\switchable-behaviors\ActorStacked\ActorStacked.csproj", "{2159688F-7FC5-41A7-98E7-8FE83FDC1B7D}"
EndProject
Project("{2150E333-8FDC-42A3-9474-1A3956D46DE8}") = "Persistence", "Persistence", "{8A6CBA33-12E9-45EE-997D-F4338A0DFEC8}"
EndProject
Project("{FAE04EC0-301F-11D3-BF4B-00C04F79EFBC}") = "ActorPersistence", "ActorModel\persistence\ActorPersistence\ActorPersistence.csproj", "{D4232F45-0C01-40C6-BC09-67E2A34BF4FD}"
EndProject
Project("{FAE04EC0-301F-11D3-BF4B-00C04F79EFBC}") = "ActorPersistenceSnapshot", "ActorModel\persistence\ActorPersistenceSnapshot\ActorPersistenceSnapshot.csproj", "{A95E72D7-C17B-4800-88AF-FB7FB335310D}"
EndProject
Project("{FAE04EC0-301F-11D3-BF4B-00C04F79EFBC}") = "ActorPersistenceCommandEvent", "ActorModel\persistence\ActorPersistenceCommandEvent\ActorPersistenceCommandEvent.csproj", "{251A1F4E-81A9-49D0-BC46-E6CDB95C1890}"
EndProject
Project("{2150E333-8FDC-42A3-9474-1A3956D46DE8}") = "Cluster", "Cluster", "{A9023BA0-6B97-4A78-AB76-E3B4F83CFB3A}"
EndProject
Project("{FAE04EC0-301F-11D3-BF4B-00C04F79EFBC}") = "SeedNode", "ActorModel\cluster\SeedNode\SeedNode.csproj", "{BC78164D-07C4-4C29-ABAF-557E201F0587}"
EndProject
Project("{FAE04EC0-301F-11D3-BF4B-00C04F79EFBC}") = "NonSeedNode", "ActorModel\cluster\NonSeedNode\NonSeedNode.csproj", "{D8441CA1-E71F-4AAB-8F73-CF08BBF914B7}"
EndProject
Project("{FAE04EC0-301F-11D3-BF4B-00C04F79EFBC}") = "Lighthouse.NetCoreApp", "ActorModel\cluster\Lighthouse.NetCoreApp\Lighthouse.NetCoreApp.csproj", "{7BDB3E91-31C5-428D-A28C-0533FB086FD4}"
EndProject
Project("{2150E333-8FDC-42A3-9474-1A3956D46DE8}") = "CQRS", "CQRS", "{2BF52DAA-3FC0-4682-8D30-C03EF73C91CF}"
EndProject
Project("{2150E333-8FDC-42A3-9474-1A3956D46DE8}") = "Standard", "Standard", "{D84EB5C6-8301-491D-A49E-D134F7C1F30A}"
EndProject
Project("{FAE04EC0-301F-11D3-BF4B-00C04F79EFBC}") = "CQRS.Core", "ModernArchitectures\CQRS\CQRS.Standard\CQRS.Core\CQRS.Core.csproj", "{7105F743-E1D1-4F01-8281-0408EF0C88E1}"
EndProject
Project("{FAE04EC0-301F-11D3-BF4B-00C04F79EFBC}") = "CQRS.WriteSide", "ModernArchitectures\CQRS\CQRS.Standard\CQRS.WriteSide\CQRS.WriteSide.csproj", "{985C5FF3-E605-4DC0-B3F9-152A6075837D}"
EndProject
Project("{FAE04EC0-301F-11D3-BF4B-00C04F79EFBC}") = "CQRS.ReadSide", "ModernArchitectures\CQRS\CQRS.Standard\CQRS.ReadSide\CQRS.ReadSide.csproj", "{6F7656CC-DEE4-4CD4-BF29-D36BCDEED883}"
EndProject
Project("{2150E333-8FDC-42A3-9474-1A3956D46DE8}") = "Akka", "Akka", "{2BF9F6F9-494D-41A3-985C-F5E34E67E0F9}"
EndProject
Project("{FAE04EC0-301F-11D3-BF4B-00C04F79EFBC}") = "CQRS.Core", "ModernArchitectures\CQRS\CQRS.Akka\CQRS.Core\CQRS.Core.csproj", "{86D9A218-1B39-45DE-82F1-EE579C247D03}"
EndProject
Project("{FAE04EC0-301F-11D3-BF4B-00C04F79EFBC}") = "CQRS.ReadSide", "ModernArchitectures\CQRS\CQRS.Akka\CQRS.ReadSide\CQRS.ReadSide.csproj", "{E0CFBD89-5087-4447-B3F8-5FB62190EC83}"
EndProject
Project("{FAE04EC0-301F-11D3-BF4B-00C04F79EFBC}") = "CQRS.WriteSide", "ModernArchitectures\CQRS\CQRS.Akka\CQRS.WriteSide\CQRS.WriteSide.csproj", "{0C49FA45-9795-4F8A-AF94-4DDA33EFBB03}"
EndProject
Project("{2150E333-8FDC-42A3-9474-1A3956D46DE8}") = "Mediator", "Mediator", "{7EF6B132-5A4F-4C35-81E1-23CE9A5F58D5}"
EndProject
Project("{FAE04EC0-301F-11D3-BF4B-00C04F79EFBC}") = "Mediator", "ModernArchitectures\Mediator\Mediator.csproj", "{44F8D1D8-5E7F-474B-B558-A816F6DF2A05}"
EndProject
Project("{2150E333-8FDC-42A3-9474-1A3956D46DE8}") = "ServiceBus", "ServiceBus", "{99C40DDC-6F3D-4BE7-B37B-F8B471EA7E5B}"
EndProject
Project("{2150E333-8FDC-42A3-9474-1A3956D46DE8}") = "Send", "Send", "{9822CFA3-1858-4BA5-9080-F0C64627E97A}"
EndProject
Project("{2150E333-8FDC-42A3-9474-1A3956D46DE8}") = "Publish", "Publish", "{38C6582E-9C73-48E3-AC0C-496E473A9849}"
EndProject
Project("{2150E333-8FDC-42A3-9474-1A3956D46DE8}") = "RequestResponse", "RequestResponse", "{0593FF54-5623-4C25-AFEA-E6CBD02F2AD6}"
EndProject
Project("{FAE04EC0-301F-11D3-BF4B-00C04F79EFBC}") = "Messages", "ServiceBus\RequestResponse\Messages\Messages.csproj", "{9CE1C240-E889-4346-8A1C-96BD389FC6B9}"
EndProject
Project("{FAE04EC0-301F-11D3-BF4B-00C04F79EFBC}") = "Sender", "ServiceBus\RequestResponse\Sender\Sender.csproj", "{6BCBE7BE-DB8A-4087-A783-E993A87319FD}"
EndProject
Project("{FAE04EC0-301F-11D3-BF4B-00C04F79EFBC}") = "Receiver", "ServiceBus\RequestResponse\Receiver\Receiver.csproj", "{B24B628C-2BC0-4631-90C2-09D77E8E486F}"
EndProject
Project("{FAE04EC0-301F-11D3-BF4B-00C04F79EFBC}") = "Messages", "ServiceBus\Publish\Messages\Messages.csproj", "{69C032DE-52B1-4ABC-96C5-BFA747BE2B21}"
EndProject
Project("{FAE04EC0-301F-11D3-BF4B-00C04F79EFBC}") = "Receiver_1", "ServiceBus\Publish\Receiver_1\Receiver_1.csproj", "{284E4EB6-A59B-430C-97AB-AFF754994A33}"
EndProject
Project("{FAE04EC0-301F-11D3-BF4B-00C04F79EFBC}") = "Receiver_2", "ServiceBus\Publish\Receiver_2\Receiver_2.csproj", "{9BB63CA6-F797-46F7-98E6-1104D7720738}"
EndProject
Project("{FAE04EC0-301F-11D3-BF4B-00C04F79EFBC}") = "Sender", "ServiceBus\Publish\Sender\Sender.csproj", "{DF0812B4-9DAB-41D7-9BDA-A4D7E5B3E754}"
EndProject
Project("{FAE04EC0-301F-11D3-BF4B-00C04F79EFBC}") = "Messages", "ServiceBus\Send\Messages\Messages.csproj", "{074FB27C-AF78-4B64-A9F7-CBEB7CE5F5E3}"
EndProject
Project("{FAE04EC0-301F-11D3-BF4B-00C04F79EFBC}") = "Sender", "ServiceBus\Send\Sender\Sender.csproj", "{0EC8EE1B-F302-4A21-9C86-3AAE17265F54}"
EndProject
Project("{FAE04EC0-301F-11D3-BF4B-00C04F79EFBC}") = "Receiver", "ServiceBus\Send\Receiver\Receiver.csproj", "{15BAE7E2-3AB3-4648-974F-BE1F50C9DC62}"
EndProject
Project("{2150E333-8FDC-42A3-9474-1A3956D46DE8}") = "TipsAndTricks", "TipsAndTricks", "{396ED47E-57B7-4442-94ED-AF388FD94448}"
EndProject
Project("{2150E333-8FDC-42A3-9474-1A3956D46DE8}") = "Linq", "Linq", "{B273A51C-C4C5-4714-8387-0A76F5FAE431}"
EndProject
Project("{2150E333-8FDC-42A3-9474-1A3956D46DE8}") = "IEnumerable", "IEnumerable", "{C81999A0-8391-448A-99B3-D95834BD16C5}"
EndProject
Project("{FAE04EC0-301F-11D3-BF4B-00C04F79EFBC}") = "IEnumerable_1", "TipsAndTricks\Linq\IEnumerable\IEnumerable_1\IEnumerable_1.csproj", "{0E3506DB-9A43-4123-820D-4183973E701F}"
EndProject
Project("{FAE04EC0-301F-11D3-BF4B-00C04F79EFBC}") = "IEnumerable_2", "TipsAndTricks\Linq\IEnumerable\IEnumerable_2\IEnumerable_2.csproj", "{9BDCBE21-6A68-4BA1-8284-D3FE35744E84}"
EndProject
Project("{FAE04EC0-301F-11D3-BF4B-00C04F79EFBC}") = "IEnumerable_3", "TipsAndTricks\Linq\IEnumerable\IEnumerable_3\IEnumerable_3.csproj", "{FD38F151-7554-4D9C-8033-AC73A3084A60}"
EndProject
Project("{FAE04EC0-301F-11D3-BF4B-00C04F79EFBC}") = "IEnumerable_4", "TipsAndTricks\Linq\IEnumerable\IEnumerable_4\IEnumerable_4.csproj", "{D33AFA20-0DE2-4C4E-A7FB-157024ECCA2D}"
EndProject
Project("{2150E333-8FDC-42A3-9474-1A3956D46DE8}") = "Task", "Task", "{373F3601-5644-4867-BBB2-7D18E8FA5E11}"
EndProject
Project("{FAE04EC0-301F-11D3-BF4B-00C04F79EFBC}") = "Task_1", "TipsAndTricks\Task\Task_1\Task_1.csproj", "{DBB09D90-E828-4C3E-A00F-7C786E465AC5}"
EndProject
Project("{FAE04EC0-301F-11D3-BF4B-00C04F79EFBC}") = "Task_2", "TipsAndTricks\Task\Task_2\Task_2.csproj", "{CDD5B37F-68C0-41C5-A731-A88EA852B119}"
EndProject
Project("{FAE04EC0-301F-11D3-BF4B-00C04F79EFBC}") = "Task_3", "TipsAndTricks\Task\Task_3\Task_3.csproj", "{1FF5DAEB-72F3-4F57-9B4C-77AC8CFDCD3A}"
EndProject
Project("{FAE04EC0-301F-11D3-BF4B-00C04F79EFBC}") = "Task_5", "TipsAndTricks\Task\Task_5\Task_5.csproj", "{F69E4E66-A8B5-43EF-89AA-420A76A834B4}"
EndProject
Project("{FAE04EC0-301F-11D3-BF4B-00C04F79EFBC}") = "Task_6", "TipsAndTricks\Task\Task_6\Task_6.csproj", "{D930556B-DB12-4CB8-8FCD-04778C4984FD}"
EndProject
Project("{FAE04EC0-301F-11D3-BF4B-00C04F79EFBC}") = "Task_7", "TipsAndTricks\Task\Task_7\Task_7.csproj", "{009691B7-C1F2-4EC1-BCD9-402FCCB980DC}"
EndProject
Project("{FAE04EC0-301F-11D3-BF4B-00C04F79EFBC}") = "Task_8", "TipsAndTricks\Task\Task_8\Task_8.csproj", "{AAB54CBA-3A96-4CA4-B60D-EB35E18049CB}"
EndProject
Project("{2150E333-8FDC-42A3-9474-1A3956D46DE8}") = "PLinq", "PLinq", "{7A4BDEE1-32D3-42E9-B101-F0D292F69A02}"
EndProject
Project("{FAE04EC0-301F-11D3-BF4B-00C04F79EFBC}") = "PLinq_1", "TipsAndTricks\PLinq\PLinq_1\PLinq_1.csproj", "{663D950A-F7E4-4B5E-98B4-720A229CA427}"
EndProject
Project("{FAE04EC0-301F-11D3-BF4B-00C04F79EFBC}") = "PLinq_2", "TipsAndTricks\PLinq\PLinq_2\PLinq_2.csproj", "{3F69720E-757E-48EA-AB3C-08DA719C11A7}"
EndProject
Project("{2150E333-8FDC-42A3-9474-1A3956D46DE8}") = "IAsyncEnumerable", "IAsyncEnumerable", "{4FBD1C9A-7807-436D-9D35-C8EA47894434}"
EndProject
Project("{FAE04EC0-301F-11D3-BF4B-00C04F79EFBC}") = "IAsyncEnumerable_1", "TipsAndTricks\Linq\IAsyncEnumerable\IAsyncEnumerable_1\IAsyncEnumerable_1.csproj", "{437C7688-D5D1-4680-92D1-09ACD2639823}"
EndProject
Project("{FAE04EC0-301F-11D3-BF4B-00C04F79EFBC}") = "IAsyncEnumerable_2", "TipsAndTricks\Linq\IAsyncEnumerable\IAsyncEnumerable_2\IAsyncEnumerable_2.csproj", "{AA349CE3-D72D-40D6-89E1-DBC66A0AC519}"
EndProject
Project("{FAE04EC0-301F-11D3-BF4B-00C04F79EFBC}") = "IAsyncEnumerable_3", "TipsAndTricks\Linq\IAsyncEnumerable\IAsyncEnumerable_3\IAsyncEnumerable_3.csproj", "{2759C6EA-043D-484E-9262-57C33DFE6FD2}"
EndProject
Project("{2150E333-8FDC-42A3-9474-1A3956D46DE8}") = "ModernArchitectures", "ModernArchitectures", "{7A58A34D-344C-40B3-9BC0-3E3D24DF52ED}"
EndProject
Project("{2150E333-8FDC-42A3-9474-1A3956D46DE8}") = "Mediator", "Mediator", "{1E75DDAB-D908-4918-B7B0-B4360FEBB120}"
ProjectSection(SolutionItems) = preProject
	ModernArchitectures\CQRS\Mediator\docker-compose.yml = ModernArchitectures\CQRS\Mediator\docker-compose.yml
EndProjectSection
EndProject
Project("{FAE04EC0-301F-11D3-BF4B-00C04F79EFBC}") = "CQRS.Core", "ModernArchitectures\CQRS\Mediator\CQRS.Core\CQRS.Core.csproj", "{601D2751-6607-4C7A-AE77-669B395716B3}"
EndProject
Project("{FAE04EC0-301F-11D3-BF4B-00C04F79EFBC}") = "CQRS.WriteSide", "ModernArchitectures\CQRS\Mediator\CQRS.WriteSide\CQRS.WriteSide.csproj", "{93A1197F-5E68-44CD-A27B-87257D69245C}"
EndProject
Project("{FAE04EC0-301F-11D3-BF4B-00C04F79EFBC}") = "CQRS.Core.Infrastructure", "ModernArchitectures\CQRS\Mediator\CQRS.Core.Infrastructure\CQRS.Core.Infrastructure.csproj", "{0D25480B-DC85-415B-BF01-8E0F5235A196}"
EndProject
Project("{FAE04EC0-301F-11D3-BF4B-00C04F79EFBC}") = "CQRS.ReadSide", "ModernArchitectures\CQRS\Mediator\CQRS.ReadSide\CQRS.ReadSide.csproj", "{EDE24435-CBD1-4649-828F-FD1DB42688E6}"
EndProject
Project("{FAE04EC0-301F-11D3-BF4B-00C04F79EFBC}") = "CQRS.Model", "ModernArchitectures\CQRS\Mediator\CQRS.Model\CQRS.Model.csproj", "{B723A81C-2623-4377-A55D-D3517198CC59}"
EndProject
Global
	GlobalSection(SolutionConfigurationPlatforms) = preSolution
		Debug|Any CPU = Debug|Any CPU
		Debug|x64 = Debug|x64
		Debug|x86 = Debug|x86
		Release|Any CPU = Release|Any CPU
		Release|x64 = Release|x64
		Release|x86 = Release|x86
	EndGlobalSection
	GlobalSection(SolutionProperties) = preSolution
		HideSolutionNode = FALSE
	EndGlobalSection
	GlobalSection(ProjectConfigurationPlatforms) = postSolution
		{A1E8B811-7D5A-43D5-ADFE-ECFF8761322F}.Debug|Any CPU.ActiveCfg = Debug|Any CPU
		{A1E8B811-7D5A-43D5-ADFE-ECFF8761322F}.Debug|Any CPU.Build.0 = Debug|Any CPU
		{A1E8B811-7D5A-43D5-ADFE-ECFF8761322F}.Debug|x64.ActiveCfg = Debug|x64
		{A1E8B811-7D5A-43D5-ADFE-ECFF8761322F}.Debug|x64.Build.0 = Debug|x64
		{A1E8B811-7D5A-43D5-ADFE-ECFF8761322F}.Debug|x86.ActiveCfg = Debug|x86
		{A1E8B811-7D5A-43D5-ADFE-ECFF8761322F}.Debug|x86.Build.0 = Debug|x86
		{A1E8B811-7D5A-43D5-ADFE-ECFF8761322F}.Release|Any CPU.ActiveCfg = Release|Any CPU
		{A1E8B811-7D5A-43D5-ADFE-ECFF8761322F}.Release|Any CPU.Build.0 = Release|Any CPU
		{A1E8B811-7D5A-43D5-ADFE-ECFF8761322F}.Release|x64.ActiveCfg = Release|x64
		{A1E8B811-7D5A-43D5-ADFE-ECFF8761322F}.Release|x64.Build.0 = Release|x64
		{A1E8B811-7D5A-43D5-ADFE-ECFF8761322F}.Release|x86.ActiveCfg = Release|x86
		{A1E8B811-7D5A-43D5-ADFE-ECFF8761322F}.Release|x86.Build.0 = Release|x86
		{3EB9607E-2AC3-41B0-97E2-17BC190D8CA0}.Debug|Any CPU.ActiveCfg = Debug|Any CPU
		{3EB9607E-2AC3-41B0-97E2-17BC190D8CA0}.Debug|Any CPU.Build.0 = Debug|Any CPU
		{3EB9607E-2AC3-41B0-97E2-17BC190D8CA0}.Debug|x64.ActiveCfg = Debug|x64
		{3EB9607E-2AC3-41B0-97E2-17BC190D8CA0}.Debug|x64.Build.0 = Debug|x64
		{3EB9607E-2AC3-41B0-97E2-17BC190D8CA0}.Debug|x86.ActiveCfg = Debug|x86
		{3EB9607E-2AC3-41B0-97E2-17BC190D8CA0}.Debug|x86.Build.0 = Debug|x86
		{3EB9607E-2AC3-41B0-97E2-17BC190D8CA0}.Release|Any CPU.ActiveCfg = Release|Any CPU
		{3EB9607E-2AC3-41B0-97E2-17BC190D8CA0}.Release|Any CPU.Build.0 = Release|Any CPU
		{3EB9607E-2AC3-41B0-97E2-17BC190D8CA0}.Release|x64.ActiveCfg = Release|x64
		{3EB9607E-2AC3-41B0-97E2-17BC190D8CA0}.Release|x64.Build.0 = Release|x64
		{3EB9607E-2AC3-41B0-97E2-17BC190D8CA0}.Release|x86.ActiveCfg = Release|x86
		{3EB9607E-2AC3-41B0-97E2-17BC190D8CA0}.Release|x86.Build.0 = Release|x86
		{1A0C033F-FB7B-47F2-AFDD-63429B52D2FC}.Debug|Any CPU.ActiveCfg = Debug|Any CPU
		{1A0C033F-FB7B-47F2-AFDD-63429B52D2FC}.Debug|Any CPU.Build.0 = Debug|Any CPU
		{1A0C033F-FB7B-47F2-AFDD-63429B52D2FC}.Debug|x64.ActiveCfg = Debug|x64
		{1A0C033F-FB7B-47F2-AFDD-63429B52D2FC}.Debug|x64.Build.0 = Debug|x64
		{1A0C033F-FB7B-47F2-AFDD-63429B52D2FC}.Debug|x86.ActiveCfg = Debug|x86
		{1A0C033F-FB7B-47F2-AFDD-63429B52D2FC}.Debug|x86.Build.0 = Debug|x86
		{1A0C033F-FB7B-47F2-AFDD-63429B52D2FC}.Release|Any CPU.ActiveCfg = Release|Any CPU
		{1A0C033F-FB7B-47F2-AFDD-63429B52D2FC}.Release|Any CPU.Build.0 = Release|Any CPU
		{1A0C033F-FB7B-47F2-AFDD-63429B52D2FC}.Release|x64.ActiveCfg = Release|x64
		{1A0C033F-FB7B-47F2-AFDD-63429B52D2FC}.Release|x64.Build.0 = Release|x64
		{1A0C033F-FB7B-47F2-AFDD-63429B52D2FC}.Release|x86.ActiveCfg = Release|x86
		{1A0C033F-FB7B-47F2-AFDD-63429B52D2FC}.Release|x86.Build.0 = Release|x86
		{6CF17EB2-21BD-4B9D-B21F-B0369A6F6702}.Debug|Any CPU.ActiveCfg = Debug|Any CPU
		{6CF17EB2-21BD-4B9D-B21F-B0369A6F6702}.Debug|Any CPU.Build.0 = Debug|Any CPU
		{6CF17EB2-21BD-4B9D-B21F-B0369A6F6702}.Debug|x64.ActiveCfg = Debug|x64
		{6CF17EB2-21BD-4B9D-B21F-B0369A6F6702}.Debug|x64.Build.0 = Debug|x64
		{6CF17EB2-21BD-4B9D-B21F-B0369A6F6702}.Debug|x86.ActiveCfg = Debug|x86
		{6CF17EB2-21BD-4B9D-B21F-B0369A6F6702}.Debug|x86.Build.0 = Debug|x86
		{6CF17EB2-21BD-4B9D-B21F-B0369A6F6702}.Release|Any CPU.ActiveCfg = Release|Any CPU
		{6CF17EB2-21BD-4B9D-B21F-B0369A6F6702}.Release|Any CPU.Build.0 = Release|Any CPU
		{6CF17EB2-21BD-4B9D-B21F-B0369A6F6702}.Release|x64.ActiveCfg = Release|x64
		{6CF17EB2-21BD-4B9D-B21F-B0369A6F6702}.Release|x64.Build.0 = Release|x64
		{6CF17EB2-21BD-4B9D-B21F-B0369A6F6702}.Release|x86.ActiveCfg = Release|x86
		{6CF17EB2-21BD-4B9D-B21F-B0369A6F6702}.Release|x86.Build.0 = Release|x86
		{B15B8FFE-5388-4731-9126-44BA4E0C5B9E}.Debug|Any CPU.ActiveCfg = Debug|Any CPU
		{B15B8FFE-5388-4731-9126-44BA4E0C5B9E}.Debug|Any CPU.Build.0 = Debug|Any CPU
		{B15B8FFE-5388-4731-9126-44BA4E0C5B9E}.Debug|x64.ActiveCfg = Debug|x64
		{B15B8FFE-5388-4731-9126-44BA4E0C5B9E}.Debug|x64.Build.0 = Debug|x64
		{B15B8FFE-5388-4731-9126-44BA4E0C5B9E}.Debug|x86.ActiveCfg = Debug|x86
		{B15B8FFE-5388-4731-9126-44BA4E0C5B9E}.Debug|x86.Build.0 = Debug|x86
		{B15B8FFE-5388-4731-9126-44BA4E0C5B9E}.Release|Any CPU.ActiveCfg = Release|Any CPU
		{B15B8FFE-5388-4731-9126-44BA4E0C5B9E}.Release|Any CPU.Build.0 = Release|Any CPU
		{B15B8FFE-5388-4731-9126-44BA4E0C5B9E}.Release|x64.ActiveCfg = Release|x64
		{B15B8FFE-5388-4731-9126-44BA4E0C5B9E}.Release|x64.Build.0 = Release|x64
		{B15B8FFE-5388-4731-9126-44BA4E0C5B9E}.Release|x86.ActiveCfg = Release|x86
		{B15B8FFE-5388-4731-9126-44BA4E0C5B9E}.Release|x86.Build.0 = Release|x86
		{ED31BB93-748C-4268-8EC6-7496B3D1C3D5}.Debug|Any CPU.ActiveCfg = Debug|Any CPU
		{ED31BB93-748C-4268-8EC6-7496B3D1C3D5}.Debug|Any CPU.Build.0 = Debug|Any CPU
		{ED31BB93-748C-4268-8EC6-7496B3D1C3D5}.Debug|x64.ActiveCfg = Debug|x64
		{ED31BB93-748C-4268-8EC6-7496B3D1C3D5}.Debug|x64.Build.0 = Debug|x64
		{ED31BB93-748C-4268-8EC6-7496B3D1C3D5}.Debug|x86.ActiveCfg = Debug|x86
		{ED31BB93-748C-4268-8EC6-7496B3D1C3D5}.Debug|x86.Build.0 = Debug|x86
		{ED31BB93-748C-4268-8EC6-7496B3D1C3D5}.Release|Any CPU.ActiveCfg = Release|Any CPU
		{ED31BB93-748C-4268-8EC6-7496B3D1C3D5}.Release|Any CPU.Build.0 = Release|Any CPU
		{ED31BB93-748C-4268-8EC6-7496B3D1C3D5}.Release|x64.ActiveCfg = Release|x64
		{ED31BB93-748C-4268-8EC6-7496B3D1C3D5}.Release|x64.Build.0 = Release|x64
		{ED31BB93-748C-4268-8EC6-7496B3D1C3D5}.Release|x86.ActiveCfg = Release|x86
		{ED31BB93-748C-4268-8EC6-7496B3D1C3D5}.Release|x86.Build.0 = Release|x86
		{6A580778-1581-48D8-B043-930119EDB03B}.Debug|Any CPU.ActiveCfg = Debug|Any CPU
		{6A580778-1581-48D8-B043-930119EDB03B}.Debug|Any CPU.Build.0 = Debug|Any CPU
		{6A580778-1581-48D8-B043-930119EDB03B}.Debug|x64.ActiveCfg = Debug|x64
		{6A580778-1581-48D8-B043-930119EDB03B}.Debug|x64.Build.0 = Debug|x64
		{6A580778-1581-48D8-B043-930119EDB03B}.Debug|x86.ActiveCfg = Debug|x86
		{6A580778-1581-48D8-B043-930119EDB03B}.Debug|x86.Build.0 = Debug|x86
		{6A580778-1581-48D8-B043-930119EDB03B}.Release|Any CPU.ActiveCfg = Release|Any CPU
		{6A580778-1581-48D8-B043-930119EDB03B}.Release|Any CPU.Build.0 = Release|Any CPU
		{6A580778-1581-48D8-B043-930119EDB03B}.Release|x64.ActiveCfg = Release|x64
		{6A580778-1581-48D8-B043-930119EDB03B}.Release|x64.Build.0 = Release|x64
		{6A580778-1581-48D8-B043-930119EDB03B}.Release|x86.ActiveCfg = Release|x86
		{6A580778-1581-48D8-B043-930119EDB03B}.Release|x86.Build.0 = Release|x86
		{7D96B909-B99A-4097-8919-B6887C0AAE5D}.Debug|Any CPU.ActiveCfg = Debug|Any CPU
		{7D96B909-B99A-4097-8919-B6887C0AAE5D}.Debug|Any CPU.Build.0 = Debug|Any CPU
		{7D96B909-B99A-4097-8919-B6887C0AAE5D}.Debug|x64.ActiveCfg = Debug|x64
		{7D96B909-B99A-4097-8919-B6887C0AAE5D}.Debug|x64.Build.0 = Debug|x64
		{7D96B909-B99A-4097-8919-B6887C0AAE5D}.Debug|x86.ActiveCfg = Debug|x86
		{7D96B909-B99A-4097-8919-B6887C0AAE5D}.Debug|x86.Build.0 = Debug|x86
		{7D96B909-B99A-4097-8919-B6887C0AAE5D}.Release|Any CPU.ActiveCfg = Release|Any CPU
		{7D96B909-B99A-4097-8919-B6887C0AAE5D}.Release|Any CPU.Build.0 = Release|Any CPU
		{7D96B909-B99A-4097-8919-B6887C0AAE5D}.Release|x64.ActiveCfg = Release|x64
		{7D96B909-B99A-4097-8919-B6887C0AAE5D}.Release|x64.Build.0 = Release|x64
		{7D96B909-B99A-4097-8919-B6887C0AAE5D}.Release|x86.ActiveCfg = Release|x86
		{7D96B909-B99A-4097-8919-B6887C0AAE5D}.Release|x86.Build.0 = Release|x86
		{AF61A0F6-AD7B-40A3-9A5C-7A8943F431D1}.Debug|Any CPU.ActiveCfg = Debug|Any CPU
		{AF61A0F6-AD7B-40A3-9A5C-7A8943F431D1}.Debug|Any CPU.Build.0 = Debug|Any CPU
		{AF61A0F6-AD7B-40A3-9A5C-7A8943F431D1}.Debug|x64.ActiveCfg = Debug|x64
		{AF61A0F6-AD7B-40A3-9A5C-7A8943F431D1}.Debug|x64.Build.0 = Debug|x64
		{AF61A0F6-AD7B-40A3-9A5C-7A8943F431D1}.Debug|x86.ActiveCfg = Debug|x86
		{AF61A0F6-AD7B-40A3-9A5C-7A8943F431D1}.Debug|x86.Build.0 = Debug|x86
		{AF61A0F6-AD7B-40A3-9A5C-7A8943F431D1}.Release|Any CPU.ActiveCfg = Release|Any CPU
		{AF61A0F6-AD7B-40A3-9A5C-7A8943F431D1}.Release|Any CPU.Build.0 = Release|Any CPU
		{AF61A0F6-AD7B-40A3-9A5C-7A8943F431D1}.Release|x64.ActiveCfg = Release|x64
		{AF61A0F6-AD7B-40A3-9A5C-7A8943F431D1}.Release|x64.Build.0 = Release|x64
		{AF61A0F6-AD7B-40A3-9A5C-7A8943F431D1}.Release|x86.ActiveCfg = Release|x86
		{AF61A0F6-AD7B-40A3-9A5C-7A8943F431D1}.Release|x86.Build.0 = Release|x86
		{231EDBE4-0B4C-478D-9107-A38A83D24C34}.Debug|Any CPU.ActiveCfg = Debug|Any CPU
		{231EDBE4-0B4C-478D-9107-A38A83D24C34}.Debug|Any CPU.Build.0 = Debug|Any CPU
		{231EDBE4-0B4C-478D-9107-A38A83D24C34}.Debug|x64.ActiveCfg = Debug|x64
		{231EDBE4-0B4C-478D-9107-A38A83D24C34}.Debug|x64.Build.0 = Debug|x64
		{231EDBE4-0B4C-478D-9107-A38A83D24C34}.Debug|x86.ActiveCfg = Debug|x86
		{231EDBE4-0B4C-478D-9107-A38A83D24C34}.Debug|x86.Build.0 = Debug|x86
		{231EDBE4-0B4C-478D-9107-A38A83D24C34}.Release|Any CPU.ActiveCfg = Release|Any CPU
		{231EDBE4-0B4C-478D-9107-A38A83D24C34}.Release|Any CPU.Build.0 = Release|Any CPU
		{231EDBE4-0B4C-478D-9107-A38A83D24C34}.Release|x64.ActiveCfg = Release|x64
		{231EDBE4-0B4C-478D-9107-A38A83D24C34}.Release|x64.Build.0 = Release|x64
		{231EDBE4-0B4C-478D-9107-A38A83D24C34}.Release|x86.ActiveCfg = Release|x86
		{231EDBE4-0B4C-478D-9107-A38A83D24C34}.Release|x86.Build.0 = Release|x86
		{F8D8990E-E832-4A5E-9572-5BCF3F22DB05}.Debug|Any CPU.ActiveCfg = Debug|Any CPU
		{F8D8990E-E832-4A5E-9572-5BCF3F22DB05}.Debug|Any CPU.Build.0 = Debug|Any CPU
		{F8D8990E-E832-4A5E-9572-5BCF3F22DB05}.Debug|x64.ActiveCfg = Debug|x64
		{F8D8990E-E832-4A5E-9572-5BCF3F22DB05}.Debug|x64.Build.0 = Debug|x64
		{F8D8990E-E832-4A5E-9572-5BCF3F22DB05}.Debug|x86.ActiveCfg = Debug|x86
		{F8D8990E-E832-4A5E-9572-5BCF3F22DB05}.Debug|x86.Build.0 = Debug|x86
		{F8D8990E-E832-4A5E-9572-5BCF3F22DB05}.Release|Any CPU.ActiveCfg = Release|Any CPU
		{F8D8990E-E832-4A5E-9572-5BCF3F22DB05}.Release|Any CPU.Build.0 = Release|Any CPU
		{F8D8990E-E832-4A5E-9572-5BCF3F22DB05}.Release|x64.ActiveCfg = Release|x64
		{F8D8990E-E832-4A5E-9572-5BCF3F22DB05}.Release|x64.Build.0 = Release|x64
		{F8D8990E-E832-4A5E-9572-5BCF3F22DB05}.Release|x86.ActiveCfg = Release|x86
		{F8D8990E-E832-4A5E-9572-5BCF3F22DB05}.Release|x86.Build.0 = Release|x86
		{21801BE1-B8E7-4F3C-A0AF-60D4D75D6DAA}.Debug|Any CPU.ActiveCfg = Debug|Any CPU
		{21801BE1-B8E7-4F3C-A0AF-60D4D75D6DAA}.Debug|Any CPU.Build.0 = Debug|Any CPU
		{21801BE1-B8E7-4F3C-A0AF-60D4D75D6DAA}.Debug|x64.ActiveCfg = Debug|x64
		{21801BE1-B8E7-4F3C-A0AF-60D4D75D6DAA}.Debug|x64.Build.0 = Debug|x64
		{21801BE1-B8E7-4F3C-A0AF-60D4D75D6DAA}.Debug|x86.ActiveCfg = Debug|x86
		{21801BE1-B8E7-4F3C-A0AF-60D4D75D6DAA}.Debug|x86.Build.0 = Debug|x86
		{21801BE1-B8E7-4F3C-A0AF-60D4D75D6DAA}.Release|Any CPU.ActiveCfg = Release|Any CPU
		{21801BE1-B8E7-4F3C-A0AF-60D4D75D6DAA}.Release|Any CPU.Build.0 = Release|Any CPU
		{21801BE1-B8E7-4F3C-A0AF-60D4D75D6DAA}.Release|x64.ActiveCfg = Release|x64
		{21801BE1-B8E7-4F3C-A0AF-60D4D75D6DAA}.Release|x64.Build.0 = Release|x64
		{21801BE1-B8E7-4F3C-A0AF-60D4D75D6DAA}.Release|x86.ActiveCfg = Release|x86
		{21801BE1-B8E7-4F3C-A0AF-60D4D75D6DAA}.Release|x86.Build.0 = Release|x86
		{8AB8753C-885F-4DDC-BA2C-CAC1FF13C99D}.Debug|Any CPU.ActiveCfg = Debug|Any CPU
		{8AB8753C-885F-4DDC-BA2C-CAC1FF13C99D}.Debug|Any CPU.Build.0 = Debug|Any CPU
		{8AB8753C-885F-4DDC-BA2C-CAC1FF13C99D}.Debug|x64.ActiveCfg = Debug|x64
		{8AB8753C-885F-4DDC-BA2C-CAC1FF13C99D}.Debug|x64.Build.0 = Debug|x64
		{8AB8753C-885F-4DDC-BA2C-CAC1FF13C99D}.Debug|x86.ActiveCfg = Debug|x86
		{8AB8753C-885F-4DDC-BA2C-CAC1FF13C99D}.Debug|x86.Build.0 = Debug|x86
		{8AB8753C-885F-4DDC-BA2C-CAC1FF13C99D}.Release|Any CPU.ActiveCfg = Release|Any CPU
		{8AB8753C-885F-4DDC-BA2C-CAC1FF13C99D}.Release|Any CPU.Build.0 = Release|Any CPU
		{8AB8753C-885F-4DDC-BA2C-CAC1FF13C99D}.Release|x64.ActiveCfg = Release|x64
		{8AB8753C-885F-4DDC-BA2C-CAC1FF13C99D}.Release|x64.Build.0 = Release|x64
		{8AB8753C-885F-4DDC-BA2C-CAC1FF13C99D}.Release|x86.ActiveCfg = Release|x86
		{8AB8753C-885F-4DDC-BA2C-CAC1FF13C99D}.Release|x86.Build.0 = Release|x86
		{2F6A2584-B187-420C-B314-A6756E1EE4AC}.Debug|Any CPU.ActiveCfg = Debug|Any CPU
		{2F6A2584-B187-420C-B314-A6756E1EE4AC}.Debug|Any CPU.Build.0 = Debug|Any CPU
		{2F6A2584-B187-420C-B314-A6756E1EE4AC}.Debug|x64.ActiveCfg = Debug|Any CPU
		{2F6A2584-B187-420C-B314-A6756E1EE4AC}.Debug|x64.Build.0 = Debug|Any CPU
		{2F6A2584-B187-420C-B314-A6756E1EE4AC}.Debug|x86.ActiveCfg = Debug|Any CPU
		{2F6A2584-B187-420C-B314-A6756E1EE4AC}.Debug|x86.Build.0 = Debug|Any CPU
		{2F6A2584-B187-420C-B314-A6756E1EE4AC}.Release|Any CPU.ActiveCfg = Release|Any CPU
		{2F6A2584-B187-420C-B314-A6756E1EE4AC}.Release|Any CPU.Build.0 = Release|Any CPU
		{2F6A2584-B187-420C-B314-A6756E1EE4AC}.Release|x64.ActiveCfg = Release|Any CPU
		{2F6A2584-B187-420C-B314-A6756E1EE4AC}.Release|x64.Build.0 = Release|Any CPU
		{2F6A2584-B187-420C-B314-A6756E1EE4AC}.Release|x86.ActiveCfg = Release|Any CPU
		{2F6A2584-B187-420C-B314-A6756E1EE4AC}.Release|x86.Build.0 = Release|Any CPU
		{2764A22B-04A7-41B8-AE51-DD6B3E179E77}.Debug|Any CPU.ActiveCfg = Debug|Any CPU
		{2764A22B-04A7-41B8-AE51-DD6B3E179E77}.Debug|Any CPU.Build.0 = Debug|Any CPU
		{2764A22B-04A7-41B8-AE51-DD6B3E179E77}.Debug|x64.ActiveCfg = Debug|x64
		{2764A22B-04A7-41B8-AE51-DD6B3E179E77}.Debug|x64.Build.0 = Debug|x64
		{2764A22B-04A7-41B8-AE51-DD6B3E179E77}.Debug|x86.ActiveCfg = Debug|x86
		{2764A22B-04A7-41B8-AE51-DD6B3E179E77}.Debug|x86.Build.0 = Debug|x86
		{2764A22B-04A7-41B8-AE51-DD6B3E179E77}.Release|Any CPU.ActiveCfg = Release|Any CPU
		{2764A22B-04A7-41B8-AE51-DD6B3E179E77}.Release|Any CPU.Build.0 = Release|Any CPU
		{2764A22B-04A7-41B8-AE51-DD6B3E179E77}.Release|x64.ActiveCfg = Release|x64
		{2764A22B-04A7-41B8-AE51-DD6B3E179E77}.Release|x64.Build.0 = Release|x64
		{2764A22B-04A7-41B8-AE51-DD6B3E179E77}.Release|x86.ActiveCfg = Release|x86
		{2764A22B-04A7-41B8-AE51-DD6B3E179E77}.Release|x86.Build.0 = Release|x86
		{430506AA-7427-4036-9CE6-A70FA6C1C094}.Debug|Any CPU.ActiveCfg = Debug|Any CPU
		{430506AA-7427-4036-9CE6-A70FA6C1C094}.Debug|Any CPU.Build.0 = Debug|Any CPU
		{430506AA-7427-4036-9CE6-A70FA6C1C094}.Debug|x64.ActiveCfg = Debug|x64
		{430506AA-7427-4036-9CE6-A70FA6C1C094}.Debug|x64.Build.0 = Debug|x64
		{430506AA-7427-4036-9CE6-A70FA6C1C094}.Debug|x86.ActiveCfg = Debug|x86
		{430506AA-7427-4036-9CE6-A70FA6C1C094}.Debug|x86.Build.0 = Debug|x86
		{430506AA-7427-4036-9CE6-A70FA6C1C094}.Release|Any CPU.ActiveCfg = Release|Any CPU
		{430506AA-7427-4036-9CE6-A70FA6C1C094}.Release|Any CPU.Build.0 = Release|Any CPU
		{430506AA-7427-4036-9CE6-A70FA6C1C094}.Release|x64.ActiveCfg = Release|x64
		{430506AA-7427-4036-9CE6-A70FA6C1C094}.Release|x64.Build.0 = Release|x64
		{430506AA-7427-4036-9CE6-A70FA6C1C094}.Release|x86.ActiveCfg = Release|x86
		{430506AA-7427-4036-9CE6-A70FA6C1C094}.Release|x86.Build.0 = Release|x86
		{521BC838-E4D0-4081-AC51-77A284E72A4D}.Debug|Any CPU.ActiveCfg = Debug|Any CPU
		{521BC838-E4D0-4081-AC51-77A284E72A4D}.Debug|Any CPU.Build.0 = Debug|Any CPU
		{521BC838-E4D0-4081-AC51-77A284E72A4D}.Debug|x64.ActiveCfg = Debug|x64
		{521BC838-E4D0-4081-AC51-77A284E72A4D}.Debug|x64.Build.0 = Debug|x64
		{521BC838-E4D0-4081-AC51-77A284E72A4D}.Debug|x86.ActiveCfg = Debug|x86
		{521BC838-E4D0-4081-AC51-77A284E72A4D}.Debug|x86.Build.0 = Debug|x86
		{521BC838-E4D0-4081-AC51-77A284E72A4D}.Release|Any CPU.ActiveCfg = Release|Any CPU
		{521BC838-E4D0-4081-AC51-77A284E72A4D}.Release|Any CPU.Build.0 = Release|Any CPU
		{521BC838-E4D0-4081-AC51-77A284E72A4D}.Release|x64.ActiveCfg = Release|x64
		{521BC838-E4D0-4081-AC51-77A284E72A4D}.Release|x64.Build.0 = Release|x64
		{521BC838-E4D0-4081-AC51-77A284E72A4D}.Release|x86.ActiveCfg = Release|x86
		{521BC838-E4D0-4081-AC51-77A284E72A4D}.Release|x86.Build.0 = Release|x86
		{25BAC296-A1F0-44D5-8CD6-5D63A5B2B5D8}.Debug|Any CPU.ActiveCfg = Debug|Any CPU
		{25BAC296-A1F0-44D5-8CD6-5D63A5B2B5D8}.Debug|Any CPU.Build.0 = Debug|Any CPU
		{25BAC296-A1F0-44D5-8CD6-5D63A5B2B5D8}.Debug|x64.ActiveCfg = Debug|x64
		{25BAC296-A1F0-44D5-8CD6-5D63A5B2B5D8}.Debug|x64.Build.0 = Debug|x64
		{25BAC296-A1F0-44D5-8CD6-5D63A5B2B5D8}.Debug|x86.ActiveCfg = Debug|x86
		{25BAC296-A1F0-44D5-8CD6-5D63A5B2B5D8}.Debug|x86.Build.0 = Debug|x86
		{25BAC296-A1F0-44D5-8CD6-5D63A5B2B5D8}.Release|Any CPU.ActiveCfg = Release|Any CPU
		{25BAC296-A1F0-44D5-8CD6-5D63A5B2B5D8}.Release|Any CPU.Build.0 = Release|Any CPU
		{25BAC296-A1F0-44D5-8CD6-5D63A5B2B5D8}.Release|x64.ActiveCfg = Release|x64
		{25BAC296-A1F0-44D5-8CD6-5D63A5B2B5D8}.Release|x64.Build.0 = Release|x64
		{25BAC296-A1F0-44D5-8CD6-5D63A5B2B5D8}.Release|x86.ActiveCfg = Release|x86
		{25BAC296-A1F0-44D5-8CD6-5D63A5B2B5D8}.Release|x86.Build.0 = Release|x86
		{4749A045-4F61-4AFE-8052-8A9B35AE5707}.Debug|Any CPU.ActiveCfg = Debug|Any CPU
		{4749A045-4F61-4AFE-8052-8A9B35AE5707}.Debug|Any CPU.Build.0 = Debug|Any CPU
		{4749A045-4F61-4AFE-8052-8A9B35AE5707}.Debug|x64.ActiveCfg = Debug|x64
		{4749A045-4F61-4AFE-8052-8A9B35AE5707}.Debug|x64.Build.0 = Debug|x64
		{4749A045-4F61-4AFE-8052-8A9B35AE5707}.Debug|x86.ActiveCfg = Debug|x86
		{4749A045-4F61-4AFE-8052-8A9B35AE5707}.Debug|x86.Build.0 = Debug|x86
		{4749A045-4F61-4AFE-8052-8A9B35AE5707}.Release|Any CPU.ActiveCfg = Release|Any CPU
		{4749A045-4F61-4AFE-8052-8A9B35AE5707}.Release|Any CPU.Build.0 = Release|Any CPU
		{4749A045-4F61-4AFE-8052-8A9B35AE5707}.Release|x64.ActiveCfg = Release|x64
		{4749A045-4F61-4AFE-8052-8A9B35AE5707}.Release|x64.Build.0 = Release|x64
		{4749A045-4F61-4AFE-8052-8A9B35AE5707}.Release|x86.ActiveCfg = Release|x86
		{4749A045-4F61-4AFE-8052-8A9B35AE5707}.Release|x86.Build.0 = Release|x86
		{9408D03B-8962-460A-A3F0-EFFC8E980375}.Debug|Any CPU.ActiveCfg = Debug|Any CPU
		{9408D03B-8962-460A-A3F0-EFFC8E980375}.Debug|Any CPU.Build.0 = Debug|Any CPU
		{9408D03B-8962-460A-A3F0-EFFC8E980375}.Debug|x64.ActiveCfg = Debug|x64
		{9408D03B-8962-460A-A3F0-EFFC8E980375}.Debug|x64.Build.0 = Debug|x64
		{9408D03B-8962-460A-A3F0-EFFC8E980375}.Debug|x86.ActiveCfg = Debug|x86
		{9408D03B-8962-460A-A3F0-EFFC8E980375}.Debug|x86.Build.0 = Debug|x86
		{9408D03B-8962-460A-A3F0-EFFC8E980375}.Release|Any CPU.ActiveCfg = Release|Any CPU
		{9408D03B-8962-460A-A3F0-EFFC8E980375}.Release|Any CPU.Build.0 = Release|Any CPU
		{9408D03B-8962-460A-A3F0-EFFC8E980375}.Release|x64.ActiveCfg = Release|x64
		{9408D03B-8962-460A-A3F0-EFFC8E980375}.Release|x64.Build.0 = Release|x64
		{9408D03B-8962-460A-A3F0-EFFC8E980375}.Release|x86.ActiveCfg = Release|x86
		{9408D03B-8962-460A-A3F0-EFFC8E980375}.Release|x86.Build.0 = Release|x86
		{C58F3C52-1D56-4575-9F12-D7167EBD14FD}.Debug|Any CPU.ActiveCfg = Debug|Any CPU
		{C58F3C52-1D56-4575-9F12-D7167EBD14FD}.Debug|Any CPU.Build.0 = Debug|Any CPU
		{C58F3C52-1D56-4575-9F12-D7167EBD14FD}.Debug|x64.ActiveCfg = Debug|x64
		{C58F3C52-1D56-4575-9F12-D7167EBD14FD}.Debug|x64.Build.0 = Debug|x64
		{C58F3C52-1D56-4575-9F12-D7167EBD14FD}.Debug|x86.ActiveCfg = Debug|x86
		{C58F3C52-1D56-4575-9F12-D7167EBD14FD}.Debug|x86.Build.0 = Debug|x86
		{C58F3C52-1D56-4575-9F12-D7167EBD14FD}.Release|Any CPU.ActiveCfg = Release|Any CPU
		{C58F3C52-1D56-4575-9F12-D7167EBD14FD}.Release|Any CPU.Build.0 = Release|Any CPU
		{C58F3C52-1D56-4575-9F12-D7167EBD14FD}.Release|x64.ActiveCfg = Release|x64
		{C58F3C52-1D56-4575-9F12-D7167EBD14FD}.Release|x64.Build.0 = Release|x64
		{C58F3C52-1D56-4575-9F12-D7167EBD14FD}.Release|x86.ActiveCfg = Release|x86
		{C58F3C52-1D56-4575-9F12-D7167EBD14FD}.Release|x86.Build.0 = Release|x86
		{72309CC2-1941-43BC-AF2D-99D4E3B73469}.Debug|Any CPU.ActiveCfg = Debug|Any CPU
		{72309CC2-1941-43BC-AF2D-99D4E3B73469}.Debug|Any CPU.Build.0 = Debug|Any CPU
		{72309CC2-1941-43BC-AF2D-99D4E3B73469}.Debug|x64.ActiveCfg = Debug|x64
		{72309CC2-1941-43BC-AF2D-99D4E3B73469}.Debug|x64.Build.0 = Debug|x64
		{72309CC2-1941-43BC-AF2D-99D4E3B73469}.Debug|x86.ActiveCfg = Debug|x86
		{72309CC2-1941-43BC-AF2D-99D4E3B73469}.Debug|x86.Build.0 = Debug|x86
		{72309CC2-1941-43BC-AF2D-99D4E3B73469}.Release|Any CPU.ActiveCfg = Release|Any CPU
		{72309CC2-1941-43BC-AF2D-99D4E3B73469}.Release|Any CPU.Build.0 = Release|Any CPU
		{72309CC2-1941-43BC-AF2D-99D4E3B73469}.Release|x64.ActiveCfg = Release|x64
		{72309CC2-1941-43BC-AF2D-99D4E3B73469}.Release|x64.Build.0 = Release|x64
		{72309CC2-1941-43BC-AF2D-99D4E3B73469}.Release|x86.ActiveCfg = Release|x86
		{72309CC2-1941-43BC-AF2D-99D4E3B73469}.Release|x86.Build.0 = Release|x86
		{AAFE16E4-4FCE-4DB4-A63F-433287FD563A}.Debug|Any CPU.ActiveCfg = Debug|Any CPU
		{AAFE16E4-4FCE-4DB4-A63F-433287FD563A}.Debug|Any CPU.Build.0 = Debug|Any CPU
		{AAFE16E4-4FCE-4DB4-A63F-433287FD563A}.Debug|x64.ActiveCfg = Debug|x64
		{AAFE16E4-4FCE-4DB4-A63F-433287FD563A}.Debug|x64.Build.0 = Debug|x64
		{AAFE16E4-4FCE-4DB4-A63F-433287FD563A}.Debug|x86.ActiveCfg = Debug|x86
		{AAFE16E4-4FCE-4DB4-A63F-433287FD563A}.Debug|x86.Build.0 = Debug|x86
		{AAFE16E4-4FCE-4DB4-A63F-433287FD563A}.Release|Any CPU.ActiveCfg = Release|Any CPU
		{AAFE16E4-4FCE-4DB4-A63F-433287FD563A}.Release|Any CPU.Build.0 = Release|Any CPU
		{AAFE16E4-4FCE-4DB4-A63F-433287FD563A}.Release|x64.ActiveCfg = Release|x64
		{AAFE16E4-4FCE-4DB4-A63F-433287FD563A}.Release|x64.Build.0 = Release|x64
		{AAFE16E4-4FCE-4DB4-A63F-433287FD563A}.Release|x86.ActiveCfg = Release|x86
		{AAFE16E4-4FCE-4DB4-A63F-433287FD563A}.Release|x86.Build.0 = Release|x86
		{C86B81E7-D065-46C3-BCB7-13EC90E5E402}.Debug|Any CPU.ActiveCfg = Debug|Any CPU
		{C86B81E7-D065-46C3-BCB7-13EC90E5E402}.Debug|Any CPU.Build.0 = Debug|Any CPU
		{C86B81E7-D065-46C3-BCB7-13EC90E5E402}.Debug|x64.ActiveCfg = Debug|x64
		{C86B81E7-D065-46C3-BCB7-13EC90E5E402}.Debug|x64.Build.0 = Debug|x64
		{C86B81E7-D065-46C3-BCB7-13EC90E5E402}.Debug|x86.ActiveCfg = Debug|x86
		{C86B81E7-D065-46C3-BCB7-13EC90E5E402}.Debug|x86.Build.0 = Debug|x86
		{C86B81E7-D065-46C3-BCB7-13EC90E5E402}.Release|Any CPU.ActiveCfg = Release|Any CPU
		{C86B81E7-D065-46C3-BCB7-13EC90E5E402}.Release|Any CPU.Build.0 = Release|Any CPU
		{C86B81E7-D065-46C3-BCB7-13EC90E5E402}.Release|x64.ActiveCfg = Release|x64
		{C86B81E7-D065-46C3-BCB7-13EC90E5E402}.Release|x64.Build.0 = Release|x64
		{C86B81E7-D065-46C3-BCB7-13EC90E5E402}.Release|x86.ActiveCfg = Release|x86
		{C86B81E7-D065-46C3-BCB7-13EC90E5E402}.Release|x86.Build.0 = Release|x86
		{69F63369-BCF1-481D-96A8-2A6CC4BFB275}.Debug|Any CPU.ActiveCfg = Debug|Any CPU
		{69F63369-BCF1-481D-96A8-2A6CC4BFB275}.Debug|Any CPU.Build.0 = Debug|Any CPU
		{69F63369-BCF1-481D-96A8-2A6CC4BFB275}.Debug|x64.ActiveCfg = Debug|x64
		{69F63369-BCF1-481D-96A8-2A6CC4BFB275}.Debug|x64.Build.0 = Debug|x64
		{69F63369-BCF1-481D-96A8-2A6CC4BFB275}.Debug|x86.ActiveCfg = Debug|x86
		{69F63369-BCF1-481D-96A8-2A6CC4BFB275}.Debug|x86.Build.0 = Debug|x86
		{69F63369-BCF1-481D-96A8-2A6CC4BFB275}.Release|Any CPU.ActiveCfg = Release|Any CPU
		{69F63369-BCF1-481D-96A8-2A6CC4BFB275}.Release|Any CPU.Build.0 = Release|Any CPU
		{69F63369-BCF1-481D-96A8-2A6CC4BFB275}.Release|x64.ActiveCfg = Release|x64
		{69F63369-BCF1-481D-96A8-2A6CC4BFB275}.Release|x64.Build.0 = Release|x64
		{69F63369-BCF1-481D-96A8-2A6CC4BFB275}.Release|x86.ActiveCfg = Release|x86
		{69F63369-BCF1-481D-96A8-2A6CC4BFB275}.Release|x86.Build.0 = Release|x86
		{2159688F-7FC5-41A7-98E7-8FE83FDC1B7D}.Debug|Any CPU.ActiveCfg = Debug|Any CPU
		{2159688F-7FC5-41A7-98E7-8FE83FDC1B7D}.Debug|Any CPU.Build.0 = Debug|Any CPU
		{2159688F-7FC5-41A7-98E7-8FE83FDC1B7D}.Debug|x64.ActiveCfg = Debug|x64
		{2159688F-7FC5-41A7-98E7-8FE83FDC1B7D}.Debug|x64.Build.0 = Debug|x64
		{2159688F-7FC5-41A7-98E7-8FE83FDC1B7D}.Debug|x86.ActiveCfg = Debug|x86
		{2159688F-7FC5-41A7-98E7-8FE83FDC1B7D}.Debug|x86.Build.0 = Debug|x86
		{2159688F-7FC5-41A7-98E7-8FE83FDC1B7D}.Release|Any CPU.ActiveCfg = Release|Any CPU
		{2159688F-7FC5-41A7-98E7-8FE83FDC1B7D}.Release|Any CPU.Build.0 = Release|Any CPU
		{2159688F-7FC5-41A7-98E7-8FE83FDC1B7D}.Release|x64.ActiveCfg = Release|x64
		{2159688F-7FC5-41A7-98E7-8FE83FDC1B7D}.Release|x64.Build.0 = Release|x64
		{2159688F-7FC5-41A7-98E7-8FE83FDC1B7D}.Release|x86.ActiveCfg = Release|x86
		{2159688F-7FC5-41A7-98E7-8FE83FDC1B7D}.Release|x86.Build.0 = Release|x86
		{D4232F45-0C01-40C6-BC09-67E2A34BF4FD}.Debug|Any CPU.ActiveCfg = Debug|Any CPU
		{D4232F45-0C01-40C6-BC09-67E2A34BF4FD}.Debug|Any CPU.Build.0 = Debug|Any CPU
		{D4232F45-0C01-40C6-BC09-67E2A34BF4FD}.Debug|x64.ActiveCfg = Debug|x64
		{D4232F45-0C01-40C6-BC09-67E2A34BF4FD}.Debug|x64.Build.0 = Debug|x64
		{D4232F45-0C01-40C6-BC09-67E2A34BF4FD}.Debug|x86.ActiveCfg = Debug|x86
		{D4232F45-0C01-40C6-BC09-67E2A34BF4FD}.Debug|x86.Build.0 = Debug|x86
		{D4232F45-0C01-40C6-BC09-67E2A34BF4FD}.Release|Any CPU.ActiveCfg = Release|Any CPU
		{D4232F45-0C01-40C6-BC09-67E2A34BF4FD}.Release|Any CPU.Build.0 = Release|Any CPU
		{D4232F45-0C01-40C6-BC09-67E2A34BF4FD}.Release|x64.ActiveCfg = Release|x64
		{D4232F45-0C01-40C6-BC09-67E2A34BF4FD}.Release|x64.Build.0 = Release|x64
		{D4232F45-0C01-40C6-BC09-67E2A34BF4FD}.Release|x86.ActiveCfg = Release|x86
		{D4232F45-0C01-40C6-BC09-67E2A34BF4FD}.Release|x86.Build.0 = Release|x86
		{A95E72D7-C17B-4800-88AF-FB7FB335310D}.Debug|Any CPU.ActiveCfg = Debug|Any CPU
		{A95E72D7-C17B-4800-88AF-FB7FB335310D}.Debug|Any CPU.Build.0 = Debug|Any CPU
		{A95E72D7-C17B-4800-88AF-FB7FB335310D}.Debug|x64.ActiveCfg = Debug|x64
		{A95E72D7-C17B-4800-88AF-FB7FB335310D}.Debug|x64.Build.0 = Debug|x64
		{A95E72D7-C17B-4800-88AF-FB7FB335310D}.Debug|x86.ActiveCfg = Debug|x86
		{A95E72D7-C17B-4800-88AF-FB7FB335310D}.Debug|x86.Build.0 = Debug|x86
		{A95E72D7-C17B-4800-88AF-FB7FB335310D}.Release|Any CPU.ActiveCfg = Release|Any CPU
		{A95E72D7-C17B-4800-88AF-FB7FB335310D}.Release|Any CPU.Build.0 = Release|Any CPU
		{A95E72D7-C17B-4800-88AF-FB7FB335310D}.Release|x64.ActiveCfg = Release|x64
		{A95E72D7-C17B-4800-88AF-FB7FB335310D}.Release|x64.Build.0 = Release|x64
		{A95E72D7-C17B-4800-88AF-FB7FB335310D}.Release|x86.ActiveCfg = Release|x86
		{A95E72D7-C17B-4800-88AF-FB7FB335310D}.Release|x86.Build.0 = Release|x86
		{251A1F4E-81A9-49D0-BC46-E6CDB95C1890}.Debug|Any CPU.ActiveCfg = Debug|Any CPU
		{251A1F4E-81A9-49D0-BC46-E6CDB95C1890}.Debug|Any CPU.Build.0 = Debug|Any CPU
		{251A1F4E-81A9-49D0-BC46-E6CDB95C1890}.Debug|x64.ActiveCfg = Debug|x64
		{251A1F4E-81A9-49D0-BC46-E6CDB95C1890}.Debug|x64.Build.0 = Debug|x64
		{251A1F4E-81A9-49D0-BC46-E6CDB95C1890}.Debug|x86.ActiveCfg = Debug|x86
		{251A1F4E-81A9-49D0-BC46-E6CDB95C1890}.Debug|x86.Build.0 = Debug|x86
		{251A1F4E-81A9-49D0-BC46-E6CDB95C1890}.Release|Any CPU.ActiveCfg = Release|Any CPU
		{251A1F4E-81A9-49D0-BC46-E6CDB95C1890}.Release|Any CPU.Build.0 = Release|Any CPU
		{251A1F4E-81A9-49D0-BC46-E6CDB95C1890}.Release|x64.ActiveCfg = Release|x64
		{251A1F4E-81A9-49D0-BC46-E6CDB95C1890}.Release|x64.Build.0 = Release|x64
		{251A1F4E-81A9-49D0-BC46-E6CDB95C1890}.Release|x86.ActiveCfg = Release|x86
		{251A1F4E-81A9-49D0-BC46-E6CDB95C1890}.Release|x86.Build.0 = Release|x86
		{BC78164D-07C4-4C29-ABAF-557E201F0587}.Debug|Any CPU.ActiveCfg = Debug|Any CPU
		{BC78164D-07C4-4C29-ABAF-557E201F0587}.Debug|Any CPU.Build.0 = Debug|Any CPU
		{BC78164D-07C4-4C29-ABAF-557E201F0587}.Debug|x64.ActiveCfg = Debug|Any CPU
		{BC78164D-07C4-4C29-ABAF-557E201F0587}.Debug|x64.Build.0 = Debug|Any CPU
		{BC78164D-07C4-4C29-ABAF-557E201F0587}.Debug|x86.ActiveCfg = Debug|Any CPU
		{BC78164D-07C4-4C29-ABAF-557E201F0587}.Debug|x86.Build.0 = Debug|Any CPU
		{BC78164D-07C4-4C29-ABAF-557E201F0587}.Release|Any CPU.ActiveCfg = Release|Any CPU
		{BC78164D-07C4-4C29-ABAF-557E201F0587}.Release|Any CPU.Build.0 = Release|Any CPU
		{BC78164D-07C4-4C29-ABAF-557E201F0587}.Release|x64.ActiveCfg = Release|Any CPU
		{BC78164D-07C4-4C29-ABAF-557E201F0587}.Release|x64.Build.0 = Release|Any CPU
		{BC78164D-07C4-4C29-ABAF-557E201F0587}.Release|x86.ActiveCfg = Release|Any CPU
		{BC78164D-07C4-4C29-ABAF-557E201F0587}.Release|x86.Build.0 = Release|Any CPU
		{D8441CA1-E71F-4AAB-8F73-CF08BBF914B7}.Debug|Any CPU.ActiveCfg = Debug|Any CPU
		{D8441CA1-E71F-4AAB-8F73-CF08BBF914B7}.Debug|Any CPU.Build.0 = Debug|Any CPU
		{D8441CA1-E71F-4AAB-8F73-CF08BBF914B7}.Debug|x64.ActiveCfg = Debug|Any CPU
		{D8441CA1-E71F-4AAB-8F73-CF08BBF914B7}.Debug|x64.Build.0 = Debug|Any CPU
		{D8441CA1-E71F-4AAB-8F73-CF08BBF914B7}.Debug|x86.ActiveCfg = Debug|Any CPU
		{D8441CA1-E71F-4AAB-8F73-CF08BBF914B7}.Debug|x86.Build.0 = Debug|Any CPU
		{D8441CA1-E71F-4AAB-8F73-CF08BBF914B7}.Release|Any CPU.ActiveCfg = Release|Any CPU
		{D8441CA1-E71F-4AAB-8F73-CF08BBF914B7}.Release|Any CPU.Build.0 = Release|Any CPU
		{D8441CA1-E71F-4AAB-8F73-CF08BBF914B7}.Release|x64.ActiveCfg = Release|Any CPU
		{D8441CA1-E71F-4AAB-8F73-CF08BBF914B7}.Release|x64.Build.0 = Release|Any CPU
		{D8441CA1-E71F-4AAB-8F73-CF08BBF914B7}.Release|x86.ActiveCfg = Release|Any CPU
		{D8441CA1-E71F-4AAB-8F73-CF08BBF914B7}.Release|x86.Build.0 = Release|Any CPU
		{7BDB3E91-31C5-428D-A28C-0533FB086FD4}.Debug|Any CPU.ActiveCfg = Debug|Any CPU
		{7BDB3E91-31C5-428D-A28C-0533FB086FD4}.Debug|Any CPU.Build.0 = Debug|Any CPU
		{7BDB3E91-31C5-428D-A28C-0533FB086FD4}.Debug|x64.ActiveCfg = Debug|Any CPU
		{7BDB3E91-31C5-428D-A28C-0533FB086FD4}.Debug|x64.Build.0 = Debug|Any CPU
		{7BDB3E91-31C5-428D-A28C-0533FB086FD4}.Debug|x86.ActiveCfg = Debug|Any CPU
		{7BDB3E91-31C5-428D-A28C-0533FB086FD4}.Debug|x86.Build.0 = Debug|Any CPU
		{7BDB3E91-31C5-428D-A28C-0533FB086FD4}.Release|Any CPU.ActiveCfg = Release|Any CPU
		{7BDB3E91-31C5-428D-A28C-0533FB086FD4}.Release|Any CPU.Build.0 = Release|Any CPU
		{7BDB3E91-31C5-428D-A28C-0533FB086FD4}.Release|x64.ActiveCfg = Release|Any CPU
		{7BDB3E91-31C5-428D-A28C-0533FB086FD4}.Release|x64.Build.0 = Release|Any CPU
		{7BDB3E91-31C5-428D-A28C-0533FB086FD4}.Release|x86.ActiveCfg = Release|Any CPU
		{7BDB3E91-31C5-428D-A28C-0533FB086FD4}.Release|x86.Build.0 = Release|Any CPU
		{7105F743-E1D1-4F01-8281-0408EF0C88E1}.Debug|Any CPU.ActiveCfg = Debug|Any CPU
		{7105F743-E1D1-4F01-8281-0408EF0C88E1}.Debug|Any CPU.Build.0 = Debug|Any CPU
		{7105F743-E1D1-4F01-8281-0408EF0C88E1}.Debug|x64.ActiveCfg = Debug|Any CPU
		{7105F743-E1D1-4F01-8281-0408EF0C88E1}.Debug|x64.Build.0 = Debug|Any CPU
		{7105F743-E1D1-4F01-8281-0408EF0C88E1}.Debug|x86.ActiveCfg = Debug|Any CPU
		{7105F743-E1D1-4F01-8281-0408EF0C88E1}.Debug|x86.Build.0 = Debug|Any CPU
		{7105F743-E1D1-4F01-8281-0408EF0C88E1}.Release|Any CPU.ActiveCfg = Release|Any CPU
		{7105F743-E1D1-4F01-8281-0408EF0C88E1}.Release|Any CPU.Build.0 = Release|Any CPU
		{7105F743-E1D1-4F01-8281-0408EF0C88E1}.Release|x64.ActiveCfg = Release|Any CPU
		{7105F743-E1D1-4F01-8281-0408EF0C88E1}.Release|x64.Build.0 = Release|Any CPU
		{7105F743-E1D1-4F01-8281-0408EF0C88E1}.Release|x86.ActiveCfg = Release|Any CPU
		{7105F743-E1D1-4F01-8281-0408EF0C88E1}.Release|x86.Build.0 = Release|Any CPU
		{985C5FF3-E605-4DC0-B3F9-152A6075837D}.Debug|Any CPU.ActiveCfg = Debug|Any CPU
		{985C5FF3-E605-4DC0-B3F9-152A6075837D}.Debug|Any CPU.Build.0 = Debug|Any CPU
		{985C5FF3-E605-4DC0-B3F9-152A6075837D}.Debug|x64.ActiveCfg = Debug|Any CPU
		{985C5FF3-E605-4DC0-B3F9-152A6075837D}.Debug|x64.Build.0 = Debug|Any CPU
		{985C5FF3-E605-4DC0-B3F9-152A6075837D}.Debug|x86.ActiveCfg = Debug|Any CPU
		{985C5FF3-E605-4DC0-B3F9-152A6075837D}.Debug|x86.Build.0 = Debug|Any CPU
		{985C5FF3-E605-4DC0-B3F9-152A6075837D}.Release|Any CPU.ActiveCfg = Release|Any CPU
		{985C5FF3-E605-4DC0-B3F9-152A6075837D}.Release|Any CPU.Build.0 = Release|Any CPU
		{985C5FF3-E605-4DC0-B3F9-152A6075837D}.Release|x64.ActiveCfg = Release|Any CPU
		{985C5FF3-E605-4DC0-B3F9-152A6075837D}.Release|x64.Build.0 = Release|Any CPU
		{985C5FF3-E605-4DC0-B3F9-152A6075837D}.Release|x86.ActiveCfg = Release|Any CPU
		{985C5FF3-E605-4DC0-B3F9-152A6075837D}.Release|x86.Build.0 = Release|Any CPU
		{6F7656CC-DEE4-4CD4-BF29-D36BCDEED883}.Debug|Any CPU.ActiveCfg = Debug|Any CPU
		{6F7656CC-DEE4-4CD4-BF29-D36BCDEED883}.Debug|Any CPU.Build.0 = Debug|Any CPU
		{6F7656CC-DEE4-4CD4-BF29-D36BCDEED883}.Debug|x64.ActiveCfg = Debug|Any CPU
		{6F7656CC-DEE4-4CD4-BF29-D36BCDEED883}.Debug|x64.Build.0 = Debug|Any CPU
		{6F7656CC-DEE4-4CD4-BF29-D36BCDEED883}.Debug|x86.ActiveCfg = Debug|Any CPU
		{6F7656CC-DEE4-4CD4-BF29-D36BCDEED883}.Debug|x86.Build.0 = Debug|Any CPU
		{6F7656CC-DEE4-4CD4-BF29-D36BCDEED883}.Release|Any CPU.ActiveCfg = Release|Any CPU
		{6F7656CC-DEE4-4CD4-BF29-D36BCDEED883}.Release|Any CPU.Build.0 = Release|Any CPU
		{6F7656CC-DEE4-4CD4-BF29-D36BCDEED883}.Release|x64.ActiveCfg = Release|Any CPU
		{6F7656CC-DEE4-4CD4-BF29-D36BCDEED883}.Release|x64.Build.0 = Release|Any CPU
		{6F7656CC-DEE4-4CD4-BF29-D36BCDEED883}.Release|x86.ActiveCfg = Release|Any CPU
		{6F7656CC-DEE4-4CD4-BF29-D36BCDEED883}.Release|x86.Build.0 = Release|Any CPU
		{86D9A218-1B39-45DE-82F1-EE579C247D03}.Debug|Any CPU.ActiveCfg = Debug|Any CPU
		{86D9A218-1B39-45DE-82F1-EE579C247D03}.Debug|Any CPU.Build.0 = Debug|Any CPU
		{86D9A218-1B39-45DE-82F1-EE579C247D03}.Debug|x64.ActiveCfg = Debug|Any CPU
		{86D9A218-1B39-45DE-82F1-EE579C247D03}.Debug|x64.Build.0 = Debug|Any CPU
		{86D9A218-1B39-45DE-82F1-EE579C247D03}.Debug|x86.ActiveCfg = Debug|Any CPU
		{86D9A218-1B39-45DE-82F1-EE579C247D03}.Debug|x86.Build.0 = Debug|Any CPU
		{86D9A218-1B39-45DE-82F1-EE579C247D03}.Release|Any CPU.ActiveCfg = Release|Any CPU
		{86D9A218-1B39-45DE-82F1-EE579C247D03}.Release|Any CPU.Build.0 = Release|Any CPU
		{86D9A218-1B39-45DE-82F1-EE579C247D03}.Release|x64.ActiveCfg = Release|Any CPU
		{86D9A218-1B39-45DE-82F1-EE579C247D03}.Release|x64.Build.0 = Release|Any CPU
		{86D9A218-1B39-45DE-82F1-EE579C247D03}.Release|x86.ActiveCfg = Release|Any CPU
		{86D9A218-1B39-45DE-82F1-EE579C247D03}.Release|x86.Build.0 = Release|Any CPU
		{E0CFBD89-5087-4447-B3F8-5FB62190EC83}.Debug|Any CPU.ActiveCfg = Debug|Any CPU
		{E0CFBD89-5087-4447-B3F8-5FB62190EC83}.Debug|Any CPU.Build.0 = Debug|Any CPU
		{E0CFBD89-5087-4447-B3F8-5FB62190EC83}.Debug|x64.ActiveCfg = Debug|Any CPU
		{E0CFBD89-5087-4447-B3F8-5FB62190EC83}.Debug|x64.Build.0 = Debug|Any CPU
		{E0CFBD89-5087-4447-B3F8-5FB62190EC83}.Debug|x86.ActiveCfg = Debug|Any CPU
		{E0CFBD89-5087-4447-B3F8-5FB62190EC83}.Debug|x86.Build.0 = Debug|Any CPU
		{E0CFBD89-5087-4447-B3F8-5FB62190EC83}.Release|Any CPU.ActiveCfg = Release|Any CPU
		{E0CFBD89-5087-4447-B3F8-5FB62190EC83}.Release|Any CPU.Build.0 = Release|Any CPU
		{E0CFBD89-5087-4447-B3F8-5FB62190EC83}.Release|x64.ActiveCfg = Release|Any CPU
		{E0CFBD89-5087-4447-B3F8-5FB62190EC83}.Release|x64.Build.0 = Release|Any CPU
		{E0CFBD89-5087-4447-B3F8-5FB62190EC83}.Release|x86.ActiveCfg = Release|Any CPU
		{E0CFBD89-5087-4447-B3F8-5FB62190EC83}.Release|x86.Build.0 = Release|Any CPU
		{0C49FA45-9795-4F8A-AF94-4DDA33EFBB03}.Debug|Any CPU.ActiveCfg = Debug|Any CPU
		{0C49FA45-9795-4F8A-AF94-4DDA33EFBB03}.Debug|Any CPU.Build.0 = Debug|Any CPU
		{0C49FA45-9795-4F8A-AF94-4DDA33EFBB03}.Debug|x64.ActiveCfg = Debug|Any CPU
		{0C49FA45-9795-4F8A-AF94-4DDA33EFBB03}.Debug|x64.Build.0 = Debug|Any CPU
		{0C49FA45-9795-4F8A-AF94-4DDA33EFBB03}.Debug|x86.ActiveCfg = Debug|Any CPU
		{0C49FA45-9795-4F8A-AF94-4DDA33EFBB03}.Debug|x86.Build.0 = Debug|Any CPU
		{0C49FA45-9795-4F8A-AF94-4DDA33EFBB03}.Release|Any CPU.ActiveCfg = Release|Any CPU
		{0C49FA45-9795-4F8A-AF94-4DDA33EFBB03}.Release|Any CPU.Build.0 = Release|Any CPU
		{0C49FA45-9795-4F8A-AF94-4DDA33EFBB03}.Release|x64.ActiveCfg = Release|Any CPU
		{0C49FA45-9795-4F8A-AF94-4DDA33EFBB03}.Release|x64.Build.0 = Release|Any CPU
		{0C49FA45-9795-4F8A-AF94-4DDA33EFBB03}.Release|x86.ActiveCfg = Release|Any CPU
		{0C49FA45-9795-4F8A-AF94-4DDA33EFBB03}.Release|x86.Build.0 = Release|Any CPU
		{44F8D1D8-5E7F-474B-B558-A816F6DF2A05}.Debug|Any CPU.ActiveCfg = Debug|Any CPU
		{44F8D1D8-5E7F-474B-B558-A816F6DF2A05}.Debug|Any CPU.Build.0 = Debug|Any CPU
		{44F8D1D8-5E7F-474B-B558-A816F6DF2A05}.Debug|x64.ActiveCfg = Debug|Any CPU
		{44F8D1D8-5E7F-474B-B558-A816F6DF2A05}.Debug|x64.Build.0 = Debug|Any CPU
		{44F8D1D8-5E7F-474B-B558-A816F6DF2A05}.Debug|x86.ActiveCfg = Debug|Any CPU
		{44F8D1D8-5E7F-474B-B558-A816F6DF2A05}.Debug|x86.Build.0 = Debug|Any CPU
		{44F8D1D8-5E7F-474B-B558-A816F6DF2A05}.Release|Any CPU.ActiveCfg = Release|Any CPU
		{44F8D1D8-5E7F-474B-B558-A816F6DF2A05}.Release|Any CPU.Build.0 = Release|Any CPU
		{44F8D1D8-5E7F-474B-B558-A816F6DF2A05}.Release|x64.ActiveCfg = Release|Any CPU
		{44F8D1D8-5E7F-474B-B558-A816F6DF2A05}.Release|x64.Build.0 = Release|Any CPU
		{44F8D1D8-5E7F-474B-B558-A816F6DF2A05}.Release|x86.ActiveCfg = Release|Any CPU
		{44F8D1D8-5E7F-474B-B558-A816F6DF2A05}.Release|x86.Build.0 = Release|Any CPU
		{9CE1C240-E889-4346-8A1C-96BD389FC6B9}.Debug|Any CPU.ActiveCfg = Debug|Any CPU
		{9CE1C240-E889-4346-8A1C-96BD389FC6B9}.Debug|Any CPU.Build.0 = Debug|Any CPU
		{9CE1C240-E889-4346-8A1C-96BD389FC6B9}.Debug|x64.ActiveCfg = Debug|Any CPU
		{9CE1C240-E889-4346-8A1C-96BD389FC6B9}.Debug|x64.Build.0 = Debug|Any CPU
		{9CE1C240-E889-4346-8A1C-96BD389FC6B9}.Debug|x86.ActiveCfg = Debug|Any CPU
		{9CE1C240-E889-4346-8A1C-96BD389FC6B9}.Debug|x86.Build.0 = Debug|Any CPU
		{9CE1C240-E889-4346-8A1C-96BD389FC6B9}.Release|Any CPU.ActiveCfg = Release|Any CPU
		{9CE1C240-E889-4346-8A1C-96BD389FC6B9}.Release|Any CPU.Build.0 = Release|Any CPU
		{9CE1C240-E889-4346-8A1C-96BD389FC6B9}.Release|x64.ActiveCfg = Release|Any CPU
		{9CE1C240-E889-4346-8A1C-96BD389FC6B9}.Release|x64.Build.0 = Release|Any CPU
		{9CE1C240-E889-4346-8A1C-96BD389FC6B9}.Release|x86.ActiveCfg = Release|Any CPU
		{9CE1C240-E889-4346-8A1C-96BD389FC6B9}.Release|x86.Build.0 = Release|Any CPU
		{6BCBE7BE-DB8A-4087-A783-E993A87319FD}.Debug|Any CPU.ActiveCfg = Debug|Any CPU
		{6BCBE7BE-DB8A-4087-A783-E993A87319FD}.Debug|Any CPU.Build.0 = Debug|Any CPU
		{6BCBE7BE-DB8A-4087-A783-E993A87319FD}.Debug|x64.ActiveCfg = Debug|Any CPU
		{6BCBE7BE-DB8A-4087-A783-E993A87319FD}.Debug|x64.Build.0 = Debug|Any CPU
		{6BCBE7BE-DB8A-4087-A783-E993A87319FD}.Debug|x86.ActiveCfg = Debug|Any CPU
		{6BCBE7BE-DB8A-4087-A783-E993A87319FD}.Debug|x86.Build.0 = Debug|Any CPU
		{6BCBE7BE-DB8A-4087-A783-E993A87319FD}.Release|Any CPU.ActiveCfg = Release|Any CPU
		{6BCBE7BE-DB8A-4087-A783-E993A87319FD}.Release|Any CPU.Build.0 = Release|Any CPU
		{6BCBE7BE-DB8A-4087-A783-E993A87319FD}.Release|x64.ActiveCfg = Release|Any CPU
		{6BCBE7BE-DB8A-4087-A783-E993A87319FD}.Release|x64.Build.0 = Release|Any CPU
		{6BCBE7BE-DB8A-4087-A783-E993A87319FD}.Release|x86.ActiveCfg = Release|Any CPU
		{6BCBE7BE-DB8A-4087-A783-E993A87319FD}.Release|x86.Build.0 = Release|Any CPU
		{B24B628C-2BC0-4631-90C2-09D77E8E486F}.Debug|Any CPU.ActiveCfg = Debug|Any CPU
		{B24B628C-2BC0-4631-90C2-09D77E8E486F}.Debug|Any CPU.Build.0 = Debug|Any CPU
		{B24B628C-2BC0-4631-90C2-09D77E8E486F}.Debug|x64.ActiveCfg = Debug|Any CPU
		{B24B628C-2BC0-4631-90C2-09D77E8E486F}.Debug|x64.Build.0 = Debug|Any CPU
		{B24B628C-2BC0-4631-90C2-09D77E8E486F}.Debug|x86.ActiveCfg = Debug|Any CPU
		{B24B628C-2BC0-4631-90C2-09D77E8E486F}.Debug|x86.Build.0 = Debug|Any CPU
		{B24B628C-2BC0-4631-90C2-09D77E8E486F}.Release|Any CPU.ActiveCfg = Release|Any CPU
		{B24B628C-2BC0-4631-90C2-09D77E8E486F}.Release|Any CPU.Build.0 = Release|Any CPU
		{B24B628C-2BC0-4631-90C2-09D77E8E486F}.Release|x64.ActiveCfg = Release|Any CPU
		{B24B628C-2BC0-4631-90C2-09D77E8E486F}.Release|x64.Build.0 = Release|Any CPU
		{B24B628C-2BC0-4631-90C2-09D77E8E486F}.Release|x86.ActiveCfg = Release|Any CPU
		{B24B628C-2BC0-4631-90C2-09D77E8E486F}.Release|x86.Build.0 = Release|Any CPU
		{123A9645-B2C1-4A2D-81BB-51B22793C045}.Debug|Any CPU.ActiveCfg = Debug|Any CPU
		{123A9645-B2C1-4A2D-81BB-51B22793C045}.Debug|Any CPU.Build.0 = Debug|Any CPU
		{123A9645-B2C1-4A2D-81BB-51B22793C045}.Debug|x64.ActiveCfg = Debug|Any CPU
		{123A9645-B2C1-4A2D-81BB-51B22793C045}.Debug|x64.Build.0 = Debug|Any CPU
		{123A9645-B2C1-4A2D-81BB-51B22793C045}.Debug|x86.ActiveCfg = Debug|Any CPU
		{123A9645-B2C1-4A2D-81BB-51B22793C045}.Debug|x86.Build.0 = Debug|Any CPU
		{123A9645-B2C1-4A2D-81BB-51B22793C045}.Release|Any CPU.ActiveCfg = Release|Any CPU
		{123A9645-B2C1-4A2D-81BB-51B22793C045}.Release|Any CPU.Build.0 = Release|Any CPU
		{123A9645-B2C1-4A2D-81BB-51B22793C045}.Release|x64.ActiveCfg = Release|Any CPU
		{123A9645-B2C1-4A2D-81BB-51B22793C045}.Release|x64.Build.0 = Release|Any CPU
		{123A9645-B2C1-4A2D-81BB-51B22793C045}.Release|x86.ActiveCfg = Release|Any CPU
		{123A9645-B2C1-4A2D-81BB-51B22793C045}.Release|x86.Build.0 = Release|Any CPU
		{69C032DE-52B1-4ABC-96C5-BFA747BE2B21}.Debug|Any CPU.ActiveCfg = Debug|Any CPU
		{69C032DE-52B1-4ABC-96C5-BFA747BE2B21}.Debug|Any CPU.Build.0 = Debug|Any CPU
		{69C032DE-52B1-4ABC-96C5-BFA747BE2B21}.Debug|x64.ActiveCfg = Debug|Any CPU
		{69C032DE-52B1-4ABC-96C5-BFA747BE2B21}.Debug|x64.Build.0 = Debug|Any CPU
		{69C032DE-52B1-4ABC-96C5-BFA747BE2B21}.Debug|x86.ActiveCfg = Debug|Any CPU
		{69C032DE-52B1-4ABC-96C5-BFA747BE2B21}.Debug|x86.Build.0 = Debug|Any CPU
		{69C032DE-52B1-4ABC-96C5-BFA747BE2B21}.Release|Any CPU.ActiveCfg = Release|Any CPU
		{69C032DE-52B1-4ABC-96C5-BFA747BE2B21}.Release|Any CPU.Build.0 = Release|Any CPU
		{69C032DE-52B1-4ABC-96C5-BFA747BE2B21}.Release|x64.ActiveCfg = Release|Any CPU
		{69C032DE-52B1-4ABC-96C5-BFA747BE2B21}.Release|x64.Build.0 = Release|Any CPU
		{69C032DE-52B1-4ABC-96C5-BFA747BE2B21}.Release|x86.ActiveCfg = Release|Any CPU
		{69C032DE-52B1-4ABC-96C5-BFA747BE2B21}.Release|x86.Build.0 = Release|Any CPU
		{284E4EB6-A59B-430C-97AB-AFF754994A33}.Debug|Any CPU.ActiveCfg = Debug|Any CPU
		{284E4EB6-A59B-430C-97AB-AFF754994A33}.Debug|Any CPU.Build.0 = Debug|Any CPU
		{284E4EB6-A59B-430C-97AB-AFF754994A33}.Debug|x64.ActiveCfg = Debug|Any CPU
		{284E4EB6-A59B-430C-97AB-AFF754994A33}.Debug|x64.Build.0 = Debug|Any CPU
		{284E4EB6-A59B-430C-97AB-AFF754994A33}.Debug|x86.ActiveCfg = Debug|Any CPU
		{284E4EB6-A59B-430C-97AB-AFF754994A33}.Debug|x86.Build.0 = Debug|Any CPU
		{284E4EB6-A59B-430C-97AB-AFF754994A33}.Release|Any CPU.ActiveCfg = Release|Any CPU
		{284E4EB6-A59B-430C-97AB-AFF754994A33}.Release|Any CPU.Build.0 = Release|Any CPU
		{284E4EB6-A59B-430C-97AB-AFF754994A33}.Release|x64.ActiveCfg = Release|Any CPU
		{284E4EB6-A59B-430C-97AB-AFF754994A33}.Release|x64.Build.0 = Release|Any CPU
		{284E4EB6-A59B-430C-97AB-AFF754994A33}.Release|x86.ActiveCfg = Release|Any CPU
		{284E4EB6-A59B-430C-97AB-AFF754994A33}.Release|x86.Build.0 = Release|Any CPU
		{9BB63CA6-F797-46F7-98E6-1104D7720738}.Debug|Any CPU.ActiveCfg = Debug|Any CPU
		{9BB63CA6-F797-46F7-98E6-1104D7720738}.Debug|Any CPU.Build.0 = Debug|Any CPU
		{9BB63CA6-F797-46F7-98E6-1104D7720738}.Debug|x64.ActiveCfg = Debug|Any CPU
		{9BB63CA6-F797-46F7-98E6-1104D7720738}.Debug|x64.Build.0 = Debug|Any CPU
		{9BB63CA6-F797-46F7-98E6-1104D7720738}.Debug|x86.ActiveCfg = Debug|Any CPU
		{9BB63CA6-F797-46F7-98E6-1104D7720738}.Debug|x86.Build.0 = Debug|Any CPU
		{9BB63CA6-F797-46F7-98E6-1104D7720738}.Release|Any CPU.ActiveCfg = Release|Any CPU
		{9BB63CA6-F797-46F7-98E6-1104D7720738}.Release|Any CPU.Build.0 = Release|Any CPU
		{9BB63CA6-F797-46F7-98E6-1104D7720738}.Release|x64.ActiveCfg = Release|Any CPU
		{9BB63CA6-F797-46F7-98E6-1104D7720738}.Release|x64.Build.0 = Release|Any CPU
		{9BB63CA6-F797-46F7-98E6-1104D7720738}.Release|x86.ActiveCfg = Release|Any CPU
		{9BB63CA6-F797-46F7-98E6-1104D7720738}.Release|x86.Build.0 = Release|Any CPU
		{DF0812B4-9DAB-41D7-9BDA-A4D7E5B3E754}.Debug|Any CPU.ActiveCfg = Debug|Any CPU
		{DF0812B4-9DAB-41D7-9BDA-A4D7E5B3E754}.Debug|Any CPU.Build.0 = Debug|Any CPU
		{DF0812B4-9DAB-41D7-9BDA-A4D7E5B3E754}.Debug|x64.ActiveCfg = Debug|Any CPU
		{DF0812B4-9DAB-41D7-9BDA-A4D7E5B3E754}.Debug|x64.Build.0 = Debug|Any CPU
		{DF0812B4-9DAB-41D7-9BDA-A4D7E5B3E754}.Debug|x86.ActiveCfg = Debug|Any CPU
		{DF0812B4-9DAB-41D7-9BDA-A4D7E5B3E754}.Debug|x86.Build.0 = Debug|Any CPU
		{DF0812B4-9DAB-41D7-9BDA-A4D7E5B3E754}.Release|Any CPU.ActiveCfg = Release|Any CPU
		{DF0812B4-9DAB-41D7-9BDA-A4D7E5B3E754}.Release|Any CPU.Build.0 = Release|Any CPU
		{DF0812B4-9DAB-41D7-9BDA-A4D7E5B3E754}.Release|x64.ActiveCfg = Release|Any CPU
		{DF0812B4-9DAB-41D7-9BDA-A4D7E5B3E754}.Release|x64.Build.0 = Release|Any CPU
		{DF0812B4-9DAB-41D7-9BDA-A4D7E5B3E754}.Release|x86.ActiveCfg = Release|Any CPU
		{DF0812B4-9DAB-41D7-9BDA-A4D7E5B3E754}.Release|x86.Build.0 = Release|Any CPU
		{074FB27C-AF78-4B64-A9F7-CBEB7CE5F5E3}.Debug|Any CPU.ActiveCfg = Debug|Any CPU
		{074FB27C-AF78-4B64-A9F7-CBEB7CE5F5E3}.Debug|Any CPU.Build.0 = Debug|Any CPU
		{074FB27C-AF78-4B64-A9F7-CBEB7CE5F5E3}.Debug|x64.ActiveCfg = Debug|Any CPU
		{074FB27C-AF78-4B64-A9F7-CBEB7CE5F5E3}.Debug|x64.Build.0 = Debug|Any CPU
		{074FB27C-AF78-4B64-A9F7-CBEB7CE5F5E3}.Debug|x86.ActiveCfg = Debug|Any CPU
		{074FB27C-AF78-4B64-A9F7-CBEB7CE5F5E3}.Debug|x86.Build.0 = Debug|Any CPU
		{074FB27C-AF78-4B64-A9F7-CBEB7CE5F5E3}.Release|Any CPU.ActiveCfg = Release|Any CPU
		{074FB27C-AF78-4B64-A9F7-CBEB7CE5F5E3}.Release|Any CPU.Build.0 = Release|Any CPU
		{074FB27C-AF78-4B64-A9F7-CBEB7CE5F5E3}.Release|x64.ActiveCfg = Release|Any CPU
		{074FB27C-AF78-4B64-A9F7-CBEB7CE5F5E3}.Release|x64.Build.0 = Release|Any CPU
		{074FB27C-AF78-4B64-A9F7-CBEB7CE5F5E3}.Release|x86.ActiveCfg = Release|Any CPU
		{074FB27C-AF78-4B64-A9F7-CBEB7CE5F5E3}.Release|x86.Build.0 = Release|Any CPU
		{0EC8EE1B-F302-4A21-9C86-3AAE17265F54}.Debug|Any CPU.ActiveCfg = Debug|Any CPU
		{0EC8EE1B-F302-4A21-9C86-3AAE17265F54}.Debug|Any CPU.Build.0 = Debug|Any CPU
		{0EC8EE1B-F302-4A21-9C86-3AAE17265F54}.Debug|x64.ActiveCfg = Debug|Any CPU
		{0EC8EE1B-F302-4A21-9C86-3AAE17265F54}.Debug|x64.Build.0 = Debug|Any CPU
		{0EC8EE1B-F302-4A21-9C86-3AAE17265F54}.Debug|x86.ActiveCfg = Debug|Any CPU
		{0EC8EE1B-F302-4A21-9C86-3AAE17265F54}.Debug|x86.Build.0 = Debug|Any CPU
		{0EC8EE1B-F302-4A21-9C86-3AAE17265F54}.Release|Any CPU.ActiveCfg = Release|Any CPU
		{0EC8EE1B-F302-4A21-9C86-3AAE17265F54}.Release|Any CPU.Build.0 = Release|Any CPU
		{0EC8EE1B-F302-4A21-9C86-3AAE17265F54}.Release|x64.ActiveCfg = Release|Any CPU
		{0EC8EE1B-F302-4A21-9C86-3AAE17265F54}.Release|x64.Build.0 = Release|Any CPU
		{0EC8EE1B-F302-4A21-9C86-3AAE17265F54}.Release|x86.ActiveCfg = Release|Any CPU
		{0EC8EE1B-F302-4A21-9C86-3AAE17265F54}.Release|x86.Build.0 = Release|Any CPU
		{15BAE7E2-3AB3-4648-974F-BE1F50C9DC62}.Debug|Any CPU.ActiveCfg = Debug|Any CPU
		{15BAE7E2-3AB3-4648-974F-BE1F50C9DC62}.Debug|Any CPU.Build.0 = Debug|Any CPU
		{15BAE7E2-3AB3-4648-974F-BE1F50C9DC62}.Debug|x64.ActiveCfg = Debug|Any CPU
		{15BAE7E2-3AB3-4648-974F-BE1F50C9DC62}.Debug|x64.Build.0 = Debug|Any CPU
		{15BAE7E2-3AB3-4648-974F-BE1F50C9DC62}.Debug|x86.ActiveCfg = Debug|Any CPU
		{15BAE7E2-3AB3-4648-974F-BE1F50C9DC62}.Debug|x86.Build.0 = Debug|Any CPU
		{15BAE7E2-3AB3-4648-974F-BE1F50C9DC62}.Release|Any CPU.ActiveCfg = Release|Any CPU
		{15BAE7E2-3AB3-4648-974F-BE1F50C9DC62}.Release|Any CPU.Build.0 = Release|Any CPU
		{15BAE7E2-3AB3-4648-974F-BE1F50C9DC62}.Release|x64.ActiveCfg = Release|Any CPU
		{15BAE7E2-3AB3-4648-974F-BE1F50C9DC62}.Release|x64.Build.0 = Release|Any CPU
		{15BAE7E2-3AB3-4648-974F-BE1F50C9DC62}.Release|x86.ActiveCfg = Release|Any CPU
		{15BAE7E2-3AB3-4648-974F-BE1F50C9DC62}.Release|x86.Build.0 = Release|Any CPU
		{0E3506DB-9A43-4123-820D-4183973E701F}.Debug|Any CPU.ActiveCfg = Debug|Any CPU
		{0E3506DB-9A43-4123-820D-4183973E701F}.Debug|Any CPU.Build.0 = Debug|Any CPU
		{0E3506DB-9A43-4123-820D-4183973E701F}.Debug|x64.ActiveCfg = Debug|Any CPU
		{0E3506DB-9A43-4123-820D-4183973E701F}.Debug|x64.Build.0 = Debug|Any CPU
		{0E3506DB-9A43-4123-820D-4183973E701F}.Debug|x86.ActiveCfg = Debug|Any CPU
		{0E3506DB-9A43-4123-820D-4183973E701F}.Debug|x86.Build.0 = Debug|Any CPU
		{0E3506DB-9A43-4123-820D-4183973E701F}.Release|Any CPU.ActiveCfg = Release|Any CPU
		{0E3506DB-9A43-4123-820D-4183973E701F}.Release|Any CPU.Build.0 = Release|Any CPU
		{0E3506DB-9A43-4123-820D-4183973E701F}.Release|x64.ActiveCfg = Release|Any CPU
		{0E3506DB-9A43-4123-820D-4183973E701F}.Release|x64.Build.0 = Release|Any CPU
		{0E3506DB-9A43-4123-820D-4183973E701F}.Release|x86.ActiveCfg = Release|Any CPU
		{0E3506DB-9A43-4123-820D-4183973E701F}.Release|x86.Build.0 = Release|Any CPU
		{9BDCBE21-6A68-4BA1-8284-D3FE35744E84}.Debug|Any CPU.ActiveCfg = Debug|Any CPU
		{9BDCBE21-6A68-4BA1-8284-D3FE35744E84}.Debug|Any CPU.Build.0 = Debug|Any CPU
		{9BDCBE21-6A68-4BA1-8284-D3FE35744E84}.Debug|x64.ActiveCfg = Debug|Any CPU
		{9BDCBE21-6A68-4BA1-8284-D3FE35744E84}.Debug|x64.Build.0 = Debug|Any CPU
		{9BDCBE21-6A68-4BA1-8284-D3FE35744E84}.Debug|x86.ActiveCfg = Debug|Any CPU
		{9BDCBE21-6A68-4BA1-8284-D3FE35744E84}.Debug|x86.Build.0 = Debug|Any CPU
		{9BDCBE21-6A68-4BA1-8284-D3FE35744E84}.Release|Any CPU.ActiveCfg = Release|Any CPU
		{9BDCBE21-6A68-4BA1-8284-D3FE35744E84}.Release|Any CPU.Build.0 = Release|Any CPU
		{9BDCBE21-6A68-4BA1-8284-D3FE35744E84}.Release|x64.ActiveCfg = Release|Any CPU
		{9BDCBE21-6A68-4BA1-8284-D3FE35744E84}.Release|x64.Build.0 = Release|Any CPU
		{9BDCBE21-6A68-4BA1-8284-D3FE35744E84}.Release|x86.ActiveCfg = Release|Any CPU
		{9BDCBE21-6A68-4BA1-8284-D3FE35744E84}.Release|x86.Build.0 = Release|Any CPU
		{FD38F151-7554-4D9C-8033-AC73A3084A60}.Debug|Any CPU.ActiveCfg = Debug|Any CPU
		{FD38F151-7554-4D9C-8033-AC73A3084A60}.Debug|Any CPU.Build.0 = Debug|Any CPU
		{FD38F151-7554-4D9C-8033-AC73A3084A60}.Debug|x64.ActiveCfg = Debug|Any CPU
		{FD38F151-7554-4D9C-8033-AC73A3084A60}.Debug|x64.Build.0 = Debug|Any CPU
		{FD38F151-7554-4D9C-8033-AC73A3084A60}.Debug|x86.ActiveCfg = Debug|Any CPU
		{FD38F151-7554-4D9C-8033-AC73A3084A60}.Debug|x86.Build.0 = Debug|Any CPU
		{FD38F151-7554-4D9C-8033-AC73A3084A60}.Release|Any CPU.ActiveCfg = Release|Any CPU
		{FD38F151-7554-4D9C-8033-AC73A3084A60}.Release|Any CPU.Build.0 = Release|Any CPU
		{FD38F151-7554-4D9C-8033-AC73A3084A60}.Release|x64.ActiveCfg = Release|Any CPU
		{FD38F151-7554-4D9C-8033-AC73A3084A60}.Release|x64.Build.0 = Release|Any CPU
		{FD38F151-7554-4D9C-8033-AC73A3084A60}.Release|x86.ActiveCfg = Release|Any CPU
		{FD38F151-7554-4D9C-8033-AC73A3084A60}.Release|x86.Build.0 = Release|Any CPU
		{D33AFA20-0DE2-4C4E-A7FB-157024ECCA2D}.Debug|Any CPU.ActiveCfg = Debug|Any CPU
		{D33AFA20-0DE2-4C4E-A7FB-157024ECCA2D}.Debug|Any CPU.Build.0 = Debug|Any CPU
		{D33AFA20-0DE2-4C4E-A7FB-157024ECCA2D}.Debug|x64.ActiveCfg = Debug|Any CPU
		{D33AFA20-0DE2-4C4E-A7FB-157024ECCA2D}.Debug|x64.Build.0 = Debug|Any CPU
		{D33AFA20-0DE2-4C4E-A7FB-157024ECCA2D}.Debug|x86.ActiveCfg = Debug|Any CPU
		{D33AFA20-0DE2-4C4E-A7FB-157024ECCA2D}.Debug|x86.Build.0 = Debug|Any CPU
		{D33AFA20-0DE2-4C4E-A7FB-157024ECCA2D}.Release|Any CPU.ActiveCfg = Release|Any CPU
		{D33AFA20-0DE2-4C4E-A7FB-157024ECCA2D}.Release|Any CPU.Build.0 = Release|Any CPU
		{D33AFA20-0DE2-4C4E-A7FB-157024ECCA2D}.Release|x64.ActiveCfg = Release|Any CPU
		{D33AFA20-0DE2-4C4E-A7FB-157024ECCA2D}.Release|x64.Build.0 = Release|Any CPU
		{D33AFA20-0DE2-4C4E-A7FB-157024ECCA2D}.Release|x86.ActiveCfg = Release|Any CPU
		{D33AFA20-0DE2-4C4E-A7FB-157024ECCA2D}.Release|x86.Build.0 = Release|Any CPU
		{DBB09D90-E828-4C3E-A00F-7C786E465AC5}.Debug|Any CPU.ActiveCfg = Debug|Any CPU
		{DBB09D90-E828-4C3E-A00F-7C786E465AC5}.Debug|Any CPU.Build.0 = Debug|Any CPU
		{DBB09D90-E828-4C3E-A00F-7C786E465AC5}.Debug|x64.ActiveCfg = Debug|Any CPU
		{DBB09D90-E828-4C3E-A00F-7C786E465AC5}.Debug|x64.Build.0 = Debug|Any CPU
		{DBB09D90-E828-4C3E-A00F-7C786E465AC5}.Debug|x86.ActiveCfg = Debug|Any CPU
		{DBB09D90-E828-4C3E-A00F-7C786E465AC5}.Debug|x86.Build.0 = Debug|Any CPU
		{DBB09D90-E828-4C3E-A00F-7C786E465AC5}.Release|Any CPU.ActiveCfg = Release|Any CPU
		{DBB09D90-E828-4C3E-A00F-7C786E465AC5}.Release|Any CPU.Build.0 = Release|Any CPU
		{DBB09D90-E828-4C3E-A00F-7C786E465AC5}.Release|x64.ActiveCfg = Release|Any CPU
		{DBB09D90-E828-4C3E-A00F-7C786E465AC5}.Release|x64.Build.0 = Release|Any CPU
		{DBB09D90-E828-4C3E-A00F-7C786E465AC5}.Release|x86.ActiveCfg = Release|Any CPU
		{DBB09D90-E828-4C3E-A00F-7C786E465AC5}.Release|x86.Build.0 = Release|Any CPU
		{CDD5B37F-68C0-41C5-A731-A88EA852B119}.Debug|Any CPU.ActiveCfg = Debug|Any CPU
		{CDD5B37F-68C0-41C5-A731-A88EA852B119}.Debug|Any CPU.Build.0 = Debug|Any CPU
		{CDD5B37F-68C0-41C5-A731-A88EA852B119}.Debug|x64.ActiveCfg = Debug|Any CPU
		{CDD5B37F-68C0-41C5-A731-A88EA852B119}.Debug|x64.Build.0 = Debug|Any CPU
		{CDD5B37F-68C0-41C5-A731-A88EA852B119}.Debug|x86.ActiveCfg = Debug|Any CPU
		{CDD5B37F-68C0-41C5-A731-A88EA852B119}.Debug|x86.Build.0 = Debug|Any CPU
		{CDD5B37F-68C0-41C5-A731-A88EA852B119}.Release|Any CPU.ActiveCfg = Release|Any CPU
		{CDD5B37F-68C0-41C5-A731-A88EA852B119}.Release|Any CPU.Build.0 = Release|Any CPU
		{CDD5B37F-68C0-41C5-A731-A88EA852B119}.Release|x64.ActiveCfg = Release|Any CPU
		{CDD5B37F-68C0-41C5-A731-A88EA852B119}.Release|x64.Build.0 = Release|Any CPU
		{CDD5B37F-68C0-41C5-A731-A88EA852B119}.Release|x86.ActiveCfg = Release|Any CPU
		{CDD5B37F-68C0-41C5-A731-A88EA852B119}.Release|x86.Build.0 = Release|Any CPU
		{1FF5DAEB-72F3-4F57-9B4C-77AC8CFDCD3A}.Debug|Any CPU.ActiveCfg = Debug|Any CPU
		{1FF5DAEB-72F3-4F57-9B4C-77AC8CFDCD3A}.Debug|Any CPU.Build.0 = Debug|Any CPU
		{1FF5DAEB-72F3-4F57-9B4C-77AC8CFDCD3A}.Debug|x64.ActiveCfg = Debug|Any CPU
		{1FF5DAEB-72F3-4F57-9B4C-77AC8CFDCD3A}.Debug|x64.Build.0 = Debug|Any CPU
		{1FF5DAEB-72F3-4F57-9B4C-77AC8CFDCD3A}.Debug|x86.ActiveCfg = Debug|Any CPU
		{1FF5DAEB-72F3-4F57-9B4C-77AC8CFDCD3A}.Debug|x86.Build.0 = Debug|Any CPU
		{1FF5DAEB-72F3-4F57-9B4C-77AC8CFDCD3A}.Release|Any CPU.ActiveCfg = Release|Any CPU
		{1FF5DAEB-72F3-4F57-9B4C-77AC8CFDCD3A}.Release|Any CPU.Build.0 = Release|Any CPU
		{1FF5DAEB-72F3-4F57-9B4C-77AC8CFDCD3A}.Release|x64.ActiveCfg = Release|Any CPU
		{1FF5DAEB-72F3-4F57-9B4C-77AC8CFDCD3A}.Release|x64.Build.0 = Release|Any CPU
		{1FF5DAEB-72F3-4F57-9B4C-77AC8CFDCD3A}.Release|x86.ActiveCfg = Release|Any CPU
		{1FF5DAEB-72F3-4F57-9B4C-77AC8CFDCD3A}.Release|x86.Build.0 = Release|Any CPU
		{663D950A-F7E4-4B5E-98B4-720A229CA427}.Debug|Any CPU.ActiveCfg = Debug|Any CPU
		{663D950A-F7E4-4B5E-98B4-720A229CA427}.Debug|Any CPU.Build.0 = Debug|Any CPU
		{663D950A-F7E4-4B5E-98B4-720A229CA427}.Debug|x64.ActiveCfg = Debug|Any CPU
		{663D950A-F7E4-4B5E-98B4-720A229CA427}.Debug|x64.Build.0 = Debug|Any CPU
		{663D950A-F7E4-4B5E-98B4-720A229CA427}.Debug|x86.ActiveCfg = Debug|Any CPU
		{663D950A-F7E4-4B5E-98B4-720A229CA427}.Debug|x86.Build.0 = Debug|Any CPU
		{663D950A-F7E4-4B5E-98B4-720A229CA427}.Release|Any CPU.ActiveCfg = Release|Any CPU
		{663D950A-F7E4-4B5E-98B4-720A229CA427}.Release|Any CPU.Build.0 = Release|Any CPU
		{663D950A-F7E4-4B5E-98B4-720A229CA427}.Release|x64.ActiveCfg = Release|Any CPU
		{663D950A-F7E4-4B5E-98B4-720A229CA427}.Release|x64.Build.0 = Release|Any CPU
		{663D950A-F7E4-4B5E-98B4-720A229CA427}.Release|x86.ActiveCfg = Release|Any CPU
		{663D950A-F7E4-4B5E-98B4-720A229CA427}.Release|x86.Build.0 = Release|Any CPU
		{3F69720E-757E-48EA-AB3C-08DA719C11A7}.Debug|Any CPU.ActiveCfg = Debug|Any CPU
		{3F69720E-757E-48EA-AB3C-08DA719C11A7}.Debug|Any CPU.Build.0 = Debug|Any CPU
		{3F69720E-757E-48EA-AB3C-08DA719C11A7}.Debug|x64.ActiveCfg = Debug|Any CPU
		{3F69720E-757E-48EA-AB3C-08DA719C11A7}.Debug|x64.Build.0 = Debug|Any CPU
		{3F69720E-757E-48EA-AB3C-08DA719C11A7}.Debug|x86.ActiveCfg = Debug|Any CPU
		{3F69720E-757E-48EA-AB3C-08DA719C11A7}.Debug|x86.Build.0 = Debug|Any CPU
		{3F69720E-757E-48EA-AB3C-08DA719C11A7}.Release|Any CPU.ActiveCfg = Release|Any CPU
		{3F69720E-757E-48EA-AB3C-08DA719C11A7}.Release|Any CPU.Build.0 = Release|Any CPU
		{3F69720E-757E-48EA-AB3C-08DA719C11A7}.Release|x64.ActiveCfg = Release|Any CPU
		{3F69720E-757E-48EA-AB3C-08DA719C11A7}.Release|x64.Build.0 = Release|Any CPU
		{3F69720E-757E-48EA-AB3C-08DA719C11A7}.Release|x86.ActiveCfg = Release|Any CPU
		{3F69720E-757E-48EA-AB3C-08DA719C11A7}.Release|x86.Build.0 = Release|Any CPU
		{F69E4E66-A8B5-43EF-89AA-420A76A834B4}.Debug|Any CPU.ActiveCfg = Debug|Any CPU
		{F69E4E66-A8B5-43EF-89AA-420A76A834B4}.Debug|Any CPU.Build.0 = Debug|Any CPU
		{F69E4E66-A8B5-43EF-89AA-420A76A834B4}.Debug|x64.ActiveCfg = Debug|Any CPU
		{F69E4E66-A8B5-43EF-89AA-420A76A834B4}.Debug|x64.Build.0 = Debug|Any CPU
		{F69E4E66-A8B5-43EF-89AA-420A76A834B4}.Debug|x86.ActiveCfg = Debug|Any CPU
		{F69E4E66-A8B5-43EF-89AA-420A76A834B4}.Debug|x86.Build.0 = Debug|Any CPU
		{F69E4E66-A8B5-43EF-89AA-420A76A834B4}.Release|Any CPU.ActiveCfg = Release|Any CPU
		{F69E4E66-A8B5-43EF-89AA-420A76A834B4}.Release|Any CPU.Build.0 = Release|Any CPU
		{F69E4E66-A8B5-43EF-89AA-420A76A834B4}.Release|x64.ActiveCfg = Release|Any CPU
		{F69E4E66-A8B5-43EF-89AA-420A76A834B4}.Release|x64.Build.0 = Release|Any CPU
		{F69E4E66-A8B5-43EF-89AA-420A76A834B4}.Release|x86.ActiveCfg = Release|Any CPU
		{F69E4E66-A8B5-43EF-89AA-420A76A834B4}.Release|x86.Build.0 = Release|Any CPU
		{D930556B-DB12-4CB8-8FCD-04778C4984FD}.Debug|Any CPU.ActiveCfg = Debug|Any CPU
		{D930556B-DB12-4CB8-8FCD-04778C4984FD}.Debug|Any CPU.Build.0 = Debug|Any CPU
		{D930556B-DB12-4CB8-8FCD-04778C4984FD}.Debug|x64.ActiveCfg = Debug|Any CPU
		{D930556B-DB12-4CB8-8FCD-04778C4984FD}.Debug|x64.Build.0 = Debug|Any CPU
		{D930556B-DB12-4CB8-8FCD-04778C4984FD}.Debug|x86.ActiveCfg = Debug|Any CPU
		{D930556B-DB12-4CB8-8FCD-04778C4984FD}.Debug|x86.Build.0 = Debug|Any CPU
		{D930556B-DB12-4CB8-8FCD-04778C4984FD}.Release|Any CPU.ActiveCfg = Release|Any CPU
		{D930556B-DB12-4CB8-8FCD-04778C4984FD}.Release|Any CPU.Build.0 = Release|Any CPU
		{D930556B-DB12-4CB8-8FCD-04778C4984FD}.Release|x64.ActiveCfg = Release|Any CPU
		{D930556B-DB12-4CB8-8FCD-04778C4984FD}.Release|x64.Build.0 = Release|Any CPU
		{D930556B-DB12-4CB8-8FCD-04778C4984FD}.Release|x86.ActiveCfg = Release|Any CPU
		{D930556B-DB12-4CB8-8FCD-04778C4984FD}.Release|x86.Build.0 = Release|Any CPU
		{009691B7-C1F2-4EC1-BCD9-402FCCB980DC}.Debug|Any CPU.ActiveCfg = Debug|Any CPU
		{009691B7-C1F2-4EC1-BCD9-402FCCB980DC}.Debug|Any CPU.Build.0 = Debug|Any CPU
		{009691B7-C1F2-4EC1-BCD9-402FCCB980DC}.Debug|x64.ActiveCfg = Debug|Any CPU
		{009691B7-C1F2-4EC1-BCD9-402FCCB980DC}.Debug|x64.Build.0 = Debug|Any CPU
		{009691B7-C1F2-4EC1-BCD9-402FCCB980DC}.Debug|x86.ActiveCfg = Debug|Any CPU
		{009691B7-C1F2-4EC1-BCD9-402FCCB980DC}.Debug|x86.Build.0 = Debug|Any CPU
		{009691B7-C1F2-4EC1-BCD9-402FCCB980DC}.Release|Any CPU.ActiveCfg = Release|Any CPU
		{009691B7-C1F2-4EC1-BCD9-402FCCB980DC}.Release|Any CPU.Build.0 = Release|Any CPU
		{009691B7-C1F2-4EC1-BCD9-402FCCB980DC}.Release|x64.ActiveCfg = Release|Any CPU
		{009691B7-C1F2-4EC1-BCD9-402FCCB980DC}.Release|x64.Build.0 = Release|Any CPU
		{009691B7-C1F2-4EC1-BCD9-402FCCB980DC}.Release|x86.ActiveCfg = Release|Any CPU
		{009691B7-C1F2-4EC1-BCD9-402FCCB980DC}.Release|x86.Build.0 = Release|Any CPU
		{AAB54CBA-3A96-4CA4-B60D-EB35E18049CB}.Debug|Any CPU.ActiveCfg = Debug|Any CPU
		{AAB54CBA-3A96-4CA4-B60D-EB35E18049CB}.Debug|Any CPU.Build.0 = Debug|Any CPU
		{AAB54CBA-3A96-4CA4-B60D-EB35E18049CB}.Debug|x64.ActiveCfg = Debug|Any CPU
		{AAB54CBA-3A96-4CA4-B60D-EB35E18049CB}.Debug|x64.Build.0 = Debug|Any CPU
		{AAB54CBA-3A96-4CA4-B60D-EB35E18049CB}.Debug|x86.ActiveCfg = Debug|Any CPU
		{AAB54CBA-3A96-4CA4-B60D-EB35E18049CB}.Debug|x86.Build.0 = Debug|Any CPU
		{AAB54CBA-3A96-4CA4-B60D-EB35E18049CB}.Release|Any CPU.ActiveCfg = Release|Any CPU
		{AAB54CBA-3A96-4CA4-B60D-EB35E18049CB}.Release|Any CPU.Build.0 = Release|Any CPU
		{AAB54CBA-3A96-4CA4-B60D-EB35E18049CB}.Release|x64.ActiveCfg = Release|Any CPU
		{AAB54CBA-3A96-4CA4-B60D-EB35E18049CB}.Release|x64.Build.0 = Release|Any CPU
		{AAB54CBA-3A96-4CA4-B60D-EB35E18049CB}.Release|x86.ActiveCfg = Release|Any CPU
		{AAB54CBA-3A96-4CA4-B60D-EB35E18049CB}.Release|x86.Build.0 = Release|Any CPU
		{437C7688-D5D1-4680-92D1-09ACD2639823}.Debug|Any CPU.ActiveCfg = Debug|Any CPU
		{437C7688-D5D1-4680-92D1-09ACD2639823}.Debug|Any CPU.Build.0 = Debug|Any CPU
		{437C7688-D5D1-4680-92D1-09ACD2639823}.Debug|x64.ActiveCfg = Debug|Any CPU
		{437C7688-D5D1-4680-92D1-09ACD2639823}.Debug|x64.Build.0 = Debug|Any CPU
		{437C7688-D5D1-4680-92D1-09ACD2639823}.Debug|x86.ActiveCfg = Debug|Any CPU
		{437C7688-D5D1-4680-92D1-09ACD2639823}.Debug|x86.Build.0 = Debug|Any CPU
		{437C7688-D5D1-4680-92D1-09ACD2639823}.Release|Any CPU.ActiveCfg = Release|Any CPU
		{437C7688-D5D1-4680-92D1-09ACD2639823}.Release|Any CPU.Build.0 = Release|Any CPU
		{437C7688-D5D1-4680-92D1-09ACD2639823}.Release|x64.ActiveCfg = Release|Any CPU
		{437C7688-D5D1-4680-92D1-09ACD2639823}.Release|x64.Build.0 = Release|Any CPU
		{437C7688-D5D1-4680-92D1-09ACD2639823}.Release|x86.ActiveCfg = Release|Any CPU
		{437C7688-D5D1-4680-92D1-09ACD2639823}.Release|x86.Build.0 = Release|Any CPU
		{AA349CE3-D72D-40D6-89E1-DBC66A0AC519}.Debug|Any CPU.ActiveCfg = Debug|Any CPU
		{AA349CE3-D72D-40D6-89E1-DBC66A0AC519}.Debug|Any CPU.Build.0 = Debug|Any CPU
		{AA349CE3-D72D-40D6-89E1-DBC66A0AC519}.Debug|x64.ActiveCfg = Debug|Any CPU
		{AA349CE3-D72D-40D6-89E1-DBC66A0AC519}.Debug|x64.Build.0 = Debug|Any CPU
		{AA349CE3-D72D-40D6-89E1-DBC66A0AC519}.Debug|x86.ActiveCfg = Debug|Any CPU
		{AA349CE3-D72D-40D6-89E1-DBC66A0AC519}.Debug|x86.Build.0 = Debug|Any CPU
		{AA349CE3-D72D-40D6-89E1-DBC66A0AC519}.Release|Any CPU.ActiveCfg = Release|Any CPU
		{AA349CE3-D72D-40D6-89E1-DBC66A0AC519}.Release|Any CPU.Build.0 = Release|Any CPU
		{AA349CE3-D72D-40D6-89E1-DBC66A0AC519}.Release|x64.ActiveCfg = Release|Any CPU
		{AA349CE3-D72D-40D6-89E1-DBC66A0AC519}.Release|x64.Build.0 = Release|Any CPU
		{AA349CE3-D72D-40D6-89E1-DBC66A0AC519}.Release|x86.ActiveCfg = Release|Any CPU
		{AA349CE3-D72D-40D6-89E1-DBC66A0AC519}.Release|x86.Build.0 = Release|Any CPU
		{2759C6EA-043D-484E-9262-57C33DFE6FD2}.Debug|Any CPU.ActiveCfg = Debug|Any CPU
		{2759C6EA-043D-484E-9262-57C33DFE6FD2}.Debug|Any CPU.Build.0 = Debug|Any CPU
		{2759C6EA-043D-484E-9262-57C33DFE6FD2}.Debug|x64.ActiveCfg = Debug|Any CPU
		{2759C6EA-043D-484E-9262-57C33DFE6FD2}.Debug|x64.Build.0 = Debug|Any CPU
		{2759C6EA-043D-484E-9262-57C33DFE6FD2}.Debug|x86.ActiveCfg = Debug|Any CPU
		{2759C6EA-043D-484E-9262-57C33DFE6FD2}.Debug|x86.Build.0 = Debug|Any CPU
		{2759C6EA-043D-484E-9262-57C33DFE6FD2}.Release|Any CPU.ActiveCfg = Release|Any CPU
		{2759C6EA-043D-484E-9262-57C33DFE6FD2}.Release|Any CPU.Build.0 = Release|Any CPU
		{2759C6EA-043D-484E-9262-57C33DFE6FD2}.Release|x64.ActiveCfg = Release|Any CPU
		{2759C6EA-043D-484E-9262-57C33DFE6FD2}.Release|x64.Build.0 = Release|Any CPU
		{2759C6EA-043D-484E-9262-57C33DFE6FD2}.Release|x86.ActiveCfg = Release|Any CPU
		{2759C6EA-043D-484E-9262-57C33DFE6FD2}.Release|x86.Build.0 = Release|Any CPU
		{601D2751-6607-4C7A-AE77-669B395716B3}.Debug|Any CPU.ActiveCfg = Debug|Any CPU
		{601D2751-6607-4C7A-AE77-669B395716B3}.Debug|Any CPU.Build.0 = Debug|Any CPU
		{601D2751-6607-4C7A-AE77-669B395716B3}.Debug|x64.ActiveCfg = Debug|Any CPU
		{601D2751-6607-4C7A-AE77-669B395716B3}.Debug|x64.Build.0 = Debug|Any CPU
		{601D2751-6607-4C7A-AE77-669B395716B3}.Debug|x86.ActiveCfg = Debug|Any CPU
		{601D2751-6607-4C7A-AE77-669B395716B3}.Debug|x86.Build.0 = Debug|Any CPU
		{601D2751-6607-4C7A-AE77-669B395716B3}.Release|Any CPU.ActiveCfg = Release|Any CPU
		{601D2751-6607-4C7A-AE77-669B395716B3}.Release|Any CPU.Build.0 = Release|Any CPU
		{601D2751-6607-4C7A-AE77-669B395716B3}.Release|x64.ActiveCfg = Release|Any CPU
		{601D2751-6607-4C7A-AE77-669B395716B3}.Release|x64.Build.0 = Release|Any CPU
		{601D2751-6607-4C7A-AE77-669B395716B3}.Release|x86.ActiveCfg = Release|Any CPU
		{601D2751-6607-4C7A-AE77-669B395716B3}.Release|x86.Build.0 = Release|Any CPU
		{93A1197F-5E68-44CD-A27B-87257D69245C}.Debug|Any CPU.ActiveCfg = Debug|Any CPU
		{93A1197F-5E68-44CD-A27B-87257D69245C}.Debug|Any CPU.Build.0 = Debug|Any CPU
		{93A1197F-5E68-44CD-A27B-87257D69245C}.Debug|x64.ActiveCfg = Debug|Any CPU
		{93A1197F-5E68-44CD-A27B-87257D69245C}.Debug|x64.Build.0 = Debug|Any CPU
		{93A1197F-5E68-44CD-A27B-87257D69245C}.Debug|x86.ActiveCfg = Debug|Any CPU
		{93A1197F-5E68-44CD-A27B-87257D69245C}.Debug|x86.Build.0 = Debug|Any CPU
		{93A1197F-5E68-44CD-A27B-87257D69245C}.Release|Any CPU.ActiveCfg = Release|Any CPU
		{93A1197F-5E68-44CD-A27B-87257D69245C}.Release|Any CPU.Build.0 = Release|Any CPU
		{93A1197F-5E68-44CD-A27B-87257D69245C}.Release|x64.ActiveCfg = Release|Any CPU
		{93A1197F-5E68-44CD-A27B-87257D69245C}.Release|x64.Build.0 = Release|Any CPU
		{93A1197F-5E68-44CD-A27B-87257D69245C}.Release|x86.ActiveCfg = Release|Any CPU
		{93A1197F-5E68-44CD-A27B-87257D69245C}.Release|x86.Build.0 = Release|Any CPU
		{0D25480B-DC85-415B-BF01-8E0F5235A196}.Debug|Any CPU.ActiveCfg = Debug|Any CPU
		{0D25480B-DC85-415B-BF01-8E0F5235A196}.Debug|Any CPU.Build.0 = Debug|Any CPU
		{0D25480B-DC85-415B-BF01-8E0F5235A196}.Debug|x64.ActiveCfg = Debug|Any CPU
		{0D25480B-DC85-415B-BF01-8E0F5235A196}.Debug|x64.Build.0 = Debug|Any CPU
		{0D25480B-DC85-415B-BF01-8E0F5235A196}.Debug|x86.ActiveCfg = Debug|Any CPU
		{0D25480B-DC85-415B-BF01-8E0F5235A196}.Debug|x86.Build.0 = Debug|Any CPU
		{0D25480B-DC85-415B-BF01-8E0F5235A196}.Release|Any CPU.ActiveCfg = Release|Any CPU
		{0D25480B-DC85-415B-BF01-8E0F5235A196}.Release|Any CPU.Build.0 = Release|Any CPU
		{0D25480B-DC85-415B-BF01-8E0F5235A196}.Release|x64.ActiveCfg = Release|Any CPU
		{0D25480B-DC85-415B-BF01-8E0F5235A196}.Release|x64.Build.0 = Release|Any CPU
		{0D25480B-DC85-415B-BF01-8E0F5235A196}.Release|x86.ActiveCfg = Release|Any CPU
		{0D25480B-DC85-415B-BF01-8E0F5235A196}.Release|x86.Build.0 = Release|Any CPU
		{EDE24435-CBD1-4649-828F-FD1DB42688E6}.Debug|Any CPU.ActiveCfg = Debug|Any CPU
		{EDE24435-CBD1-4649-828F-FD1DB42688E6}.Debug|Any CPU.Build.0 = Debug|Any CPU
		{EDE24435-CBD1-4649-828F-FD1DB42688E6}.Debug|x64.ActiveCfg = Debug|Any CPU
		{EDE24435-CBD1-4649-828F-FD1DB42688E6}.Debug|x64.Build.0 = Debug|Any CPU
		{EDE24435-CBD1-4649-828F-FD1DB42688E6}.Debug|x86.ActiveCfg = Debug|Any CPU
		{EDE24435-CBD1-4649-828F-FD1DB42688E6}.Debug|x86.Build.0 = Debug|Any CPU
		{EDE24435-CBD1-4649-828F-FD1DB42688E6}.Release|Any CPU.ActiveCfg = Release|Any CPU
		{EDE24435-CBD1-4649-828F-FD1DB42688E6}.Release|Any CPU.Build.0 = Release|Any CPU
		{EDE24435-CBD1-4649-828F-FD1DB42688E6}.Release|x64.ActiveCfg = Release|Any CPU
		{EDE24435-CBD1-4649-828F-FD1DB42688E6}.Release|x64.Build.0 = Release|Any CPU
		{EDE24435-CBD1-4649-828F-FD1DB42688E6}.Release|x86.ActiveCfg = Release|Any CPU
		{EDE24435-CBD1-4649-828F-FD1DB42688E6}.Release|x86.Build.0 = Release|Any CPU
		{B723A81C-2623-4377-A55D-D3517198CC59}.Debug|Any CPU.ActiveCfg = Debug|Any CPU
		{B723A81C-2623-4377-A55D-D3517198CC59}.Debug|Any CPU.Build.0 = Debug|Any CPU
		{B723A81C-2623-4377-A55D-D3517198CC59}.Debug|x64.ActiveCfg = Debug|Any CPU
		{B723A81C-2623-4377-A55D-D3517198CC59}.Debug|x64.Build.0 = Debug|Any CPU
		{B723A81C-2623-4377-A55D-D3517198CC59}.Debug|x86.ActiveCfg = Debug|Any CPU
		{B723A81C-2623-4377-A55D-D3517198CC59}.Debug|x86.Build.0 = Debug|Any CPU
		{B723A81C-2623-4377-A55D-D3517198CC59}.Release|Any CPU.ActiveCfg = Release|Any CPU
		{B723A81C-2623-4377-A55D-D3517198CC59}.Release|Any CPU.Build.0 = Release|Any CPU
		{B723A81C-2623-4377-A55D-D3517198CC59}.Release|x64.ActiveCfg = Release|Any CPU
		{B723A81C-2623-4377-A55D-D3517198CC59}.Release|x64.Build.0 = Release|Any CPU
		{B723A81C-2623-4377-A55D-D3517198CC59}.Release|x86.ActiveCfg = Release|Any CPU
		{B723A81C-2623-4377-A55D-D3517198CC59}.Release|x86.Build.0 = Release|Any CPU
	EndGlobalSection
	GlobalSection(NestedProjects) = preSolution
		{6CF17EB2-21BD-4B9D-B21F-B0369A6F6702} = {B4C36468-9EFE-4193-BB40-D3FC19104222}
		{B15B8FFE-5388-4731-9126-44BA4E0C5B9E} = {B4C36468-9EFE-4193-BB40-D3FC19104222}
		{ED31BB93-748C-4268-8EC6-7496B3D1C3D5} = {B4C36468-9EFE-4193-BB40-D3FC19104222}
		{6A580778-1581-48D8-B043-930119EDB03B} = {B4C36468-9EFE-4193-BB40-D3FC19104222}
		{393D50AE-C703-44B0-8298-486E353B746F} = {A25C5320-9220-49D6-BED6-8EF598215E90}
		{A1E8B811-7D5A-43D5-ADFE-ECFF8761322F} = {393D50AE-C703-44B0-8298-486E353B746F}
		{1A0C033F-FB7B-47F2-AFDD-63429B52D2FC} = {393D50AE-C703-44B0-8298-486E353B746F}
		{3EB9607E-2AC3-41B0-97E2-17BC190D8CA0} = {393D50AE-C703-44B0-8298-486E353B746F}
		{E3C624EA-F454-4732-86D3-29C02E484F89} = {A25C5320-9220-49D6-BED6-8EF598215E90}
		{7D96B909-B99A-4097-8919-B6887C0AAE5D} = {E3C624EA-F454-4732-86D3-29C02E484F89}
		{AF61A0F6-AD7B-40A3-9A5C-7A8943F431D1} = {E3C624EA-F454-4732-86D3-29C02E484F89}
		{231EDBE4-0B4C-478D-9107-A38A83D24C34} = {E3C624EA-F454-4732-86D3-29C02E484F89}
		{A25C5320-9220-49D6-BED6-8EF598215E90} = {9DF184FD-F817-444C-9642-C95223594F14}
		{B4C36468-9EFE-4193-BB40-D3FC19104222} = {9DF184FD-F817-444C-9642-C95223594F14}
		{F8D8990E-E832-4A5E-9572-5BCF3F22DB05} = {21787409-6E37-4562-9679-FE354938D1E4}
		{21801BE1-B8E7-4F3C-A0AF-60D4D75D6DAA} = {21787409-6E37-4562-9679-FE354938D1E4}
		{2555B06A-8548-43BC-AE68-DE18A023D369} = {21787409-6E37-4562-9679-FE354938D1E4}
		{8AB8753C-885F-4DDC-BA2C-CAC1FF13C99D} = {2555B06A-8548-43BC-AE68-DE18A023D369}
		{2F6A2584-B187-420C-B314-A6756E1EE4AC} = {2555B06A-8548-43BC-AE68-DE18A023D369}
		{24FA5375-6B56-4D85-A909-1AB20E6DB56F} = {21787409-6E37-4562-9679-FE354938D1E4}
		{2764A22B-04A7-41B8-AE51-DD6B3E179E77} = {24FA5375-6B56-4D85-A909-1AB20E6DB56F}
		{430506AA-7427-4036-9CE6-A70FA6C1C094} = {24FA5375-6B56-4D85-A909-1AB20E6DB56F}
		{521BC838-E4D0-4081-AC51-77A284E72A4D} = {24FA5375-6B56-4D85-A909-1AB20E6DB56F}
		{4D6DBA0B-1D8C-41DD-8857-6A038ED186FE} = {21787409-6E37-4562-9679-FE354938D1E4}
		{25BAC296-A1F0-44D5-8CD6-5D63A5B2B5D8} = {4D6DBA0B-1D8C-41DD-8857-6A038ED186FE}
		{4749A045-4F61-4AFE-8052-8A9B35AE5707} = {4D6DBA0B-1D8C-41DD-8857-6A038ED186FE}
		{9408D03B-8962-460A-A3F0-EFFC8E980375} = {4D6DBA0B-1D8C-41DD-8857-6A038ED186FE}
		{C58F3C52-1D56-4575-9F12-D7167EBD14FD} = {21787409-6E37-4562-9679-FE354938D1E4}
		{72309CC2-1941-43BC-AF2D-99D4E3B73469} = {21787409-6E37-4562-9679-FE354938D1E4}
		{AAFE16E4-4FCE-4DB4-A63F-433287FD563A} = {21787409-6E37-4562-9679-FE354938D1E4}
		{C86B81E7-D065-46C3-BCB7-13EC90E5E402} = {21787409-6E37-4562-9679-FE354938D1E4}
		{7018AF25-A269-4F14-8B57-8F2CC0064254} = {21787409-6E37-4562-9679-FE354938D1E4}
		{69F63369-BCF1-481D-96A8-2A6CC4BFB275} = {7018AF25-A269-4F14-8B57-8F2CC0064254}
		{2159688F-7FC5-41A7-98E7-8FE83FDC1B7D} = {7018AF25-A269-4F14-8B57-8F2CC0064254}
		{8A6CBA33-12E9-45EE-997D-F4338A0DFEC8} = {21787409-6E37-4562-9679-FE354938D1E4}
		{D4232F45-0C01-40C6-BC09-67E2A34BF4FD} = {8A6CBA33-12E9-45EE-997D-F4338A0DFEC8}
		{A95E72D7-C17B-4800-88AF-FB7FB335310D} = {8A6CBA33-12E9-45EE-997D-F4338A0DFEC8}
		{251A1F4E-81A9-49D0-BC46-E6CDB95C1890} = {8A6CBA33-12E9-45EE-997D-F4338A0DFEC8}
		{A9023BA0-6B97-4A78-AB76-E3B4F83CFB3A} = {21787409-6E37-4562-9679-FE354938D1E4}
		{BC78164D-07C4-4C29-ABAF-557E201F0587} = {A9023BA0-6B97-4A78-AB76-E3B4F83CFB3A}
		{D8441CA1-E71F-4AAB-8F73-CF08BBF914B7} = {A9023BA0-6B97-4A78-AB76-E3B4F83CFB3A}
		{7BDB3E91-31C5-428D-A28C-0533FB086FD4} = {A9023BA0-6B97-4A78-AB76-E3B4F83CFB3A}
		{D84EB5C6-8301-491D-A49E-D134F7C1F30A} = {2BF52DAA-3FC0-4682-8D30-C03EF73C91CF}
		{7105F743-E1D1-4F01-8281-0408EF0C88E1} = {D84EB5C6-8301-491D-A49E-D134F7C1F30A}
		{985C5FF3-E605-4DC0-B3F9-152A6075837D} = {D84EB5C6-8301-491D-A49E-D134F7C1F30A}
		{6F7656CC-DEE4-4CD4-BF29-D36BCDEED883} = {D84EB5C6-8301-491D-A49E-D134F7C1F30A}
		{2BF9F6F9-494D-41A3-985C-F5E34E67E0F9} = {2BF52DAA-3FC0-4682-8D30-C03EF73C91CF}
		{86D9A218-1B39-45DE-82F1-EE579C247D03} = {2BF9F6F9-494D-41A3-985C-F5E34E67E0F9}
		{E0CFBD89-5087-4447-B3F8-5FB62190EC83} = {2BF9F6F9-494D-41A3-985C-F5E34E67E0F9}
		{0C49FA45-9795-4F8A-AF94-4DDA33EFBB03} = {2BF9F6F9-494D-41A3-985C-F5E34E67E0F9}
		{44F8D1D8-5E7F-474B-B558-A816F6DF2A05} = {7EF6B132-5A4F-4C35-81E1-23CE9A5F58D5}
		{9822CFA3-1858-4BA5-9080-F0C64627E97A} = {99C40DDC-6F3D-4BE7-B37B-F8B471EA7E5B}
		{38C6582E-9C73-48E3-AC0C-496E473A9849} = {99C40DDC-6F3D-4BE7-B37B-F8B471EA7E5B}
		{0593FF54-5623-4C25-AFEA-E6CBD02F2AD6} = {99C40DDC-6F3D-4BE7-B37B-F8B471EA7E5B}
		{9CE1C240-E889-4346-8A1C-96BD389FC6B9} = {0593FF54-5623-4C25-AFEA-E6CBD02F2AD6}
		{6BCBE7BE-DB8A-4087-A783-E993A87319FD} = {0593FF54-5623-4C25-AFEA-E6CBD02F2AD6}
		{B24B628C-2BC0-4631-90C2-09D77E8E486F} = {0593FF54-5623-4C25-AFEA-E6CBD02F2AD6}
		{69C032DE-52B1-4ABC-96C5-BFA747BE2B21} = {38C6582E-9C73-48E3-AC0C-496E473A9849}
		{284E4EB6-A59B-430C-97AB-AFF754994A33} = {38C6582E-9C73-48E3-AC0C-496E473A9849}
		{9BB63CA6-F797-46F7-98E6-1104D7720738} = {38C6582E-9C73-48E3-AC0C-496E473A9849}
		{DF0812B4-9DAB-41D7-9BDA-A4D7E5B3E754} = {38C6582E-9C73-48E3-AC0C-496E473A9849}
		{074FB27C-AF78-4B64-A9F7-CBEB7CE5F5E3} = {9822CFA3-1858-4BA5-9080-F0C64627E97A}
		{0EC8EE1B-F302-4A21-9C86-3AAE17265F54} = {9822CFA3-1858-4BA5-9080-F0C64627E97A}
		{15BAE7E2-3AB3-4648-974F-BE1F50C9DC62} = {9822CFA3-1858-4BA5-9080-F0C64627E97A}
		{B273A51C-C4C5-4714-8387-0A76F5FAE431} = {396ED47E-57B7-4442-94ED-AF388FD94448}
		{C81999A0-8391-448A-99B3-D95834BD16C5} = {B273A51C-C4C5-4714-8387-0A76F5FAE431}
		{0E3506DB-9A43-4123-820D-4183973E701F} = {C81999A0-8391-448A-99B3-D95834BD16C5}
		{9BDCBE21-6A68-4BA1-8284-D3FE35744E84} = {C81999A0-8391-448A-99B3-D95834BD16C5}
		{FD38F151-7554-4D9C-8033-AC73A3084A60} = {C81999A0-8391-448A-99B3-D95834BD16C5}
		{D33AFA20-0DE2-4C4E-A7FB-157024ECCA2D} = {C81999A0-8391-448A-99B3-D95834BD16C5}
		{663D950A-F7E4-4B5E-98B4-720A229CA427} = {7A4BDEE1-32D3-42E9-B101-F0D292F69A02}
		{3F69720E-757E-48EA-AB3C-08DA719C11A7} = {7A4BDEE1-32D3-42E9-B101-F0D292F69A02}
		{373F3601-5644-4867-BBB2-7D18E8FA5E11} = {396ED47E-57B7-4442-94ED-AF388FD94448}
		{F69E4E66-A8B5-43EF-89AA-420A76A834B4} = {373F3601-5644-4867-BBB2-7D18E8FA5E11}
		{D930556B-DB12-4CB8-8FCD-04778C4984FD} = {373F3601-5644-4867-BBB2-7D18E8FA5E11}
		{009691B7-C1F2-4EC1-BCD9-402FCCB980DC} = {373F3601-5644-4867-BBB2-7D18E8FA5E11}
		{AAB54CBA-3A96-4CA4-B60D-EB35E18049CB} = {373F3601-5644-4867-BBB2-7D18E8FA5E11}
		{DBB09D90-E828-4C3E-A00F-7C786E465AC5} = {373F3601-5644-4867-BBB2-7D18E8FA5E11}
		{CDD5B37F-68C0-41C5-A731-A88EA852B119} = {373F3601-5644-4867-BBB2-7D18E8FA5E11}
		{1FF5DAEB-72F3-4F57-9B4C-77AC8CFDCD3A} = {373F3601-5644-4867-BBB2-7D18E8FA5E11}
		{7A4BDEE1-32D3-42E9-B101-F0D292F69A02} = {396ED47E-57B7-4442-94ED-AF388FD94448}
		{4FBD1C9A-7807-436D-9D35-C8EA47894434} = {B273A51C-C4C5-4714-8387-0A76F5FAE431}
		{437C7688-D5D1-4680-92D1-09ACD2639823} = {4FBD1C9A-7807-436D-9D35-C8EA47894434}
		{AA349CE3-D72D-40D6-89E1-DBC66A0AC519} = {4FBD1C9A-7807-436D-9D35-C8EA47894434}
		{2759C6EA-043D-484E-9262-57C33DFE6FD2} = {4FBD1C9A-7807-436D-9D35-C8EA47894434}
		{7EF6B132-5A4F-4C35-81E1-23CE9A5F58D5} = {7A58A34D-344C-40B3-9BC0-3E3D24DF52ED}
		{2BF52DAA-3FC0-4682-8D30-C03EF73C91CF} = {7A58A34D-344C-40B3-9BC0-3E3D24DF52ED}
		{1E75DDAB-D908-4918-B7B0-B4360FEBB120} = {2BF52DAA-3FC0-4682-8D30-C03EF73C91CF}
		{601D2751-6607-4C7A-AE77-669B395716B3} = {1E75DDAB-D908-4918-B7B0-B4360FEBB120}
		{93A1197F-5E68-44CD-A27B-87257D69245C} = {1E75DDAB-D908-4918-B7B0-B4360FEBB120}
		{0D25480B-DC85-415B-BF01-8E0F5235A196} = {1E75DDAB-D908-4918-B7B0-B4360FEBB120}
		{EDE24435-CBD1-4649-828F-FD1DB42688E6} = {1E75DDAB-D908-4918-B7B0-B4360FEBB120}
		{B723A81C-2623-4377-A55D-D3517198CC59} = {1E75DDAB-D908-4918-B7B0-B4360FEBB120}
	EndGlobalSection
EndGlobal
