
Microsoft Visual Studio Solution File, Format Version 12.00
# Visual Studio 15
VisualStudioVersion = 15.0.26124.0
MinimumVisualStudioVersion = 15.0.26124.0
Project("{2150E333-8FDC-42A3-9474-1A3956D46DE8}") = "RawRabbit", "RawRabbit", "{9DF184FD-F817-444C-9642-C95223594F14}"
EndProject
Project("{2150E333-8FDC-42A3-9474-1A3956D46DE8}") = "Command", "Command", "{A25C5320-9220-49D6-BED6-8EF598215E90}"
EndProject
Project("{FAE04EC0-301F-11D3-BF4B-00C04F79EFBC}") = "Messages", "RawRabbit\Command\RPC\Messages\Messages.csproj", "{A1E8B811-7D5A-43D5-ADFE-ECFF8761322F}"
EndProject
Project("{FAE04EC0-301F-11D3-BF4B-00C04F79EFBC}") = "Sender", "RawRabbit\Command\RPC\Sender\Sender.csproj", "{3EB9607E-2AC3-41B0-97E2-17BC190D8CA0}"
EndProject
Project("{FAE04EC0-301F-11D3-BF4B-00C04F79EFBC}") = "Receiver", "RawRabbit\Command\RPC\Receiver\Receiver.csproj", "{1A0C033F-FB7B-47F2-AFDD-63429B52D2FC}"
EndProject
Project("{2150E333-8FDC-42A3-9474-1A3956D46DE8}") = "Event", "Event", "{B4C36468-9EFE-4193-BB40-D3FC19104222}"
EndProject
Project("{FAE04EC0-301F-11D3-BF4B-00C04F79EFBC}") = "Messages", "RawRabbit\Event\Messages\Messages.csproj", "{6CF17EB2-21BD-4B9D-B21F-B0369A6F6702}"
EndProject
Project("{FAE04EC0-301F-11D3-BF4B-00C04F79EFBC}") = "Sender", "RawRabbit\Event\Sender\Sender.csproj", "{B15B8FFE-5388-4731-9126-44BA4E0C5B9E}"
EndProject
Project("{FAE04EC0-301F-11D3-BF4B-00C04F79EFBC}") = "Receiver-1", "RawRabbit\Event\Receiver-1\Receiver-1.csproj", "{ED31BB93-748C-4268-8EC6-7496B3D1C3D5}"
EndProject
Project("{FAE04EC0-301F-11D3-BF4B-00C04F79EFBC}") = "Receiver-2", "RawRabbit\Event\Receiver-2\Receiver-2.csproj", "{6A580778-1581-48D8-B043-930119EDB03B}"
EndProject
Project("{2150E333-8FDC-42A3-9474-1A3956D46DE8}") = "RPC", "RPC", "{393D50AE-C703-44B0-8298-486E353B746F}"
EndProject
Project("{2150E333-8FDC-42A3-9474-1A3956D46DE8}") = "PublishSubscribe", "PublishSubscribe", "{E3C624EA-F454-4732-86D3-29C02E484F89}"
EndProject
Project("{FAE04EC0-301F-11D3-BF4B-00C04F79EFBC}") = "Messages", "RawRabbit\Command\PublishSubscribe\Messages\Messages.csproj", "{7D96B909-B99A-4097-8919-B6887C0AAE5D}"
EndProject
Project("{FAE04EC0-301F-11D3-BF4B-00C04F79EFBC}") = "Sender", "RawRabbit\Command\PublishSubscribe\Sender\Sender.csproj", "{AF61A0F6-AD7B-40A3-9A5C-7A8943F431D1}"
EndProject
Project("{FAE04EC0-301F-11D3-BF4B-00C04F79EFBC}") = "Receiver", "RawRabbit\Command\PublishSubscribe\Receiver\Receiver.csproj", "{231EDBE4-0B4C-478D-9107-A38A83D24C34}"
EndProject
Global
	GlobalSection(SolutionConfigurationPlatforms) = preSolution
		Debug|Any CPU = Debug|Any CPU
		Debug|x64 = Debug|x64
		Debug|x86 = Debug|x86
		Release|Any CPU = Release|Any CPU
		Release|x64 = Release|x64
		Release|x86 = Release|x86
	EndGlobalSection
	GlobalSection(SolutionProperties) = preSolution
		HideSolutionNode = FALSE
	EndGlobalSection
	GlobalSection(ProjectConfigurationPlatforms) = postSolution
		{A1E8B811-7D5A-43D5-ADFE-ECFF8761322F}.Debug|Any CPU.ActiveCfg = Debug|Any CPU
		{A1E8B811-7D5A-43D5-ADFE-ECFF8761322F}.Debug|Any CPU.Build.0 = Debug|Any CPU
		{A1E8B811-7D5A-43D5-ADFE-ECFF8761322F}.Debug|x64.ActiveCfg = Debug|x64
		{A1E8B811-7D5A-43D5-ADFE-ECFF8761322F}.Debug|x64.Build.0 = Debug|x64
		{A1E8B811-7D5A-43D5-ADFE-ECFF8761322F}.Debug|x86.ActiveCfg = Debug|x86
		{A1E8B811-7D5A-43D5-ADFE-ECFF8761322F}.Debug|x86.Build.0 = Debug|x86
		{A1E8B811-7D5A-43D5-ADFE-ECFF8761322F}.Release|Any CPU.ActiveCfg = Release|Any CPU
		{A1E8B811-7D5A-43D5-ADFE-ECFF8761322F}.Release|Any CPU.Build.0 = Release|Any CPU
		{A1E8B811-7D5A-43D5-ADFE-ECFF8761322F}.Release|x64.ActiveCfg = Release|x64
		{A1E8B811-7D5A-43D5-ADFE-ECFF8761322F}.Release|x64.Build.0 = Release|x64
		{A1E8B811-7D5A-43D5-ADFE-ECFF8761322F}.Release|x86.ActiveCfg = Release|x86
		{A1E8B811-7D5A-43D5-ADFE-ECFF8761322F}.Release|x86.Build.0 = Release|x86
		{3EB9607E-2AC3-41B0-97E2-17BC190D8CA0}.Debug|Any CPU.ActiveCfg = Debug|Any CPU
		{3EB9607E-2AC3-41B0-97E2-17BC190D8CA0}.Debug|Any CPU.Build.0 = Debug|Any CPU
		{3EB9607E-2AC3-41B0-97E2-17BC190D8CA0}.Debug|x64.ActiveCfg = Debug|x64
		{3EB9607E-2AC3-41B0-97E2-17BC190D8CA0}.Debug|x64.Build.0 = Debug|x64
		{3EB9607E-2AC3-41B0-97E2-17BC190D8CA0}.Debug|x86.ActiveCfg = Debug|x86
		{3EB9607E-2AC3-41B0-97E2-17BC190D8CA0}.Debug|x86.Build.0 = Debug|x86
		{3EB9607E-2AC3-41B0-97E2-17BC190D8CA0}.Release|Any CPU.ActiveCfg = Release|Any CPU
		{3EB9607E-2AC3-41B0-97E2-17BC190D8CA0}.Release|Any CPU.Build.0 = Release|Any CPU
		{3EB9607E-2AC3-41B0-97E2-17BC190D8CA0}.Release|x64.ActiveCfg = Release|x64
		{3EB9607E-2AC3-41B0-97E2-17BC190D8CA0}.Release|x64.Build.0 = Release|x64
		{3EB9607E-2AC3-41B0-97E2-17BC190D8CA0}.Release|x86.ActiveCfg = Release|x86
		{3EB9607E-2AC3-41B0-97E2-17BC190D8CA0}.Release|x86.Build.0 = Release|x86
		{1A0C033F-FB7B-47F2-AFDD-63429B52D2FC}.Debug|Any CPU.ActiveCfg = Debug|Any CPU
		{1A0C033F-FB7B-47F2-AFDD-63429B52D2FC}.Debug|Any CPU.Build.0 = Debug|Any CPU
		{1A0C033F-FB7B-47F2-AFDD-63429B52D2FC}.Debug|x64.ActiveCfg = Debug|x64
		{1A0C033F-FB7B-47F2-AFDD-63429B52D2FC}.Debug|x64.Build.0 = Debug|x64
		{1A0C033F-FB7B-47F2-AFDD-63429B52D2FC}.Debug|x86.ActiveCfg = Debug|x86
		{1A0C033F-FB7B-47F2-AFDD-63429B52D2FC}.Debug|x86.Build.0 = Debug|x86
		{1A0C033F-FB7B-47F2-AFDD-63429B52D2FC}.Release|Any CPU.ActiveCfg = Release|Any CPU
		{1A0C033F-FB7B-47F2-AFDD-63429B52D2FC}.Release|Any CPU.Build.0 = Release|Any CPU
		{1A0C033F-FB7B-47F2-AFDD-63429B52D2FC}.Release|x64.ActiveCfg = Release|x64
		{1A0C033F-FB7B-47F2-AFDD-63429B52D2FC}.Release|x64.Build.0 = Release|x64
		{1A0C033F-FB7B-47F2-AFDD-63429B52D2FC}.Release|x86.ActiveCfg = Release|x86
		{1A0C033F-FB7B-47F2-AFDD-63429B52D2FC}.Release|x86.Build.0 = Release|x86
		{6CF17EB2-21BD-4B9D-B21F-B0369A6F6702}.Debug|Any CPU.ActiveCfg = Debug|Any CPU
		{6CF17EB2-21BD-4B9D-B21F-B0369A6F6702}.Debug|Any CPU.Build.0 = Debug|Any CPU
		{6CF17EB2-21BD-4B9D-B21F-B0369A6F6702}.Debug|x64.ActiveCfg = Debug|x64
		{6CF17EB2-21BD-4B9D-B21F-B0369A6F6702}.Debug|x64.Build.0 = Debug|x64
		{6CF17EB2-21BD-4B9D-B21F-B0369A6F6702}.Debug|x86.ActiveCfg = Debug|x86
		{6CF17EB2-21BD-4B9D-B21F-B0369A6F6702}.Debug|x86.Build.0 = Debug|x86
		{6CF17EB2-21BD-4B9D-B21F-B0369A6F6702}.Release|Any CPU.ActiveCfg = Release|Any CPU
		{6CF17EB2-21BD-4B9D-B21F-B0369A6F6702}.Release|Any CPU.Build.0 = Release|Any CPU
		{6CF17EB2-21BD-4B9D-B21F-B0369A6F6702}.Release|x64.ActiveCfg = Release|x64
		{6CF17EB2-21BD-4B9D-B21F-B0369A6F6702}.Release|x64.Build.0 = Release|x64
		{6CF17EB2-21BD-4B9D-B21F-B0369A6F6702}.Release|x86.ActiveCfg = Release|x86
		{6CF17EB2-21BD-4B9D-B21F-B0369A6F6702}.Release|x86.Build.0 = Release|x86
		{B15B8FFE-5388-4731-9126-44BA4E0C5B9E}.Debug|Any CPU.ActiveCfg = Debug|Any CPU
		{B15B8FFE-5388-4731-9126-44BA4E0C5B9E}.Debug|Any CPU.Build.0 = Debug|Any CPU
		{B15B8FFE-5388-4731-9126-44BA4E0C5B9E}.Debug|x64.ActiveCfg = Debug|x64
		{B15B8FFE-5388-4731-9126-44BA4E0C5B9E}.Debug|x64.Build.0 = Debug|x64
		{B15B8FFE-5388-4731-9126-44BA4E0C5B9E}.Debug|x86.ActiveCfg = Debug|x86
		{B15B8FFE-5388-4731-9126-44BA4E0C5B9E}.Debug|x86.Build.0 = Debug|x86
		{B15B8FFE-5388-4731-9126-44BA4E0C5B9E}.Release|Any CPU.ActiveCfg = Release|Any CPU
		{B15B8FFE-5388-4731-9126-44BA4E0C5B9E}.Release|Any CPU.Build.0 = Release|Any CPU
		{B15B8FFE-5388-4731-9126-44BA4E0C5B9E}.Release|x64.ActiveCfg = Release|x64
		{B15B8FFE-5388-4731-9126-44BA4E0C5B9E}.Release|x64.Build.0 = Release|x64
		{B15B8FFE-5388-4731-9126-44BA4E0C5B9E}.Release|x86.ActiveCfg = Release|x86
		{B15B8FFE-5388-4731-9126-44BA4E0C5B9E}.Release|x86.Build.0 = Release|x86
		{ED31BB93-748C-4268-8EC6-7496B3D1C3D5}.Debug|Any CPU.ActiveCfg = Debug|Any CPU
		{ED31BB93-748C-4268-8EC6-7496B3D1C3D5}.Debug|Any CPU.Build.0 = Debug|Any CPU
		{ED31BB93-748C-4268-8EC6-7496B3D1C3D5}.Debug|x64.ActiveCfg = Debug|x64
		{ED31BB93-748C-4268-8EC6-7496B3D1C3D5}.Debug|x64.Build.0 = Debug|x64
		{ED31BB93-748C-4268-8EC6-7496B3D1C3D5}.Debug|x86.ActiveCfg = Debug|x86
		{ED31BB93-748C-4268-8EC6-7496B3D1C3D5}.Debug|x86.Build.0 = Debug|x86
		{ED31BB93-748C-4268-8EC6-7496B3D1C3D5}.Release|Any CPU.ActiveCfg = Release|Any CPU
		{ED31BB93-748C-4268-8EC6-7496B3D1C3D5}.Release|Any CPU.Build.0 = Release|Any CPU
		{ED31BB93-748C-4268-8EC6-7496B3D1C3D5}.Release|x64.ActiveCfg = Release|x64
		{ED31BB93-748C-4268-8EC6-7496B3D1C3D5}.Release|x64.Build.0 = Release|x64
		{ED31BB93-748C-4268-8EC6-7496B3D1C3D5}.Release|x86.ActiveCfg = Release|x86
		{ED31BB93-748C-4268-8EC6-7496B3D1C3D5}.Release|x86.Build.0 = Release|x86
		{6A580778-1581-48D8-B043-930119EDB03B}.Debug|Any CPU.ActiveCfg = Debug|Any CPU
		{6A580778-1581-48D8-B043-930119EDB03B}.Debug|Any CPU.Build.0 = Debug|Any CPU
		{6A580778-1581-48D8-B043-930119EDB03B}.Debug|x64.ActiveCfg = Debug|x64
		{6A580778-1581-48D8-B043-930119EDB03B}.Debug|x64.Build.0 = Debug|x64
		{6A580778-1581-48D8-B043-930119EDB03B}.Debug|x86.ActiveCfg = Debug|x86
		{6A580778-1581-48D8-B043-930119EDB03B}.Debug|x86.Build.0 = Debug|x86
		{6A580778-1581-48D8-B043-930119EDB03B}.Release|Any CPU.ActiveCfg = Release|Any CPU
		{6A580778-1581-48D8-B043-930119EDB03B}.Release|Any CPU.Build.0 = Release|Any CPU
		{6A580778-1581-48D8-B043-930119EDB03B}.Release|x64.ActiveCfg = Release|x64
		{6A580778-1581-48D8-B043-930119EDB03B}.Release|x64.Build.0 = Release|x64
		{6A580778-1581-48D8-B043-930119EDB03B}.Release|x86.ActiveCfg = Release|x86
		{6A580778-1581-48D8-B043-930119EDB03B}.Release|x86.Build.0 = Release|x86
		{7D96B909-B99A-4097-8919-B6887C0AAE5D}.Debug|Any CPU.ActiveCfg = Debug|Any CPU
		{7D96B909-B99A-4097-8919-B6887C0AAE5D}.Debug|Any CPU.Build.0 = Debug|Any CPU
		{7D96B909-B99A-4097-8919-B6887C0AAE5D}.Debug|x64.ActiveCfg = Debug|x64
		{7D96B909-B99A-4097-8919-B6887C0AAE5D}.Debug|x64.Build.0 = Debug|x64
		{7D96B909-B99A-4097-8919-B6887C0AAE5D}.Debug|x86.ActiveCfg = Debug|x86
		{7D96B909-B99A-4097-8919-B6887C0AAE5D}.Debug|x86.Build.0 = Debug|x86
		{7D96B909-B99A-4097-8919-B6887C0AAE5D}.Release|Any CPU.ActiveCfg = Release|Any CPU
		{7D96B909-B99A-4097-8919-B6887C0AAE5D}.Release|Any CPU.Build.0 = Release|Any CPU
		{7D96B909-B99A-4097-8919-B6887C0AAE5D}.Release|x64.ActiveCfg = Release|x64
		{7D96B909-B99A-4097-8919-B6887C0AAE5D}.Release|x64.Build.0 = Release|x64
		{7D96B909-B99A-4097-8919-B6887C0AAE5D}.Release|x86.ActiveCfg = Release|x86
		{7D96B909-B99A-4097-8919-B6887C0AAE5D}.Release|x86.Build.0 = Release|x86
		{AF61A0F6-AD7B-40A3-9A5C-7A8943F431D1}.Debug|Any CPU.ActiveCfg = Debug|Any CPU
		{AF61A0F6-AD7B-40A3-9A5C-7A8943F431D1}.Debug|Any CPU.Build.0 = Debug|Any CPU
		{AF61A0F6-AD7B-40A3-9A5C-7A8943F431D1}.Debug|x64.ActiveCfg = Debug|x64
		{AF61A0F6-AD7B-40A3-9A5C-7A8943F431D1}.Debug|x64.Build.0 = Debug|x64
		{AF61A0F6-AD7B-40A3-9A5C-7A8943F431D1}.Debug|x86.ActiveCfg = Debug|x86
		{AF61A0F6-AD7B-40A3-9A5C-7A8943F431D1}.Debug|x86.Build.0 = Debug|x86
		{AF61A0F6-AD7B-40A3-9A5C-7A8943F431D1}.Release|Any CPU.ActiveCfg = Release|Any CPU
		{AF61A0F6-AD7B-40A3-9A5C-7A8943F431D1}.Release|Any CPU.Build.0 = Release|Any CPU
		{AF61A0F6-AD7B-40A3-9A5C-7A8943F431D1}.Release|x64.ActiveCfg = Release|x64
		{AF61A0F6-AD7B-40A3-9A5C-7A8943F431D1}.Release|x64.Build.0 = Release|x64
		{AF61A0F6-AD7B-40A3-9A5C-7A8943F431D1}.Release|x86.ActiveCfg = Release|x86
		{AF61A0F6-AD7B-40A3-9A5C-7A8943F431D1}.Release|x86.Build.0 = Release|x86
		{231EDBE4-0B4C-478D-9107-A38A83D24C34}.Debug|Any CPU.ActiveCfg = Debug|Any CPU
		{231EDBE4-0B4C-478D-9107-A38A83D24C34}.Debug|Any CPU.Build.0 = Debug|Any CPU
		{231EDBE4-0B4C-478D-9107-A38A83D24C34}.Debug|x64.ActiveCfg = Debug|x64
		{231EDBE4-0B4C-478D-9107-A38A83D24C34}.Debug|x64.Build.0 = Debug|x64
		{231EDBE4-0B4C-478D-9107-A38A83D24C34}.Debug|x86.ActiveCfg = Debug|x86
		{231EDBE4-0B4C-478D-9107-A38A83D24C34}.Debug|x86.Build.0 = Debug|x86
		{231EDBE4-0B4C-478D-9107-A38A83D24C34}.Release|Any CPU.ActiveCfg = Release|Any CPU
		{231EDBE4-0B4C-478D-9107-A38A83D24C34}.Release|Any CPU.Build.0 = Release|Any CPU
		{231EDBE4-0B4C-478D-9107-A38A83D24C34}.Release|x64.ActiveCfg = Release|x64
		{231EDBE4-0B4C-478D-9107-A38A83D24C34}.Release|x64.Build.0 = Release|x64
		{231EDBE4-0B4C-478D-9107-A38A83D24C34}.Release|x86.ActiveCfg = Release|x86
		{231EDBE4-0B4C-478D-9107-A38A83D24C34}.Release|x86.Build.0 = Release|x86
	EndGlobalSection
	GlobalSection(NestedProjects) = preSolution
		{6CF17EB2-21BD-4B9D-B21F-B0369A6F6702} = {B4C36468-9EFE-4193-BB40-D3FC19104222}
		{B15B8FFE-5388-4731-9126-44BA4E0C5B9E} = {B4C36468-9EFE-4193-BB40-D3FC19104222}
		{ED31BB93-748C-4268-8EC6-7496B3D1C3D5} = {B4C36468-9EFE-4193-BB40-D3FC19104222}
		{6A580778-1581-48D8-B043-930119EDB03B} = {B4C36468-9EFE-4193-BB40-D3FC19104222}
		{393D50AE-C703-44B0-8298-486E353B746F} = {A25C5320-9220-49D6-BED6-8EF598215E90}
		{A1E8B811-7D5A-43D5-ADFE-ECFF8761322F} = {393D50AE-C703-44B0-8298-486E353B746F}
		{1A0C033F-FB7B-47F2-AFDD-63429B52D2FC} = {393D50AE-C703-44B0-8298-486E353B746F}
		{3EB9607E-2AC3-41B0-97E2-17BC190D8CA0} = {393D50AE-C703-44B0-8298-486E353B746F}
		{E3C624EA-F454-4732-86D3-29C02E484F89} = {A25C5320-9220-49D6-BED6-8EF598215E90}
		{7D96B909-B99A-4097-8919-B6887C0AAE5D} = {E3C624EA-F454-4732-86D3-29C02E484F89}
		{AF61A0F6-AD7B-40A3-9A5C-7A8943F431D1} = {E3C624EA-F454-4732-86D3-29C02E484F89}
		{231EDBE4-0B4C-478D-9107-A38A83D24C34} = {E3C624EA-F454-4732-86D3-29C02E484F89}
		{A25C5320-9220-49D6-BED6-8EF598215E90} = {9DF184FD-F817-444C-9642-C95223594F14}
		{B4C36468-9EFE-4193-BB40-D3FC19104222} = {9DF184FD-F817-444C-9642-C95223594F14}
	EndGlobalSection
EndGlobal
